Microsoft Visual Studio Solution File, Format Version 12.00
# Visual Studio Version 17
VisualStudioVersion = 17.0.31912.275
MinimumVisualStudioVersion = 10.0.40219.1
Project("{2150E333-8FDC-42A3-9474-1A3956D46DE8}") = "Docs", "Docs", "{0DE039F0-1D27-4A98-B133-A1851F11B7AD}"
	ProjectSection(SolutionItems) = preProject
		NuGet NOTE.txt = NuGet NOTE.txt
	EndProjectSection
EndProject
Project("{9A19103F-16F7-4668-BE54-9A1E7A4F7556}") = "Keyboard", "Keyboard\Keyboard.csproj", "{7E7FD838-6832-4F58-BC4F-D6A6F71991CD}"
EndProject
Project("{2150E333-8FDC-42A3-9474-1A3956D46DE8}") = "Solution Items", "Solution Items", "{5658DF85-2ED4-4ABE-9CBD-D15540718C47}"
	ProjectSection(SolutionItems) = preProject
		.editorconfig = .editorconfig
	EndProjectSection
EndProject
Project("{9A19103F-16F7-4668-BE54-9A1E7A4F7556}") = "CommunityClient", "CommunityClient\CommunityClient.csproj", "{B0821397-FEE6-4F58-AA9F-5D982A6A6AF0}"
EndProject
Project("{9A19103F-16F7-4668-BE54-9A1E7A4F7556}") = "Localization", "Localization\Localization.csproj", "{FFE493CA-FAC2-485E-A759-E544D673D286}"
EndProject
Project("{9A19103F-16F7-4668-BE54-9A1E7A4F7556}") = "AnonymousWhiteLabel", "AnonymousWhiteLabel\AnonymousWhiteLabel\AnonymousWhiteLabel.csproj", "{83B3C7B7-3CE0-402C-81D8-C214617EC5FD}"
EndProject
Project("{FAE04EC0-301F-11D3-BF4B-00C04F79EFBC}") = "AnonymousWhiteLabel.iOS", "AnonymousWhiteLabel\AnonymousWhiteLabel.iOS\AnonymousWhiteLabel.iOS.csproj", "{8A942D51-2087-4D18-BD9D-E063EE176DA8}"
EndProject
Project("{FAE04EC0-301F-11D3-BF4B-00C04F79EFBC}") = "AnonymousWhiteLabel.Android", "AnonymousWhiteLabel\AnonymousWhiteLabel.Android\AnonymousWhiteLabel.Android.csproj", "{A3C2140C-5951-4290-80F4-000FF13B1F80}"
EndProject
Project("{9A19103F-16F7-4668-BE54-9A1E7A4F7556}") = "ElectrumXClient", "ElectrumXClient\src\ElectrumXClient\ElectrumXClient.csproj", "{0A773B7E-15ED-4386-959E-B586CDCC4F69}"
EndProject
Project("{9A19103F-16F7-4668-BE54-9A1E7A4F7556}") = "SubAppInterface", "SubAppInterface\SubAppInterface.csproj", "{99A51F91-DD7E-4981-9EFA-CEED3BDCCA3D}"
EndProject
Project("{9A19103F-16F7-4668-BE54-9A1E7A4F7556}") = "CustomViewElements", "CustomViewElements\CustomViewElements.csproj", "{01CD112B-D6F1-4951-9C9E-DBD7B2BE4362}"
EndProject
Project("{9A19103F-16F7-4668-BE54-9A1E7A4F7556}") = "ChatComposer", "ChatComposer\ChatComposer.csproj", "{77D2650E-72CB-48BD-8BFE-2570BE76C02D}"
EndProject
Project("{9A19103F-16F7-4668-BE54-9A1E7A4F7556}") = "Utils", "Utils\Utils.csproj", "{4F9F566D-E503-4B01-9C26-1F6B61080AD8}"
EndProject
Project("{9A19103F-16F7-4668-BE54-9A1E7A4F7556}") = "XamarinShared", "XamarinShared\XamarinShared.csproj", "{36231E7E-729F-492F-9CAD-F0AABD619174}"
EndProject
Project("{9A19103F-16F7-4668-BE54-9A1E7A4F7556}") = "WhiteLabelDesignComponents", "WhiteLabelDesignComponents\WhiteLabelDesignComponents.csproj", "{75185975-D181-472A-9E8B-2CE676BBAF5F}"
EndProject
Project("{9A19103F-16F7-4668-BE54-9A1E7A4F7556}") = "CryptoWalletLibrary", "CryptoWalletLibrary\CryptoWalletLibrary.csproj", "{FC578100-126C-4BD3-8A99-5E02A7306F71}"
EndProject
Project("{9A19103F-16F7-4668-BE54-9A1E7A4F7556}") = "CryptoWalletUI", "CryptoWalletUI\CryptoWalletUI.csproj", "{D078C157-706A-43A2-B71A-5BFE47A3C85E}"
EndProject
Project("{9A19103F-16F7-4668-BE54-9A1E7A4F7556}") = "MessageCompose", "MessageCompose\MessageCompose.csproj", "{F5A8FB16-EAF8-48D5-92BB-5285C50C3BBC}"
EndProject
Project("{9A19103F-16F7-4668-BE54-9A1E7A4F7556}") = "VideoFileCryptographyLibrary", "VideoFileCryptographyLibrary\VideoFileCryptographyLibrary.csproj", "{5B33F645-C0AC-48EA-9AD4-E084407FF900}"
EndProject
Project("{9A19103F-16F7-4668-BE54-9A1E7A4F7556}") = "CloudClient", "CloudClient\CloudClient.csproj", "{C8E07034-ED0C-4C7E-8848-1EDEF5B2D7E1}"
EndProject
Project("{9A19103F-16F7-4668-BE54-9A1E7A4F7556}") = "NotificationService", "NotificationService\NotificationService.csproj", "{4B6F4AD6-6227-4BE8-A4ED-698FC6070ABD}"
EndProject
Project("{FAE04EC0-301F-11D3-BF4B-00C04F79EFBC}") = "AnonymousWhiteLabel.UWP", "AnonymousWhiteLabel\AnonymousWhiteLabel.UWP\AnonymousWhiteLabel.UWP.csproj", "{2F1740A9-F51A-40E0-AF11-7736AAA573DE}"
EndProject
Global
	GlobalSection(SolutionConfigurationPlatforms) = preSolution
		DebugNuget|Any CPU = DebugNuget|Any CPU
		DebugNuget|ARM = DebugNuget|ARM
		DebugNuget|ARM64 = DebugNuget|ARM64
		DebugNuget|iPhone = DebugNuget|iPhone
		DebugNuget|iPhoneSimulator = DebugNuget|iPhoneSimulator
		DebugNuget|x64 = DebugNuget|x64
		DebugNuget|x86 = DebugNuget|x86
		Release|Any CPU = Release|Any CPU
		Release|ARM = Release|ARM
		Release|ARM64 = Release|ARM64
		Release|iPhone = Release|iPhone
		Release|iPhoneSimulator = Release|iPhoneSimulator
		Release|x64 = Release|x64
		Release|x86 = Release|x86
	EndGlobalSection
	GlobalSection(ProjectConfigurationPlatforms) = postSolution
		{7E7FD838-6832-4F58-BC4F-D6A6F71991CD}.DebugNuget|Any CPU.ActiveCfg = Debug|Any CPU
		{7E7FD838-6832-4F58-BC4F-D6A6F71991CD}.DebugNuget|Any CPU.Build.0 = Debug|Any CPU
		{7E7FD838-6832-4F58-BC4F-D6A6F71991CD}.DebugNuget|ARM.ActiveCfg = Debug|Any CPU
		{7E7FD838-6832-4F58-BC4F-D6A6F71991CD}.DebugNuget|ARM.Build.0 = Debug|Any CPU
		{7E7FD838-6832-4F58-BC4F-D6A6F71991CD}.DebugNuget|ARM64.ActiveCfg = Debug|Any CPU
		{7E7FD838-6832-4F58-BC4F-D6A6F71991CD}.DebugNuget|ARM64.Build.0 = Debug|Any CPU
		{7E7FD838-6832-4F58-BC4F-D6A6F71991CD}.DebugNuget|iPhone.ActiveCfg = Debug|Any CPU
		{7E7FD838-6832-4F58-BC4F-D6A6F71991CD}.DebugNuget|iPhone.Build.0 = Debug|Any CPU
		{7E7FD838-6832-4F58-BC4F-D6A6F71991CD}.DebugNuget|iPhoneSimulator.ActiveCfg = Debug|Any CPU
		{7E7FD838-6832-4F58-BC4F-D6A6F71991CD}.DebugNuget|iPhoneSimulator.Build.0 = Debug|Any CPU
		{7E7FD838-6832-4F58-BC4F-D6A6F71991CD}.DebugNuget|x64.ActiveCfg = Debug|Any CPU
		{7E7FD838-6832-4F58-BC4F-D6A6F71991CD}.DebugNuget|x64.Build.0 = Debug|Any CPU
		{7E7FD838-6832-4F58-BC4F-D6A6F71991CD}.DebugNuget|x86.ActiveCfg = Debug|Any CPU
		{7E7FD838-6832-4F58-BC4F-D6A6F71991CD}.DebugNuget|x86.Build.0 = Debug|Any CPU
		{7E7FD838-6832-4F58-BC4F-D6A6F71991CD}.Release|Any CPU.ActiveCfg = Release|Any CPU
		{7E7FD838-6832-4F58-BC4F-D6A6F71991CD}.Release|Any CPU.Build.0 = Release|Any CPU
		{7E7FD838-6832-4F58-BC4F-D6A6F71991CD}.Release|ARM.ActiveCfg = Release|Any CPU
		{7E7FD838-6832-4F58-BC4F-D6A6F71991CD}.Release|ARM.Build.0 = Release|Any CPU
		{7E7FD838-6832-4F58-BC4F-D6A6F71991CD}.Release|ARM64.ActiveCfg = Release|Any CPU
		{7E7FD838-6832-4F58-BC4F-D6A6F71991CD}.Release|ARM64.Build.0 = Release|Any CPU
		{7E7FD838-6832-4F58-BC4F-D6A6F71991CD}.Release|iPhone.ActiveCfg = Release|Any CPU
		{7E7FD838-6832-4F58-BC4F-D6A6F71991CD}.Release|iPhone.Build.0 = Release|Any CPU
		{7E7FD838-6832-4F58-BC4F-D6A6F71991CD}.Release|iPhoneSimulator.ActiveCfg = Release|Any CPU
		{7E7FD838-6832-4F58-BC4F-D6A6F71991CD}.Release|iPhoneSimulator.Build.0 = Release|Any CPU
		{7E7FD838-6832-4F58-BC4F-D6A6F71991CD}.Release|x64.ActiveCfg = Release|Any CPU
		{7E7FD838-6832-4F58-BC4F-D6A6F71991CD}.Release|x64.Build.0 = Release|Any CPU
		{7E7FD838-6832-4F58-BC4F-D6A6F71991CD}.Release|x86.ActiveCfg = Release|Any CPU
		{7E7FD838-6832-4F58-BC4F-D6A6F71991CD}.Release|x86.Build.0 = Release|Any CPU
		{B0821397-FEE6-4F58-AA9F-5D982A6A6AF0}.DebugNuget|Any CPU.ActiveCfg = DebugNuget|Any CPU
		{B0821397-FEE6-4F58-AA9F-5D982A6A6AF0}.DebugNuget|Any CPU.Build.0 = DebugNuget|Any CPU
		{B0821397-FEE6-4F58-AA9F-5D982A6A6AF0}.DebugNuget|ARM.ActiveCfg = Debug|Any CPU
		{B0821397-FEE6-4F58-AA9F-5D982A6A6AF0}.DebugNuget|ARM.Build.0 = Debug|Any CPU
		{B0821397-FEE6-4F58-AA9F-5D982A6A6AF0}.DebugNuget|ARM64.ActiveCfg = Debug|Any CPU
		{B0821397-FEE6-4F58-AA9F-5D982A6A6AF0}.DebugNuget|ARM64.Build.0 = Debug|Any CPU
		{B0821397-FEE6-4F58-AA9F-5D982A6A6AF0}.DebugNuget|iPhone.ActiveCfg = Debug|Any CPU
		{B0821397-FEE6-4F58-AA9F-5D982A6A6AF0}.DebugNuget|iPhone.Build.0 = Debug|Any CPU
		{B0821397-FEE6-4F58-AA9F-5D982A6A6AF0}.DebugNuget|iPhoneSimulator.ActiveCfg = Debug|Any CPU
		{B0821397-FEE6-4F58-AA9F-5D982A6A6AF0}.DebugNuget|iPhoneSimulator.Build.0 = Debug|Any CPU
		{B0821397-FEE6-4F58-AA9F-5D982A6A6AF0}.DebugNuget|x64.ActiveCfg = Debug|Any CPU
		{B0821397-FEE6-4F58-AA9F-5D982A6A6AF0}.DebugNuget|x64.Build.0 = Debug|Any CPU
		{B0821397-FEE6-4F58-AA9F-5D982A6A6AF0}.DebugNuget|x86.ActiveCfg = Debug|Any CPU
		{B0821397-FEE6-4F58-AA9F-5D982A6A6AF0}.DebugNuget|x86.Build.0 = Debug|Any CPU
		{B0821397-FEE6-4F58-AA9F-5D982A6A6AF0}.Release|Any CPU.ActiveCfg = Release|Any CPU
		{B0821397-FEE6-4F58-AA9F-5D982A6A6AF0}.Release|Any CPU.Build.0 = Release|Any CPU
		{B0821397-FEE6-4F58-AA9F-5D982A6A6AF0}.Release|ARM.ActiveCfg = Release|Any CPU
		{B0821397-FEE6-4F58-AA9F-5D982A6A6AF0}.Release|ARM.Build.0 = Release|Any CPU
		{B0821397-FEE6-4F58-AA9F-5D982A6A6AF0}.Release|ARM64.ActiveCfg = Release|Any CPU
		{B0821397-FEE6-4F58-AA9F-5D982A6A6AF0}.Release|ARM64.Build.0 = Release|Any CPU
		{B0821397-FEE6-4F58-AA9F-5D982A6A6AF0}.Release|iPhone.ActiveCfg = Release|Any CPU
		{B0821397-FEE6-4F58-AA9F-5D982A6A6AF0}.Release|iPhone.Build.0 = Release|Any CPU
		{B0821397-FEE6-4F58-AA9F-5D982A6A6AF0}.Release|iPhoneSimulator.ActiveCfg = Release|Any CPU
		{B0821397-FEE6-4F58-AA9F-5D982A6A6AF0}.Release|iPhoneSimulator.Build.0 = Release|Any CPU
		{B0821397-FEE6-4F58-AA9F-5D982A6A6AF0}.Release|x64.ActiveCfg = Release|Any CPU
		{B0821397-FEE6-4F58-AA9F-5D982A6A6AF0}.Release|x64.Build.0 = Release|Any CPU
		{B0821397-FEE6-4F58-AA9F-5D982A6A6AF0}.Release|x86.ActiveCfg = Release|Any CPU
		{B0821397-FEE6-4F58-AA9F-5D982A6A6AF0}.Release|x86.Build.0 = Release|Any CPU
		{FFE493CA-FAC2-485E-A759-E544D673D286}.DebugNuget|Any CPU.ActiveCfg = Debug|Any CPU
		{FFE493CA-FAC2-485E-A759-E544D673D286}.DebugNuget|Any CPU.Build.0 = Debug|Any CPU
		{FFE493CA-FAC2-485E-A759-E544D673D286}.DebugNuget|ARM.ActiveCfg = Debug|Any CPU
		{FFE493CA-FAC2-485E-A759-E544D673D286}.DebugNuget|ARM.Build.0 = Debug|Any CPU
		{FFE493CA-FAC2-485E-A759-E544D673D286}.DebugNuget|ARM64.ActiveCfg = Debug|Any CPU
		{FFE493CA-FAC2-485E-A759-E544D673D286}.DebugNuget|ARM64.Build.0 = Debug|Any CPU
		{FFE493CA-FAC2-485E-A759-E544D673D286}.DebugNuget|iPhone.ActiveCfg = Debug|Any CPU
		{FFE493CA-FAC2-485E-A759-E544D673D286}.DebugNuget|iPhone.Build.0 = Debug|Any CPU
		{FFE493CA-FAC2-485E-A759-E544D673D286}.DebugNuget|iPhoneSimulator.ActiveCfg = Debug|Any CPU
		{FFE493CA-FAC2-485E-A759-E544D673D286}.DebugNuget|iPhoneSimulator.Build.0 = Debug|Any CPU
		{FFE493CA-FAC2-485E-A759-E544D673D286}.DebugNuget|x64.ActiveCfg = Debug|Any CPU
		{FFE493CA-FAC2-485E-A759-E544D673D286}.DebugNuget|x64.Build.0 = Debug|Any CPU
		{FFE493CA-FAC2-485E-A759-E544D673D286}.DebugNuget|x86.ActiveCfg = Debug|Any CPU
		{FFE493CA-FAC2-485E-A759-E544D673D286}.DebugNuget|x86.Build.0 = Debug|Any CPU
		{FFE493CA-FAC2-485E-A759-E544D673D286}.Release|Any CPU.ActiveCfg = Release|Any CPU
		{FFE493CA-FAC2-485E-A759-E544D673D286}.Release|Any CPU.Build.0 = Release|Any CPU
		{FFE493CA-FAC2-485E-A759-E544D673D286}.Release|ARM.ActiveCfg = Release|Any CPU
		{FFE493CA-FAC2-485E-A759-E544D673D286}.Release|ARM.Build.0 = Release|Any CPU
		{FFE493CA-FAC2-485E-A759-E544D673D286}.Release|ARM64.ActiveCfg = Release|Any CPU
		{FFE493CA-FAC2-485E-A759-E544D673D286}.Release|ARM64.Build.0 = Release|Any CPU
		{FFE493CA-FAC2-485E-A759-E544D673D286}.Release|iPhone.ActiveCfg = Release|Any CPU
		{FFE493CA-FAC2-485E-A759-E544D673D286}.Release|iPhone.Build.0 = Release|Any CPU
		{FFE493CA-FAC2-485E-A759-E544D673D286}.Release|iPhoneSimulator.ActiveCfg = Release|Any CPU
		{FFE493CA-FAC2-485E-A759-E544D673D286}.Release|iPhoneSimulator.Build.0 = Release|Any CPU
		{FFE493CA-FAC2-485E-A759-E544D673D286}.Release|x64.ActiveCfg = Release|Any CPU
		{FFE493CA-FAC2-485E-A759-E544D673D286}.Release|x64.Build.0 = Release|Any CPU
		{FFE493CA-FAC2-485E-A759-E544D673D286}.Release|x86.ActiveCfg = Release|Any CPU
		{FFE493CA-FAC2-485E-A759-E544D673D286}.Release|x86.Build.0 = Release|Any CPU
		{83B3C7B7-3CE0-402C-81D8-C214617EC5FD}.DebugNuget|Any CPU.ActiveCfg = Debug|Any CPU
		{83B3C7B7-3CE0-402C-81D8-C214617EC5FD}.DebugNuget|Any CPU.Build.0 = Debug|Any CPU
		{83B3C7B7-3CE0-402C-81D8-C214617EC5FD}.DebugNuget|ARM.ActiveCfg = Debug|Any CPU
		{83B3C7B7-3CE0-402C-81D8-C214617EC5FD}.DebugNuget|ARM.Build.0 = Debug|Any CPU
		{83B3C7B7-3CE0-402C-81D8-C214617EC5FD}.DebugNuget|ARM64.ActiveCfg = Debug|Any CPU
		{83B3C7B7-3CE0-402C-81D8-C214617EC5FD}.DebugNuget|ARM64.Build.0 = Debug|Any CPU
		{83B3C7B7-3CE0-402C-81D8-C214617EC5FD}.DebugNuget|iPhone.ActiveCfg = Debug|Any CPU
		{83B3C7B7-3CE0-402C-81D8-C214617EC5FD}.DebugNuget|iPhone.Build.0 = Debug|Any CPU
		{83B3C7B7-3CE0-402C-81D8-C214617EC5FD}.DebugNuget|iPhoneSimulator.ActiveCfg = Debug|Any CPU
		{83B3C7B7-3CE0-402C-81D8-C214617EC5FD}.DebugNuget|iPhoneSimulator.Build.0 = Debug|Any CPU
		{83B3C7B7-3CE0-402C-81D8-C214617EC5FD}.DebugNuget|x64.ActiveCfg = Debug|Any CPU
		{83B3C7B7-3CE0-402C-81D8-C214617EC5FD}.DebugNuget|x64.Build.0 = Debug|Any CPU
		{83B3C7B7-3CE0-402C-81D8-C214617EC5FD}.DebugNuget|x86.ActiveCfg = Debug|Any CPU
		{83B3C7B7-3CE0-402C-81D8-C214617EC5FD}.DebugNuget|x86.Build.0 = Debug|Any CPU
		{83B3C7B7-3CE0-402C-81D8-C214617EC5FD}.Release|Any CPU.ActiveCfg = Release|Any CPU
		{83B3C7B7-3CE0-402C-81D8-C214617EC5FD}.Release|Any CPU.Build.0 = Release|Any CPU
		{83B3C7B7-3CE0-402C-81D8-C214617EC5FD}.Release|ARM.ActiveCfg = Release|Any CPU
		{83B3C7B7-3CE0-402C-81D8-C214617EC5FD}.Release|ARM.Build.0 = Release|Any CPU
		{83B3C7B7-3CE0-402C-81D8-C214617EC5FD}.Release|ARM64.ActiveCfg = Release|Any CPU
		{83B3C7B7-3CE0-402C-81D8-C214617EC5FD}.Release|ARM64.Build.0 = Release|Any CPU
		{83B3C7B7-3CE0-402C-81D8-C214617EC5FD}.Release|iPhone.ActiveCfg = Release|Any CPU
		{83B3C7B7-3CE0-402C-81D8-C214617EC5FD}.Release|iPhone.Build.0 = Release|Any CPU
		{83B3C7B7-3CE0-402C-81D8-C214617EC5FD}.Release|iPhoneSimulator.ActiveCfg = Release|Any CPU
		{83B3C7B7-3CE0-402C-81D8-C214617EC5FD}.Release|iPhoneSimulator.Build.0 = Release|Any CPU
		{83B3C7B7-3CE0-402C-81D8-C214617EC5FD}.Release|x64.ActiveCfg = Release|Any CPU
		{83B3C7B7-3CE0-402C-81D8-C214617EC5FD}.Release|x64.Build.0 = Release|Any CPU
		{83B3C7B7-3CE0-402C-81D8-C214617EC5FD}.Release|x86.ActiveCfg = Release|Any CPU
		{83B3C7B7-3CE0-402C-81D8-C214617EC5FD}.Release|x86.Build.0 = Release|Any CPU
		{8A942D51-2087-4D18-BD9D-E063EE176DA8}.DebugNuget|Any CPU.ActiveCfg = Debug|iPhone
		{8A942D51-2087-4D18-BD9D-E063EE176DA8}.DebugNuget|Any CPU.Build.0 = Debug|iPhone
		{8A942D51-2087-4D18-BD9D-E063EE176DA8}.DebugNuget|Any CPU.Deploy.0 = Debug|iPhone
		{8A942D51-2087-4D18-BD9D-E063EE176DA8}.DebugNuget|ARM.ActiveCfg = Debug|iPhone
		{8A942D51-2087-4D18-BD9D-E063EE176DA8}.DebugNuget|ARM64.ActiveCfg = Debug|iPhoneSimulator
		{8A942D51-2087-4D18-BD9D-E063EE176DA8}.DebugNuget|iPhone.ActiveCfg = Debug|iPhone
		{8A942D51-2087-4D18-BD9D-E063EE176DA8}.DebugNuget|iPhone.Build.0 = Debug|iPhone
		{8A942D51-2087-4D18-BD9D-E063EE176DA8}.DebugNuget|iPhone.Deploy.0 = Debug|iPhone
		{8A942D51-2087-4D18-BD9D-E063EE176DA8}.DebugNuget|iPhoneSimulator.ActiveCfg = Debug|iPhoneSimulator
		{8A942D51-2087-4D18-BD9D-E063EE176DA8}.DebugNuget|iPhoneSimulator.Build.0 = Debug|iPhoneSimulator
		{8A942D51-2087-4D18-BD9D-E063EE176DA8}.DebugNuget|x64.ActiveCfg = Debug|iPhone
		{8A942D51-2087-4D18-BD9D-E063EE176DA8}.DebugNuget|x86.ActiveCfg = Debug|iPhone
		{8A942D51-2087-4D18-BD9D-E063EE176DA8}.Release|Any CPU.ActiveCfg = Release|iPhone
		{8A942D51-2087-4D18-BD9D-E063EE176DA8}.Release|Any CPU.Build.0 = Release|iPhone
		{8A942D51-2087-4D18-BD9D-E063EE176DA8}.Release|Any CPU.Deploy.0 = Release|iPhone
		{8A942D51-2087-4D18-BD9D-E063EE176DA8}.Release|ARM.ActiveCfg = Release|iPhone
		{8A942D51-2087-4D18-BD9D-E063EE176DA8}.Release|ARM64.ActiveCfg = Release|iPhoneSimulator
		{8A942D51-2087-4D18-BD9D-E063EE176DA8}.Release|iPhone.ActiveCfg = Release|iPhone
		{8A942D51-2087-4D18-BD9D-E063EE176DA8}.Release|iPhone.Build.0 = Release|iPhone
		{8A942D51-2087-4D18-BD9D-E063EE176DA8}.Release|iPhoneSimulator.ActiveCfg = Release|iPhoneSimulator
		{8A942D51-2087-4D18-BD9D-E063EE176DA8}.Release|iPhoneSimulator.Build.0 = Release|iPhoneSimulator
		{8A942D51-2087-4D18-BD9D-E063EE176DA8}.Release|x64.ActiveCfg = Release|iPhone
		{8A942D51-2087-4D18-BD9D-E063EE176DA8}.Release|x86.ActiveCfg = Release|iPhone
		{8A942D51-2087-4D18-BD9D-E063EE176DA8}.Release|x86.Build.0 = Release|iPhone
		{A3C2140C-5951-4290-80F4-000FF13B1F80}.DebugNuget|Any CPU.ActiveCfg = Debug|Any CPU
		{A3C2140C-5951-4290-80F4-000FF13B1F80}.DebugNuget|Any CPU.Build.0 = Debug|Any CPU
		{A3C2140C-5951-4290-80F4-000FF13B1F80}.DebugNuget|Any CPU.Deploy.0 = Debug|Any CPU
		{A3C2140C-5951-4290-80F4-000FF13B1F80}.DebugNuget|ARM.ActiveCfg = Debug|Any CPU
		{A3C2140C-5951-4290-80F4-000FF13B1F80}.DebugNuget|ARM.Build.0 = Debug|Any CPU
		{A3C2140C-5951-4290-80F4-000FF13B1F80}.DebugNuget|ARM.Deploy.0 = Debug|Any CPU
		{A3C2140C-5951-4290-80F4-000FF13B1F80}.DebugNuget|ARM64.ActiveCfg = Debug|Any CPU
		{A3C2140C-5951-4290-80F4-000FF13B1F80}.DebugNuget|ARM64.Build.0 = Debug|Any CPU
		{A3C2140C-5951-4290-80F4-000FF13B1F80}.DebugNuget|ARM64.Deploy.0 = Debug|Any CPU
		{A3C2140C-5951-4290-80F4-000FF13B1F80}.DebugNuget|iPhone.ActiveCfg = Debug|Any CPU
		{A3C2140C-5951-4290-80F4-000FF13B1F80}.DebugNuget|iPhone.Build.0 = Debug|Any CPU
		{A3C2140C-5951-4290-80F4-000FF13B1F80}.DebugNuget|iPhone.Deploy.0 = Debug|Any CPU
		{A3C2140C-5951-4290-80F4-000FF13B1F80}.DebugNuget|iPhoneSimulator.ActiveCfg = Debug|Any CPU
		{A3C2140C-5951-4290-80F4-000FF13B1F80}.DebugNuget|iPhoneSimulator.Build.0 = Debug|Any CPU
		{A3C2140C-5951-4290-80F4-000FF13B1F80}.DebugNuget|iPhoneSimulator.Deploy.0 = Debug|Any CPU
		{A3C2140C-5951-4290-80F4-000FF13B1F80}.DebugNuget|x64.ActiveCfg = Debug|Any CPU
		{A3C2140C-5951-4290-80F4-000FF13B1F80}.DebugNuget|x64.Build.0 = Debug|Any CPU
		{A3C2140C-5951-4290-80F4-000FF13B1F80}.DebugNuget|x64.Deploy.0 = Debug|Any CPU
		{A3C2140C-5951-4290-80F4-000FF13B1F80}.DebugNuget|x86.ActiveCfg = Debug|Any CPU
		{A3C2140C-5951-4290-80F4-000FF13B1F80}.DebugNuget|x86.Build.0 = Debug|Any CPU
		{A3C2140C-5951-4290-80F4-000FF13B1F80}.DebugNuget|x86.Deploy.0 = Debug|Any CPU
		{A3C2140C-5951-4290-80F4-000FF13B1F80}.Release|Any CPU.ActiveCfg = Release|Any CPU
		{A3C2140C-5951-4290-80F4-000FF13B1F80}.Release|Any CPU.Build.0 = Release|Any CPU
		{A3C2140C-5951-4290-80F4-000FF13B1F80}.Release|Any CPU.Deploy.0 = Release|Any CPU
		{A3C2140C-5951-4290-80F4-000FF13B1F80}.Release|ARM.ActiveCfg = Release|Any CPU
		{A3C2140C-5951-4290-80F4-000FF13B1F80}.Release|ARM.Build.0 = Release|Any CPU
		{A3C2140C-5951-4290-80F4-000FF13B1F80}.Release|ARM.Deploy.0 = Release|Any CPU
		{A3C2140C-5951-4290-80F4-000FF13B1F80}.Release|ARM64.ActiveCfg = Release|Any CPU
		{A3C2140C-5951-4290-80F4-000FF13B1F80}.Release|ARM64.Build.0 = Release|Any CPU
		{A3C2140C-5951-4290-80F4-000FF13B1F80}.Release|ARM64.Deploy.0 = Release|Any CPU
		{A3C2140C-5951-4290-80F4-000FF13B1F80}.Release|iPhone.ActiveCfg = Release|Any CPU
		{A3C2140C-5951-4290-80F4-000FF13B1F80}.Release|iPhone.Build.0 = Release|Any CPU
		{A3C2140C-5951-4290-80F4-000FF13B1F80}.Release|iPhone.Deploy.0 = Release|Any CPU
		{A3C2140C-5951-4290-80F4-000FF13B1F80}.Release|iPhoneSimulator.ActiveCfg = Release|Any CPU
		{A3C2140C-5951-4290-80F4-000FF13B1F80}.Release|iPhoneSimulator.Build.0 = Release|Any CPU
		{A3C2140C-5951-4290-80F4-000FF13B1F80}.Release|iPhoneSimulator.Deploy.0 = Release|Any CPU
		{A3C2140C-5951-4290-80F4-000FF13B1F80}.Release|x64.ActiveCfg = Release|Any CPU
		{A3C2140C-5951-4290-80F4-000FF13B1F80}.Release|x64.Build.0 = Release|Any CPU
		{A3C2140C-5951-4290-80F4-000FF13B1F80}.Release|x64.Deploy.0 = Release|Any CPU
		{A3C2140C-5951-4290-80F4-000FF13B1F80}.Release|x86.ActiveCfg = Release|Any CPU
		{A3C2140C-5951-4290-80F4-000FF13B1F80}.Release|x86.Build.0 = Release|Any CPU
		{A3C2140C-5951-4290-80F4-000FF13B1F80}.Release|x86.Deploy.0 = Release|Any CPU
		{0A773B7E-15ED-4386-959E-B586CDCC4F69}.DebugNuget|Any CPU.ActiveCfg = Debug|Any CPU
		{0A773B7E-15ED-4386-959E-B586CDCC4F69}.DebugNuget|Any CPU.Build.0 = Debug|Any CPU
		{0A773B7E-15ED-4386-959E-B586CDCC4F69}.DebugNuget|ARM.ActiveCfg = Debug|Any CPU
		{0A773B7E-15ED-4386-959E-B586CDCC4F69}.DebugNuget|ARM.Build.0 = Debug|Any CPU
		{0A773B7E-15ED-4386-959E-B586CDCC4F69}.DebugNuget|ARM64.ActiveCfg = Debug|Any CPU
		{0A773B7E-15ED-4386-959E-B586CDCC4F69}.DebugNuget|ARM64.Build.0 = Debug|Any CPU
		{0A773B7E-15ED-4386-959E-B586CDCC4F69}.DebugNuget|iPhone.ActiveCfg = Debug|Any CPU
		{0A773B7E-15ED-4386-959E-B586CDCC4F69}.DebugNuget|iPhone.Build.0 = Debug|Any CPU
		{0A773B7E-15ED-4386-959E-B586CDCC4F69}.DebugNuget|iPhoneSimulator.ActiveCfg = Debug|Any CPU
		{0A773B7E-15ED-4386-959E-B586CDCC4F69}.DebugNuget|iPhoneSimulator.Build.0 = Debug|Any CPU
		{0A773B7E-15ED-4386-959E-B586CDCC4F69}.DebugNuget|x64.ActiveCfg = Debug|Any CPU
		{0A773B7E-15ED-4386-959E-B586CDCC4F69}.DebugNuget|x64.Build.0 = Debug|Any CPU
		{0A773B7E-15ED-4386-959E-B586CDCC4F69}.DebugNuget|x86.ActiveCfg = Debug|Any CPU
		{0A773B7E-15ED-4386-959E-B586CDCC4F69}.DebugNuget|x86.Build.0 = Debug|Any CPU
		{0A773B7E-15ED-4386-959E-B586CDCC4F69}.Release|Any CPU.ActiveCfg = Release|Any CPU
		{0A773B7E-15ED-4386-959E-B586CDCC4F69}.Release|Any CPU.Build.0 = Release|Any CPU
		{0A773B7E-15ED-4386-959E-B586CDCC4F69}.Release|ARM.ActiveCfg = Release|Any CPU
		{0A773B7E-15ED-4386-959E-B586CDCC4F69}.Release|ARM.Build.0 = Release|Any CPU
		{0A773B7E-15ED-4386-959E-B586CDCC4F69}.Release|ARM64.ActiveCfg = Release|Any CPU
		{0A773B7E-15ED-4386-959E-B586CDCC4F69}.Release|ARM64.Build.0 = Release|Any CPU
		{0A773B7E-15ED-4386-959E-B586CDCC4F69}.Release|iPhone.ActiveCfg = Release|Any CPU
		{0A773B7E-15ED-4386-959E-B586CDCC4F69}.Release|iPhone.Build.0 = Release|Any CPU
		{0A773B7E-15ED-4386-959E-B586CDCC4F69}.Release|iPhoneSimulator.ActiveCfg = Release|Any CPU
		{0A773B7E-15ED-4386-959E-B586CDCC4F69}.Release|iPhoneSimulator.Build.0 = Release|Any CPU
		{0A773B7E-15ED-4386-959E-B586CDCC4F69}.Release|x64.ActiveCfg = Release|Any CPU
		{0A773B7E-15ED-4386-959E-B586CDCC4F69}.Release|x64.Build.0 = Release|Any CPU
		{0A773B7E-15ED-4386-959E-B586CDCC4F69}.Release|x86.ActiveCfg = Release|Any CPU
		{0A773B7E-15ED-4386-959E-B586CDCC4F69}.Release|x86.Build.0 = Release|Any CPU
		{99A51F91-DD7E-4981-9EFA-CEED3BDCCA3D}.DebugNuget|Any CPU.ActiveCfg = Debug|Any CPU
		{99A51F91-DD7E-4981-9EFA-CEED3BDCCA3D}.DebugNuget|Any CPU.Build.0 = Debug|Any CPU
		{99A51F91-DD7E-4981-9EFA-CEED3BDCCA3D}.DebugNuget|ARM.ActiveCfg = Debug|Any CPU
		{99A51F91-DD7E-4981-9EFA-CEED3BDCCA3D}.DebugNuget|ARM.Build.0 = Debug|Any CPU
		{99A51F91-DD7E-4981-9EFA-CEED3BDCCA3D}.DebugNuget|ARM64.ActiveCfg = Debug|Any CPU
		{99A51F91-DD7E-4981-9EFA-CEED3BDCCA3D}.DebugNuget|ARM64.Build.0 = Debug|Any CPU
		{99A51F91-DD7E-4981-9EFA-CEED3BDCCA3D}.DebugNuget|iPhone.ActiveCfg = Debug|Any CPU
		{99A51F91-DD7E-4981-9EFA-CEED3BDCCA3D}.DebugNuget|iPhone.Build.0 = Debug|Any CPU
		{99A51F91-DD7E-4981-9EFA-CEED3BDCCA3D}.DebugNuget|iPhoneSimulator.ActiveCfg = Debug|Any CPU
		{99A51F91-DD7E-4981-9EFA-CEED3BDCCA3D}.DebugNuget|iPhoneSimulator.Build.0 = Debug|Any CPU
		{99A51F91-DD7E-4981-9EFA-CEED3BDCCA3D}.DebugNuget|x64.ActiveCfg = Debug|Any CPU
		{99A51F91-DD7E-4981-9EFA-CEED3BDCCA3D}.DebugNuget|x64.Build.0 = Debug|Any CPU
		{99A51F91-DD7E-4981-9EFA-CEED3BDCCA3D}.DebugNuget|x86.ActiveCfg = Debug|Any CPU
		{99A51F91-DD7E-4981-9EFA-CEED3BDCCA3D}.DebugNuget|x86.Build.0 = Debug|Any CPU
		{99A51F91-DD7E-4981-9EFA-CEED3BDCCA3D}.Release|Any CPU.ActiveCfg = Release|Any CPU
		{99A51F91-DD7E-4981-9EFA-CEED3BDCCA3D}.Release|Any CPU.Build.0 = Release|Any CPU
		{99A51F91-DD7E-4981-9EFA-CEED3BDCCA3D}.Release|ARM.ActiveCfg = Release|Any CPU
		{99A51F91-DD7E-4981-9EFA-CEED3BDCCA3D}.Release|ARM.Build.0 = Release|Any CPU
		{99A51F91-DD7E-4981-9EFA-CEED3BDCCA3D}.Release|ARM64.ActiveCfg = Release|Any CPU
		{99A51F91-DD7E-4981-9EFA-CEED3BDCCA3D}.Release|ARM64.Build.0 = Release|Any CPU
		{99A51F91-DD7E-4981-9EFA-CEED3BDCCA3D}.Release|iPhone.ActiveCfg = Release|Any CPU
		{99A51F91-DD7E-4981-9EFA-CEED3BDCCA3D}.Release|iPhone.Build.0 = Release|Any CPU
		{99A51F91-DD7E-4981-9EFA-CEED3BDCCA3D}.Release|iPhoneSimulator.ActiveCfg = Release|Any CPU
		{99A51F91-DD7E-4981-9EFA-CEED3BDCCA3D}.Release|iPhoneSimulator.Build.0 = Release|Any CPU
		{99A51F91-DD7E-4981-9EFA-CEED3BDCCA3D}.Release|x64.ActiveCfg = Release|Any CPU
		{99A51F91-DD7E-4981-9EFA-CEED3BDCCA3D}.Release|x64.Build.0 = Release|Any CPU
		{99A51F91-DD7E-4981-9EFA-CEED3BDCCA3D}.Release|x86.ActiveCfg = Release|Any CPU
		{99A51F91-DD7E-4981-9EFA-CEED3BDCCA3D}.Release|x86.Build.0 = Release|Any CPU
		{01CD112B-D6F1-4951-9C9E-DBD7B2BE4362}.DebugNuget|Any CPU.ActiveCfg = Debug|Any CPU
		{01CD112B-D6F1-4951-9C9E-DBD7B2BE4362}.DebugNuget|Any CPU.Build.0 = Debug|Any CPU
		{01CD112B-D6F1-4951-9C9E-DBD7B2BE4362}.DebugNuget|ARM.ActiveCfg = Debug|Any CPU
		{01CD112B-D6F1-4951-9C9E-DBD7B2BE4362}.DebugNuget|ARM.Build.0 = Debug|Any CPU
		{01CD112B-D6F1-4951-9C9E-DBD7B2BE4362}.DebugNuget|ARM64.ActiveCfg = Debug|Any CPU
		{01CD112B-D6F1-4951-9C9E-DBD7B2BE4362}.DebugNuget|ARM64.Build.0 = Debug|Any CPU
		{01CD112B-D6F1-4951-9C9E-DBD7B2BE4362}.DebugNuget|iPhone.ActiveCfg = Debug|Any CPU
		{01CD112B-D6F1-4951-9C9E-DBD7B2BE4362}.DebugNuget|iPhone.Build.0 = Debug|Any CPU
		{01CD112B-D6F1-4951-9C9E-DBD7B2BE4362}.DebugNuget|iPhoneSimulator.ActiveCfg = Debug|Any CPU
		{01CD112B-D6F1-4951-9C9E-DBD7B2BE4362}.DebugNuget|iPhoneSimulator.Build.0 = Debug|Any CPU
		{01CD112B-D6F1-4951-9C9E-DBD7B2BE4362}.DebugNuget|x64.ActiveCfg = Debug|Any CPU
		{01CD112B-D6F1-4951-9C9E-DBD7B2BE4362}.DebugNuget|x64.Build.0 = Debug|Any CPU
		{01CD112B-D6F1-4951-9C9E-DBD7B2BE4362}.DebugNuget|x86.ActiveCfg = Debug|Any CPU
		{01CD112B-D6F1-4951-9C9E-DBD7B2BE4362}.DebugNuget|x86.Build.0 = Debug|Any CPU
		{01CD112B-D6F1-4951-9C9E-DBD7B2BE4362}.Release|Any CPU.ActiveCfg = Release|Any CPU
		{01CD112B-D6F1-4951-9C9E-DBD7B2BE4362}.Release|Any CPU.Build.0 = Release|Any CPU
		{01CD112B-D6F1-4951-9C9E-DBD7B2BE4362}.Release|ARM.ActiveCfg = Release|Any CPU
		{01CD112B-D6F1-4951-9C9E-DBD7B2BE4362}.Release|ARM.Build.0 = Release|Any CPU
		{01CD112B-D6F1-4951-9C9E-DBD7B2BE4362}.Release|ARM64.ActiveCfg = Release|Any CPU
		{01CD112B-D6F1-4951-9C9E-DBD7B2BE4362}.Release|ARM64.Build.0 = Release|Any CPU
		{01CD112B-D6F1-4951-9C9E-DBD7B2BE4362}.Release|iPhone.ActiveCfg = Release|Any CPU
		{01CD112B-D6F1-4951-9C9E-DBD7B2BE4362}.Release|iPhone.Build.0 = Release|Any CPU
		{01CD112B-D6F1-4951-9C9E-DBD7B2BE4362}.Release|iPhoneSimulator.ActiveCfg = Release|Any CPU
		{01CD112B-D6F1-4951-9C9E-DBD7B2BE4362}.Release|iPhoneSimulator.Build.0 = Release|Any CPU
		{01CD112B-D6F1-4951-9C9E-DBD7B2BE4362}.Release|x64.ActiveCfg = Release|Any CPU
		{01CD112B-D6F1-4951-9C9E-DBD7B2BE4362}.Release|x64.Build.0 = Release|Any CPU
		{01CD112B-D6F1-4951-9C9E-DBD7B2BE4362}.Release|x86.ActiveCfg = Release|Any CPU
		{01CD112B-D6F1-4951-9C9E-DBD7B2BE4362}.Release|x86.Build.0 = Release|Any CPU
		{77D2650E-72CB-48BD-8BFE-2570BE76C02D}.DebugNuget|Any CPU.ActiveCfg = Debug|Any CPU
		{77D2650E-72CB-48BD-8BFE-2570BE76C02D}.DebugNuget|Any CPU.Build.0 = Debug|Any CPU
		{77D2650E-72CB-48BD-8BFE-2570BE76C02D}.DebugNuget|ARM.ActiveCfg = Debug|Any CPU
		{77D2650E-72CB-48BD-8BFE-2570BE76C02D}.DebugNuget|ARM.Build.0 = Debug|Any CPU
		{77D2650E-72CB-48BD-8BFE-2570BE76C02D}.DebugNuget|ARM64.ActiveCfg = Debug|Any CPU
		{77D2650E-72CB-48BD-8BFE-2570BE76C02D}.DebugNuget|ARM64.Build.0 = Debug|Any CPU
		{77D2650E-72CB-48BD-8BFE-2570BE76C02D}.DebugNuget|iPhone.ActiveCfg = Debug|Any CPU
		{77D2650E-72CB-48BD-8BFE-2570BE76C02D}.DebugNuget|iPhone.Build.0 = Debug|Any CPU
		{77D2650E-72CB-48BD-8BFE-2570BE76C02D}.DebugNuget|iPhoneSimulator.ActiveCfg = Debug|Any CPU
		{77D2650E-72CB-48BD-8BFE-2570BE76C02D}.DebugNuget|iPhoneSimulator.Build.0 = Debug|Any CPU
		{77D2650E-72CB-48BD-8BFE-2570BE76C02D}.DebugNuget|x64.ActiveCfg = Debug|Any CPU
		{77D2650E-72CB-48BD-8BFE-2570BE76C02D}.DebugNuget|x64.Build.0 = Debug|Any CPU
		{77D2650E-72CB-48BD-8BFE-2570BE76C02D}.DebugNuget|x86.ActiveCfg = Debug|Any CPU
		{77D2650E-72CB-48BD-8BFE-2570BE76C02D}.DebugNuget|x86.Build.0 = Debug|Any CPU
		{77D2650E-72CB-48BD-8BFE-2570BE76C02D}.Release|Any CPU.ActiveCfg = Release|Any CPU
		{77D2650E-72CB-48BD-8BFE-2570BE76C02D}.Release|Any CPU.Build.0 = Release|Any CPU
		{77D2650E-72CB-48BD-8BFE-2570BE76C02D}.Release|ARM.ActiveCfg = Release|Any CPU
		{77D2650E-72CB-48BD-8BFE-2570BE76C02D}.Release|ARM.Build.0 = Release|Any CPU
		{77D2650E-72CB-48BD-8BFE-2570BE76C02D}.Release|ARM64.ActiveCfg = Release|Any CPU
		{77D2650E-72CB-48BD-8BFE-2570BE76C02D}.Release|ARM64.Build.0 = Release|Any CPU
		{77D2650E-72CB-48BD-8BFE-2570BE76C02D}.Release|iPhone.ActiveCfg = Release|Any CPU
		{77D2650E-72CB-48BD-8BFE-2570BE76C02D}.Release|iPhone.Build.0 = Release|Any CPU
		{77D2650E-72CB-48BD-8BFE-2570BE76C02D}.Release|iPhoneSimulator.ActiveCfg = Release|Any CPU
		{77D2650E-72CB-48BD-8BFE-2570BE76C02D}.Release|iPhoneSimulator.Build.0 = Release|Any CPU
		{77D2650E-72CB-48BD-8BFE-2570BE76C02D}.Release|x64.ActiveCfg = Release|Any CPU
		{77D2650E-72CB-48BD-8BFE-2570BE76C02D}.Release|x64.Build.0 = Release|Any CPU
		{77D2650E-72CB-48BD-8BFE-2570BE76C02D}.Release|x86.ActiveCfg = Release|Any CPU
		{77D2650E-72CB-48BD-8BFE-2570BE76C02D}.Release|x86.Build.0 = Release|Any CPU
		{4F9F566D-E503-4B01-9C26-1F6B61080AD8}.DebugNuget|Any CPU.ActiveCfg = Debug|Any CPU
		{4F9F566D-E503-4B01-9C26-1F6B61080AD8}.DebugNuget|Any CPU.Build.0 = Debug|Any CPU
		{4F9F566D-E503-4B01-9C26-1F6B61080AD8}.DebugNuget|ARM.ActiveCfg = Debug|Any CPU
		{4F9F566D-E503-4B01-9C26-1F6B61080AD8}.DebugNuget|ARM.Build.0 = Debug|Any CPU
		{4F9F566D-E503-4B01-9C26-1F6B61080AD8}.DebugNuget|ARM64.ActiveCfg = Debug|Any CPU
		{4F9F566D-E503-4B01-9C26-1F6B61080AD8}.DebugNuget|ARM64.Build.0 = Debug|Any CPU
		{4F9F566D-E503-4B01-9C26-1F6B61080AD8}.DebugNuget|iPhone.ActiveCfg = Debug|Any CPU
		{4F9F566D-E503-4B01-9C26-1F6B61080AD8}.DebugNuget|iPhone.Build.0 = Debug|Any CPU
		{4F9F566D-E503-4B01-9C26-1F6B61080AD8}.DebugNuget|iPhoneSimulator.ActiveCfg = Debug|Any CPU
		{4F9F566D-E503-4B01-9C26-1F6B61080AD8}.DebugNuget|iPhoneSimulator.Build.0 = Debug|Any CPU
		{4F9F566D-E503-4B01-9C26-1F6B61080AD8}.DebugNuget|x64.ActiveCfg = Debug|Any CPU
		{4F9F566D-E503-4B01-9C26-1F6B61080AD8}.DebugNuget|x64.Build.0 = Debug|Any CPU
		{4F9F566D-E503-4B01-9C26-1F6B61080AD8}.DebugNuget|x86.ActiveCfg = Debug|Any CPU
		{4F9F566D-E503-4B01-9C26-1F6B61080AD8}.DebugNuget|x86.Build.0 = Debug|Any CPU
		{4F9F566D-E503-4B01-9C26-1F6B61080AD8}.Release|Any CPU.ActiveCfg = Release|Any CPU
		{4F9F566D-E503-4B01-9C26-1F6B61080AD8}.Release|Any CPU.Build.0 = Release|Any CPU
		{4F9F566D-E503-4B01-9C26-1F6B61080AD8}.Release|ARM.ActiveCfg = Release|Any CPU
		{4F9F566D-E503-4B01-9C26-1F6B61080AD8}.Release|ARM.Build.0 = Release|Any CPU
		{4F9F566D-E503-4B01-9C26-1F6B61080AD8}.Release|ARM64.ActiveCfg = Release|Any CPU
		{4F9F566D-E503-4B01-9C26-1F6B61080AD8}.Release|ARM64.Build.0 = Release|Any CPU
		{4F9F566D-E503-4B01-9C26-1F6B61080AD8}.Release|iPhone.ActiveCfg = Release|Any CPU
		{4F9F566D-E503-4B01-9C26-1F6B61080AD8}.Release|iPhone.Build.0 = Release|Any CPU
		{4F9F566D-E503-4B01-9C26-1F6B61080AD8}.Release|iPhoneSimulator.ActiveCfg = Release|Any CPU
		{4F9F566D-E503-4B01-9C26-1F6B61080AD8}.Release|iPhoneSimulator.Build.0 = Release|Any CPU
		{4F9F566D-E503-4B01-9C26-1F6B61080AD8}.Release|x64.ActiveCfg = Release|Any CPU
		{4F9F566D-E503-4B01-9C26-1F6B61080AD8}.Release|x64.Build.0 = Release|Any CPU
		{4F9F566D-E503-4B01-9C26-1F6B61080AD8}.Release|x86.ActiveCfg = Release|Any CPU
		{4F9F566D-E503-4B01-9C26-1F6B61080AD8}.Release|x86.Build.0 = Release|Any CPU
		{36231E7E-729F-492F-9CAD-F0AABD619174}.DebugNuget|Any CPU.ActiveCfg = DebugNuget|Any CPU
		{36231E7E-729F-492F-9CAD-F0AABD619174}.DebugNuget|Any CPU.Build.0 = DebugNuget|Any CPU
		{36231E7E-729F-492F-9CAD-F0AABD619174}.DebugNuget|ARM.ActiveCfg = Debug|Any CPU
		{36231E7E-729F-492F-9CAD-F0AABD619174}.DebugNuget|ARM.Build.0 = Debug|Any CPU
		{36231E7E-729F-492F-9CAD-F0AABD619174}.DebugNuget|ARM64.ActiveCfg = Debug|Any CPU
		{36231E7E-729F-492F-9CAD-F0AABD619174}.DebugNuget|ARM64.Build.0 = Debug|Any CPU
		{36231E7E-729F-492F-9CAD-F0AABD619174}.DebugNuget|iPhone.ActiveCfg = Debug|Any CPU
		{36231E7E-729F-492F-9CAD-F0AABD619174}.DebugNuget|iPhone.Build.0 = Debug|Any CPU
		{36231E7E-729F-492F-9CAD-F0AABD619174}.DebugNuget|iPhoneSimulator.ActiveCfg = Debug|Any CPU
		{36231E7E-729F-492F-9CAD-F0AABD619174}.DebugNuget|iPhoneSimulator.Build.0 = Debug|Any CPU
		{36231E7E-729F-492F-9CAD-F0AABD619174}.DebugNuget|x64.ActiveCfg = Debug|Any CPU
		{36231E7E-729F-492F-9CAD-F0AABD619174}.DebugNuget|x64.Build.0 = Debug|Any CPU
		{36231E7E-729F-492F-9CAD-F0AABD619174}.DebugNuget|x86.ActiveCfg = Debug|Any CPU
		{36231E7E-729F-492F-9CAD-F0AABD619174}.DebugNuget|x86.Build.0 = Debug|Any CPU
		{36231E7E-729F-492F-9CAD-F0AABD619174}.Release|Any CPU.ActiveCfg = Release|Any CPU
		{36231E7E-729F-492F-9CAD-F0AABD619174}.Release|Any CPU.Build.0 = Release|Any CPU
		{36231E7E-729F-492F-9CAD-F0AABD619174}.Release|ARM.ActiveCfg = Release|Any CPU
		{36231E7E-729F-492F-9CAD-F0AABD619174}.Release|ARM.Build.0 = Release|Any CPU
		{36231E7E-729F-492F-9CAD-F0AABD619174}.Release|ARM64.ActiveCfg = Release|Any CPU
		{36231E7E-729F-492F-9CAD-F0AABD619174}.Release|ARM64.Build.0 = Release|Any CPU
		{36231E7E-729F-492F-9CAD-F0AABD619174}.Release|iPhone.ActiveCfg = Release|Any CPU
		{36231E7E-729F-492F-9CAD-F0AABD619174}.Release|iPhone.Build.0 = Release|Any CPU
		{36231E7E-729F-492F-9CAD-F0AABD619174}.Release|iPhoneSimulator.ActiveCfg = Release|Any CPU
		{36231E7E-729F-492F-9CAD-F0AABD619174}.Release|iPhoneSimulator.Build.0 = Release|Any CPU
		{36231E7E-729F-492F-9CAD-F0AABD619174}.Release|x64.ActiveCfg = Release|Any CPU
		{36231E7E-729F-492F-9CAD-F0AABD619174}.Release|x64.Build.0 = Release|Any CPU
		{36231E7E-729F-492F-9CAD-F0AABD619174}.Release|x86.ActiveCfg = Release|Any CPU
		{36231E7E-729F-492F-9CAD-F0AABD619174}.Release|x86.Build.0 = Release|Any CPU
		{75185975-D181-472A-9E8B-2CE676BBAF5F}.DebugNuget|Any CPU.ActiveCfg = Debug|Any CPU
		{75185975-D181-472A-9E8B-2CE676BBAF5F}.DebugNuget|Any CPU.Build.0 = Debug|Any CPU
		{75185975-D181-472A-9E8B-2CE676BBAF5F}.DebugNuget|ARM.ActiveCfg = Debug|Any CPU
		{75185975-D181-472A-9E8B-2CE676BBAF5F}.DebugNuget|ARM.Build.0 = Debug|Any CPU
		{75185975-D181-472A-9E8B-2CE676BBAF5F}.DebugNuget|ARM64.ActiveCfg = Debug|Any CPU
		{75185975-D181-472A-9E8B-2CE676BBAF5F}.DebugNuget|ARM64.Build.0 = Debug|Any CPU
		{75185975-D181-472A-9E8B-2CE676BBAF5F}.DebugNuget|iPhone.ActiveCfg = Debug|Any CPU
		{75185975-D181-472A-9E8B-2CE676BBAF5F}.DebugNuget|iPhone.Build.0 = Debug|Any CPU
		{75185975-D181-472A-9E8B-2CE676BBAF5F}.DebugNuget|iPhoneSimulator.ActiveCfg = Debug|Any CPU
		{75185975-D181-472A-9E8B-2CE676BBAF5F}.DebugNuget|iPhoneSimulator.Build.0 = Debug|Any CPU
		{75185975-D181-472A-9E8B-2CE676BBAF5F}.DebugNuget|x64.ActiveCfg = Debug|Any CPU
		{75185975-D181-472A-9E8B-2CE676BBAF5F}.DebugNuget|x64.Build.0 = Debug|Any CPU
		{75185975-D181-472A-9E8B-2CE676BBAF5F}.DebugNuget|x86.ActiveCfg = Debug|Any CPU
		{75185975-D181-472A-9E8B-2CE676BBAF5F}.DebugNuget|x86.Build.0 = Debug|Any CPU
		{75185975-D181-472A-9E8B-2CE676BBAF5F}.Release|Any CPU.ActiveCfg = Release|Any CPU
		{75185975-D181-472A-9E8B-2CE676BBAF5F}.Release|Any CPU.Build.0 = Release|Any CPU
		{75185975-D181-472A-9E8B-2CE676BBAF5F}.Release|ARM.ActiveCfg = Release|Any CPU
		{75185975-D181-472A-9E8B-2CE676BBAF5F}.Release|ARM.Build.0 = Release|Any CPU
		{75185975-D181-472A-9E8B-2CE676BBAF5F}.Release|ARM64.ActiveCfg = Release|Any CPU
		{75185975-D181-472A-9E8B-2CE676BBAF5F}.Release|ARM64.Build.0 = Release|Any CPU
		{75185975-D181-472A-9E8B-2CE676BBAF5F}.Release|iPhone.ActiveCfg = Release|Any CPU
		{75185975-D181-472A-9E8B-2CE676BBAF5F}.Release|iPhone.Build.0 = Release|Any CPU
		{75185975-D181-472A-9E8B-2CE676BBAF5F}.Release|iPhoneSimulator.ActiveCfg = Release|Any CPU
		{75185975-D181-472A-9E8B-2CE676BBAF5F}.Release|iPhoneSimulator.Build.0 = Release|Any CPU
		{75185975-D181-472A-9E8B-2CE676BBAF5F}.Release|x64.ActiveCfg = Release|Any CPU
		{75185975-D181-472A-9E8B-2CE676BBAF5F}.Release|x64.Build.0 = Release|Any CPU
		{75185975-D181-472A-9E8B-2CE676BBAF5F}.Release|x86.ActiveCfg = Release|Any CPU
		{75185975-D181-472A-9E8B-2CE676BBAF5F}.Release|x86.Build.0 = Release|Any CPU
		{FC578100-126C-4BD3-8A99-5E02A7306F71}.DebugNuget|Any CPU.ActiveCfg = Debug|Any CPU
		{FC578100-126C-4BD3-8A99-5E02A7306F71}.DebugNuget|Any CPU.Build.0 = Debug|Any CPU
		{FC578100-126C-4BD3-8A99-5E02A7306F71}.DebugNuget|ARM.ActiveCfg = Debug|Any CPU
		{FC578100-126C-4BD3-8A99-5E02A7306F71}.DebugNuget|ARM.Build.0 = Debug|Any CPU
		{FC578100-126C-4BD3-8A99-5E02A7306F71}.DebugNuget|ARM64.ActiveCfg = Debug|Any CPU
		{FC578100-126C-4BD3-8A99-5E02A7306F71}.DebugNuget|ARM64.Build.0 = Debug|Any CPU
		{FC578100-126C-4BD3-8A99-5E02A7306F71}.DebugNuget|iPhone.ActiveCfg = Debug|Any CPU
		{FC578100-126C-4BD3-8A99-5E02A7306F71}.DebugNuget|iPhone.Build.0 = Debug|Any CPU
		{FC578100-126C-4BD3-8A99-5E02A7306F71}.DebugNuget|iPhoneSimulator.ActiveCfg = Debug|Any CPU
		{FC578100-126C-4BD3-8A99-5E02A7306F71}.DebugNuget|iPhoneSimulator.Build.0 = Debug|Any CPU
		{FC578100-126C-4BD3-8A99-5E02A7306F71}.DebugNuget|x64.ActiveCfg = Debug|Any CPU
		{FC578100-126C-4BD3-8A99-5E02A7306F71}.DebugNuget|x64.Build.0 = Debug|Any CPU
		{FC578100-126C-4BD3-8A99-5E02A7306F71}.DebugNuget|x86.ActiveCfg = Debug|Any CPU
		{FC578100-126C-4BD3-8A99-5E02A7306F71}.DebugNuget|x86.Build.0 = Debug|Any CPU
		{FC578100-126C-4BD3-8A99-5E02A7306F71}.Release|Any CPU.ActiveCfg = Release|Any CPU
		{FC578100-126C-4BD3-8A99-5E02A7306F71}.Release|Any CPU.Build.0 = Release|Any CPU
		{FC578100-126C-4BD3-8A99-5E02A7306F71}.Release|ARM.ActiveCfg = Release|Any CPU
		{FC578100-126C-4BD3-8A99-5E02A7306F71}.Release|ARM.Build.0 = Release|Any CPU
		{FC578100-126C-4BD3-8A99-5E02A7306F71}.Release|ARM64.ActiveCfg = Release|Any CPU
		{FC578100-126C-4BD3-8A99-5E02A7306F71}.Release|ARM64.Build.0 = Release|Any CPU
		{FC578100-126C-4BD3-8A99-5E02A7306F71}.Release|iPhone.ActiveCfg = Release|Any CPU
		{FC578100-126C-4BD3-8A99-5E02A7306F71}.Release|iPhone.Build.0 = Release|Any CPU
		{FC578100-126C-4BD3-8A99-5E02A7306F71}.Release|iPhoneSimulator.ActiveCfg = Release|Any CPU
		{FC578100-126C-4BD3-8A99-5E02A7306F71}.Release|iPhoneSimulator.Build.0 = Release|Any CPU
		{FC578100-126C-4BD3-8A99-5E02A7306F71}.Release|x64.ActiveCfg = Release|Any CPU
		{FC578100-126C-4BD3-8A99-5E02A7306F71}.Release|x64.Build.0 = Release|Any CPU
		{FC578100-126C-4BD3-8A99-5E02A7306F71}.Release|x86.ActiveCfg = Release|Any CPU
		{FC578100-126C-4BD3-8A99-5E02A7306F71}.Release|x86.Build.0 = Release|Any CPU
		{D078C157-706A-43A2-B71A-5BFE47A3C85E}.DebugNuget|Any CPU.ActiveCfg = Debug|Any CPU
		{D078C157-706A-43A2-B71A-5BFE47A3C85E}.DebugNuget|Any CPU.Build.0 = Debug|Any CPU
		{D078C157-706A-43A2-B71A-5BFE47A3C85E}.DebugNuget|ARM.ActiveCfg = Debug|Any CPU
		{D078C157-706A-43A2-B71A-5BFE47A3C85E}.DebugNuget|ARM.Build.0 = Debug|Any CPU
		{D078C157-706A-43A2-B71A-5BFE47A3C85E}.DebugNuget|ARM64.ActiveCfg = Debug|Any CPU
		{D078C157-706A-43A2-B71A-5BFE47A3C85E}.DebugNuget|ARM64.Build.0 = Debug|Any CPU
		{D078C157-706A-43A2-B71A-5BFE47A3C85E}.DebugNuget|iPhone.ActiveCfg = Debug|Any CPU
		{D078C157-706A-43A2-B71A-5BFE47A3C85E}.DebugNuget|iPhone.Build.0 = Debug|Any CPU
		{D078C157-706A-43A2-B71A-5BFE47A3C85E}.DebugNuget|iPhoneSimulator.ActiveCfg = Debug|Any CPU
		{D078C157-706A-43A2-B71A-5BFE47A3C85E}.DebugNuget|iPhoneSimulator.Build.0 = Debug|Any CPU
		{D078C157-706A-43A2-B71A-5BFE47A3C85E}.DebugNuget|x64.ActiveCfg = Debug|Any CPU
		{D078C157-706A-43A2-B71A-5BFE47A3C85E}.DebugNuget|x64.Build.0 = Debug|Any CPU
		{D078C157-706A-43A2-B71A-5BFE47A3C85E}.DebugNuget|x86.ActiveCfg = Debug|Any CPU
		{D078C157-706A-43A2-B71A-5BFE47A3C85E}.DebugNuget|x86.Build.0 = Debug|Any CPU
		{D078C157-706A-43A2-B71A-5BFE47A3C85E}.Release|Any CPU.ActiveCfg = Release|Any CPU
		{D078C157-706A-43A2-B71A-5BFE47A3C85E}.Release|Any CPU.Build.0 = Release|Any CPU
		{D078C157-706A-43A2-B71A-5BFE47A3C85E}.Release|ARM.ActiveCfg = Release|Any CPU
		{D078C157-706A-43A2-B71A-5BFE47A3C85E}.Release|ARM.Build.0 = Release|Any CPU
		{D078C157-706A-43A2-B71A-5BFE47A3C85E}.Release|ARM64.ActiveCfg = Release|Any CPU
		{D078C157-706A-43A2-B71A-5BFE47A3C85E}.Release|ARM64.Build.0 = Release|Any CPU
		{D078C157-706A-43A2-B71A-5BFE47A3C85E}.Release|iPhone.ActiveCfg = Release|Any CPU
		{D078C157-706A-43A2-B71A-5BFE47A3C85E}.Release|iPhone.Build.0 = Release|Any CPU
		{D078C157-706A-43A2-B71A-5BFE47A3C85E}.Release|iPhoneSimulator.ActiveCfg = Release|Any CPU
		{D078C157-706A-43A2-B71A-5BFE47A3C85E}.Release|iPhoneSimulator.Build.0 = Release|Any CPU
		{D078C157-706A-43A2-B71A-5BFE47A3C85E}.Release|x64.ActiveCfg = Release|Any CPU
		{D078C157-706A-43A2-B71A-5BFE47A3C85E}.Release|x64.Build.0 = Release|Any CPU
		{D078C157-706A-43A2-B71A-5BFE47A3C85E}.Release|x86.ActiveCfg = Release|Any CPU
		{D078C157-706A-43A2-B71A-5BFE47A3C85E}.Release|x86.Build.0 = Release|Any CPU
		{F5A8FB16-EAF8-48D5-92BB-5285C50C3BBC}.DebugNuget|Any CPU.ActiveCfg = Debug|Any CPU
		{F5A8FB16-EAF8-48D5-92BB-5285C50C3BBC}.DebugNuget|Any CPU.Build.0 = Debug|Any CPU
		{F5A8FB16-EAF8-48D5-92BB-5285C50C3BBC}.DebugNuget|ARM.ActiveCfg = Debug|Any CPU
		{F5A8FB16-EAF8-48D5-92BB-5285C50C3BBC}.DebugNuget|ARM.Build.0 = Debug|Any CPU
		{F5A8FB16-EAF8-48D5-92BB-5285C50C3BBC}.DebugNuget|ARM64.ActiveCfg = Debug|Any CPU
		{F5A8FB16-EAF8-48D5-92BB-5285C50C3BBC}.DebugNuget|ARM64.Build.0 = Debug|Any CPU
		{F5A8FB16-EAF8-48D5-92BB-5285C50C3BBC}.DebugNuget|iPhone.ActiveCfg = Debug|Any CPU
		{F5A8FB16-EAF8-48D5-92BB-5285C50C3BBC}.DebugNuget|iPhone.Build.0 = Debug|Any CPU
		{F5A8FB16-EAF8-48D5-92BB-5285C50C3BBC}.DebugNuget|iPhoneSimulator.ActiveCfg = Debug|Any CPU
		{F5A8FB16-EAF8-48D5-92BB-5285C50C3BBC}.DebugNuget|iPhoneSimulator.Build.0 = Debug|Any CPU
		{F5A8FB16-EAF8-48D5-92BB-5285C50C3BBC}.DebugNuget|x64.ActiveCfg = Debug|Any CPU
		{F5A8FB16-EAF8-48D5-92BB-5285C50C3BBC}.DebugNuget|x64.Build.0 = Debug|Any CPU
		{F5A8FB16-EAF8-48D5-92BB-5285C50C3BBC}.DebugNuget|x86.ActiveCfg = Debug|Any CPU
		{F5A8FB16-EAF8-48D5-92BB-5285C50C3BBC}.DebugNuget|x86.Build.0 = Debug|Any CPU
		{F5A8FB16-EAF8-48D5-92BB-5285C50C3BBC}.Release|Any CPU.ActiveCfg = Release|Any CPU
		{F5A8FB16-EAF8-48D5-92BB-5285C50C3BBC}.Release|Any CPU.Build.0 = Release|Any CPU
		{F5A8FB16-EAF8-48D5-92BB-5285C50C3BBC}.Release|ARM.ActiveCfg = Release|Any CPU
		{F5A8FB16-EAF8-48D5-92BB-5285C50C3BBC}.Release|ARM.Build.0 = Release|Any CPU
		{F5A8FB16-EAF8-48D5-92BB-5285C50C3BBC}.Release|ARM64.ActiveCfg = Release|Any CPU
		{F5A8FB16-EAF8-48D5-92BB-5285C50C3BBC}.Release|ARM64.Build.0 = Release|Any CPU
		{F5A8FB16-EAF8-48D5-92BB-5285C50C3BBC}.Release|iPhone.ActiveCfg = Release|Any CPU
		{F5A8FB16-EAF8-48D5-92BB-5285C50C3BBC}.Release|iPhone.Build.0 = Release|Any CPU
		{F5A8FB16-EAF8-48D5-92BB-5285C50C3BBC}.Release|iPhoneSimulator.ActiveCfg = Release|Any CPU
		{F5A8FB16-EAF8-48D5-92BB-5285C50C3BBC}.Release|iPhoneSimulator.Build.0 = Release|Any CPU
		{F5A8FB16-EAF8-48D5-92BB-5285C50C3BBC}.Release|x64.ActiveCfg = Release|Any CPU
		{F5A8FB16-EAF8-48D5-92BB-5285C50C3BBC}.Release|x64.Build.0 = Release|Any CPU
		{F5A8FB16-EAF8-48D5-92BB-5285C50C3BBC}.Release|x86.ActiveCfg = Release|Any CPU
		{F5A8FB16-EAF8-48D5-92BB-5285C50C3BBC}.Release|x86.Build.0 = Release|Any CPU
		{5B33F645-C0AC-48EA-9AD4-E084407FF900}.DebugNuget|Any CPU.ActiveCfg = Debug|Any CPU
		{5B33F645-C0AC-48EA-9AD4-E084407FF900}.DebugNuget|Any CPU.Build.0 = Debug|Any CPU
		{5B33F645-C0AC-48EA-9AD4-E084407FF900}.DebugNuget|ARM.ActiveCfg = Debug|Any CPU
		{5B33F645-C0AC-48EA-9AD4-E084407FF900}.DebugNuget|ARM.Build.0 = Debug|Any CPU
		{5B33F645-C0AC-48EA-9AD4-E084407FF900}.DebugNuget|ARM64.ActiveCfg = Debug|Any CPU
		{5B33F645-C0AC-48EA-9AD4-E084407FF900}.DebugNuget|ARM64.Build.0 = Debug|Any CPU
		{5B33F645-C0AC-48EA-9AD4-E084407FF900}.DebugNuget|iPhone.ActiveCfg = Debug|Any CPU
		{5B33F645-C0AC-48EA-9AD4-E084407FF900}.DebugNuget|iPhone.Build.0 = Debug|Any CPU
		{5B33F645-C0AC-48EA-9AD4-E084407FF900}.DebugNuget|iPhoneSimulator.ActiveCfg = Debug|Any CPU
		{5B33F645-C0AC-48EA-9AD4-E084407FF900}.DebugNuget|iPhoneSimulator.Build.0 = Debug|Any CPU
		{5B33F645-C0AC-48EA-9AD4-E084407FF900}.DebugNuget|x64.ActiveCfg = Debug|Any CPU
		{5B33F645-C0AC-48EA-9AD4-E084407FF900}.DebugNuget|x64.Build.0 = Debug|Any CPU
		{5B33F645-C0AC-48EA-9AD4-E084407FF900}.DebugNuget|x86.ActiveCfg = Debug|Any CPU
		{5B33F645-C0AC-48EA-9AD4-E084407FF900}.DebugNuget|x86.Build.0 = Debug|Any CPU
		{5B33F645-C0AC-48EA-9AD4-E084407FF900}.Release|Any CPU.ActiveCfg = Release|Any CPU
		{5B33F645-C0AC-48EA-9AD4-E084407FF900}.Release|Any CPU.Build.0 = Release|Any CPU
		{5B33F645-C0AC-48EA-9AD4-E084407FF900}.Release|ARM.ActiveCfg = Release|Any CPU
		{5B33F645-C0AC-48EA-9AD4-E084407FF900}.Release|ARM.Build.0 = Release|Any CPU
		{5B33F645-C0AC-48EA-9AD4-E084407FF900}.Release|ARM64.ActiveCfg = Release|Any CPU
		{5B33F645-C0AC-48EA-9AD4-E084407FF900}.Release|ARM64.Build.0 = Release|Any CPU
		{5B33F645-C0AC-48EA-9AD4-E084407FF900}.Release|iPhone.ActiveCfg = Release|Any CPU
		{5B33F645-C0AC-48EA-9AD4-E084407FF900}.Release|iPhone.Build.0 = Release|Any CPU
		{5B33F645-C0AC-48EA-9AD4-E084407FF900}.Release|iPhoneSimulator.ActiveCfg = Release|Any CPU
		{5B33F645-C0AC-48EA-9AD4-E084407FF900}.Release|iPhoneSimulator.Build.0 = Release|Any CPU
		{5B33F645-C0AC-48EA-9AD4-E084407FF900}.Release|x64.ActiveCfg = Release|Any CPU
		{5B33F645-C0AC-48EA-9AD4-E084407FF900}.Release|x64.Build.0 = Release|Any CPU
		{5B33F645-C0AC-48EA-9AD4-E084407FF900}.Release|x86.ActiveCfg = Release|Any CPU
		{5B33F645-C0AC-48EA-9AD4-E084407FF900}.Release|x86.Build.0 = Release|Any CPU
		{C8E07034-ED0C-4C7E-8848-1EDEF5B2D7E1}.DebugNuget|Any CPU.ActiveCfg = DebugNuget|Any CPU
		{C8E07034-ED0C-4C7E-8848-1EDEF5B2D7E1}.DebugNuget|Any CPU.Build.0 = DebugNuget|Any CPU
		{C8E07034-ED0C-4C7E-8848-1EDEF5B2D7E1}.DebugNuget|ARM.ActiveCfg = Debug|Any CPU
		{C8E07034-ED0C-4C7E-8848-1EDEF5B2D7E1}.DebugNuget|ARM.Build.0 = Debug|Any CPU
		{C8E07034-ED0C-4C7E-8848-1EDEF5B2D7E1}.DebugNuget|ARM64.ActiveCfg = Debug|Any CPU
		{C8E07034-ED0C-4C7E-8848-1EDEF5B2D7E1}.DebugNuget|ARM64.Build.0 = Debug|Any CPU
		{C8E07034-ED0C-4C7E-8848-1EDEF5B2D7E1}.DebugNuget|iPhone.ActiveCfg = Debug|Any CPU
		{C8E07034-ED0C-4C7E-8848-1EDEF5B2D7E1}.DebugNuget|iPhone.Build.0 = Debug|Any CPU
		{C8E07034-ED0C-4C7E-8848-1EDEF5B2D7E1}.DebugNuget|iPhoneSimulator.ActiveCfg = Debug|Any CPU
		{C8E07034-ED0C-4C7E-8848-1EDEF5B2D7E1}.DebugNuget|iPhoneSimulator.Build.0 = Debug|Any CPU
		{C8E07034-ED0C-4C7E-8848-1EDEF5B2D7E1}.DebugNuget|x64.ActiveCfg = Debug|Any CPU
		{C8E07034-ED0C-4C7E-8848-1EDEF5B2D7E1}.DebugNuget|x64.Build.0 = Debug|Any CPU
		{C8E07034-ED0C-4C7E-8848-1EDEF5B2D7E1}.DebugNuget|x86.ActiveCfg = Debug|Any CPU
		{C8E07034-ED0C-4C7E-8848-1EDEF5B2D7E1}.DebugNuget|x86.Build.0 = Debug|Any CPU
		{C8E07034-ED0C-4C7E-8848-1EDEF5B2D7E1}.Release|Any CPU.ActiveCfg = Release|Any CPU
		{C8E07034-ED0C-4C7E-8848-1EDEF5B2D7E1}.Release|Any CPU.Build.0 = Release|Any CPU
		{C8E07034-ED0C-4C7E-8848-1EDEF5B2D7E1}.Release|ARM.ActiveCfg = Release|Any CPU
		{C8E07034-ED0C-4C7E-8848-1EDEF5B2D7E1}.Release|ARM.Build.0 = Release|Any CPU
		{C8E07034-ED0C-4C7E-8848-1EDEF5B2D7E1}.Release|ARM64.ActiveCfg = Release|Any CPU
		{C8E07034-ED0C-4C7E-8848-1EDEF5B2D7E1}.Release|ARM64.Build.0 = Release|Any CPU
		{C8E07034-ED0C-4C7E-8848-1EDEF5B2D7E1}.Release|iPhone.ActiveCfg = Release|Any CPU
		{C8E07034-ED0C-4C7E-8848-1EDEF5B2D7E1}.Release|iPhone.Build.0 = Release|Any CPU
		{C8E07034-ED0C-4C7E-8848-1EDEF5B2D7E1}.Release|iPhoneSimulator.ActiveCfg = Release|Any CPU
		{C8E07034-ED0C-4C7E-8848-1EDEF5B2D7E1}.Release|iPhoneSimulator.Build.0 = Release|Any CPU
		{C8E07034-ED0C-4C7E-8848-1EDEF5B2D7E1}.Release|x64.ActiveCfg = Release|Any CPU
		{C8E07034-ED0C-4C7E-8848-1EDEF5B2D7E1}.Release|x64.Build.0 = Release|Any CPU
		{C8E07034-ED0C-4C7E-8848-1EDEF5B2D7E1}.Release|x86.ActiveCfg = Release|Any CPU
		{C8E07034-ED0C-4C7E-8848-1EDEF5B2D7E1}.Release|x86.Build.0 = Release|Any CPU
		{4B6F4AD6-6227-4BE8-A4ED-698FC6070ABD}.DebugNuget|Any CPU.ActiveCfg = Debug|Any CPU
		{4B6F4AD6-6227-4BE8-A4ED-698FC6070ABD}.DebugNuget|Any CPU.Build.0 = Debug|Any CPU
		{4B6F4AD6-6227-4BE8-A4ED-698FC6070ABD}.DebugNuget|ARM.ActiveCfg = Debug|Any CPU
		{4B6F4AD6-6227-4BE8-A4ED-698FC6070ABD}.DebugNuget|ARM.Build.0 = Debug|Any CPU
		{4B6F4AD6-6227-4BE8-A4ED-698FC6070ABD}.DebugNuget|ARM64.ActiveCfg = Debug|Any CPU
		{4B6F4AD6-6227-4BE8-A4ED-698FC6070ABD}.DebugNuget|ARM64.Build.0 = Debug|Any CPU
		{4B6F4AD6-6227-4BE8-A4ED-698FC6070ABD}.DebugNuget|iPhone.ActiveCfg = Debug|Any CPU
		{4B6F4AD6-6227-4BE8-A4ED-698FC6070ABD}.DebugNuget|iPhone.Build.0 = Debug|Any CPU
		{4B6F4AD6-6227-4BE8-A4ED-698FC6070ABD}.DebugNuget|iPhoneSimulator.ActiveCfg = Debug|Any CPU
		{4B6F4AD6-6227-4BE8-A4ED-698FC6070ABD}.DebugNuget|iPhoneSimulator.Build.0 = Debug|Any CPU
		{4B6F4AD6-6227-4BE8-A4ED-698FC6070ABD}.DebugNuget|x64.ActiveCfg = Debug|Any CPU
		{4B6F4AD6-6227-4BE8-A4ED-698FC6070ABD}.DebugNuget|x64.Build.0 = Debug|Any CPU
		{4B6F4AD6-6227-4BE8-A4ED-698FC6070ABD}.DebugNuget|x86.ActiveCfg = Debug|Any CPU
		{4B6F4AD6-6227-4BE8-A4ED-698FC6070ABD}.DebugNuget|x86.Build.0 = Debug|Any CPU
		{4B6F4AD6-6227-4BE8-A4ED-698FC6070ABD}.Release|Any CPU.ActiveCfg = Release|Any CPU
		{4B6F4AD6-6227-4BE8-A4ED-698FC6070ABD}.Release|Any CPU.Build.0 = Release|Any CPU
		{4B6F4AD6-6227-4BE8-A4ED-698FC6070ABD}.Release|ARM.ActiveCfg = Release|Any CPU
		{4B6F4AD6-6227-4BE8-A4ED-698FC6070ABD}.Release|ARM.Build.0 = Release|Any CPU
		{4B6F4AD6-6227-4BE8-A4ED-698FC6070ABD}.Release|ARM64.ActiveCfg = Release|Any CPU
		{4B6F4AD6-6227-4BE8-A4ED-698FC6070ABD}.Release|ARM64.Build.0 = Release|Any CPU
		{4B6F4AD6-6227-4BE8-A4ED-698FC6070ABD}.Release|iPhone.ActiveCfg = Release|Any CPU
		{4B6F4AD6-6227-4BE8-A4ED-698FC6070ABD}.Release|iPhone.Build.0 = Release|Any CPU
		{4B6F4AD6-6227-4BE8-A4ED-698FC6070ABD}.Release|iPhoneSimulator.ActiveCfg = Release|Any CPU
		{4B6F4AD6-6227-4BE8-A4ED-698FC6070ABD}.Release|iPhoneSimulator.Build.0 = Release|Any CPU
		{4B6F4AD6-6227-4BE8-A4ED-698FC6070ABD}.Release|x64.ActiveCfg = Release|Any CPU
		{4B6F4AD6-6227-4BE8-A4ED-698FC6070ABD}.Release|x64.Build.0 = Release|Any CPU
		{4B6F4AD6-6227-4BE8-A4ED-698FC6070ABD}.Release|x86.ActiveCfg = Release|Any CPU
		{4B6F4AD6-6227-4BE8-A4ED-698FC6070ABD}.Release|x86.Build.0 = Release|Any CPU
		{2F1740A9-F51A-40E0-AF11-7736AAA573DE}.DebugNuget|Any CPU.ActiveCfg = Debug|x64
		{2F1740A9-F51A-40E0-AF11-7736AAA573DE}.DebugNuget|Any CPU.Build.0 = Debug|x64
		{2F1740A9-F51A-40E0-AF11-7736AAA573DE}.DebugNuget|Any CPU.Deploy.0 = Debug|x64
		{2F1740A9-F51A-40E0-AF11-7736AAA573DE}.DebugNuget|ARM.ActiveCfg = Debug|ARM
		{2F1740A9-F51A-40E0-AF11-7736AAA573DE}.DebugNuget|ARM.Build.0 = Debug|ARM
		{2F1740A9-F51A-40E0-AF11-7736AAA573DE}.DebugNuget|ARM.Deploy.0 = Debug|ARM
		{2F1740A9-F51A-40E0-AF11-7736AAA573DE}.DebugNuget|ARM64.ActiveCfg = Debug|x64
		{2F1740A9-F51A-40E0-AF11-7736AAA573DE}.DebugNuget|ARM64.Build.0 = Debug|x64
		{2F1740A9-F51A-40E0-AF11-7736AAA573DE}.DebugNuget|ARM64.Deploy.0 = Debug|x64
		{2F1740A9-F51A-40E0-AF11-7736AAA573DE}.DebugNuget|iPhone.ActiveCfg = Debug|x64
		{2F1740A9-F51A-40E0-AF11-7736AAA573DE}.DebugNuget|iPhone.Build.0 = Debug|x64
		{2F1740A9-F51A-40E0-AF11-7736AAA573DE}.DebugNuget|iPhone.Deploy.0 = Debug|x64
		{2F1740A9-F51A-40E0-AF11-7736AAA573DE}.DebugNuget|iPhoneSimulator.ActiveCfg = Debug|x64
		{2F1740A9-F51A-40E0-AF11-7736AAA573DE}.DebugNuget|iPhoneSimulator.Build.0 = Debug|x64
		{2F1740A9-F51A-40E0-AF11-7736AAA573DE}.DebugNuget|iPhoneSimulator.Deploy.0 = Debug|x64
		{2F1740A9-F51A-40E0-AF11-7736AAA573DE}.DebugNuget|x64.ActiveCfg = Debug|x64
		{2F1740A9-F51A-40E0-AF11-7736AAA573DE}.DebugNuget|x64.Build.0 = Debug|x64
		{2F1740A9-F51A-40E0-AF11-7736AAA573DE}.DebugNuget|x64.Deploy.0 = Debug|x64
		{2F1740A9-F51A-40E0-AF11-7736AAA573DE}.DebugNuget|x86.ActiveCfg = Debug|x86
		{2F1740A9-F51A-40E0-AF11-7736AAA573DE}.DebugNuget|x86.Build.0 = Debug|x86
		{2F1740A9-F51A-40E0-AF11-7736AAA573DE}.DebugNuget|x86.Deploy.0 = Debug|x86
		{2F1740A9-F51A-40E0-AF11-7736AAA573DE}.Release|Any CPU.ActiveCfg = Release|x64
		{2F1740A9-F51A-40E0-AF11-7736AAA573DE}.Release|Any CPU.Build.0 = Release|x64
		{2F1740A9-F51A-40E0-AF11-7736AAA573DE}.Release|Any CPU.Deploy.0 = Release|x64
		{2F1740A9-F51A-40E0-AF11-7736AAA573DE}.Release|ARM.ActiveCfg = Release|ARM
		{2F1740A9-F51A-40E0-AF11-7736AAA573DE}.Release|ARM.Build.0 = Release|ARM
		{2F1740A9-F51A-40E0-AF11-7736AAA573DE}.Release|ARM.Deploy.0 = Release|ARM
		{2F1740A9-F51A-40E0-AF11-7736AAA573DE}.Release|ARM64.ActiveCfg = Release|x64
		{2F1740A9-F51A-40E0-AF11-7736AAA573DE}.Release|ARM64.Build.0 = Release|x64
		{2F1740A9-F51A-40E0-AF11-7736AAA573DE}.Release|ARM64.Deploy.0 = Release|x64
		{2F1740A9-F51A-40E0-AF11-7736AAA573DE}.Release|iPhone.ActiveCfg = Release|x64
		{2F1740A9-F51A-40E0-AF11-7736AAA573DE}.Release|iPhone.Build.0 = Release|x64
		{2F1740A9-F51A-40E0-AF11-7736AAA573DE}.Release|iPhone.Deploy.0 = Release|x64
		{2F1740A9-F51A-40E0-AF11-7736AAA573DE}.Release|iPhoneSimulator.ActiveCfg = Release|x64
		{2F1740A9-F51A-40E0-AF11-7736AAA573DE}.Release|iPhoneSimulator.Build.0 = Release|x64
		{2F1740A9-F51A-40E0-AF11-7736AAA573DE}.Release|iPhoneSimulator.Deploy.0 = Release|x64
		{2F1740A9-F51A-40E0-AF11-7736AAA573DE}.Release|x64.ActiveCfg = Release|x64
		{2F1740A9-F51A-40E0-AF11-7736AAA573DE}.Release|x64.Build.0 = Release|x64
		{2F1740A9-F51A-40E0-AF11-7736AAA573DE}.Release|x64.Deploy.0 = Release|x64
		{2F1740A9-F51A-40E0-AF11-7736AAA573DE}.Release|x86.ActiveCfg = Release|x86
		{2F1740A9-F51A-40E0-AF11-7736AAA573DE}.Release|x86.Build.0 = Release|x86
		{2F1740A9-F51A-40E0-AF11-7736AAA573DE}.Release|x86.Deploy.0 = Release|x86
	EndGlobalSection
	GlobalSection(SolutionProperties) = preSolution
		HideSolutionNode = FALSE
	EndGlobalSection
	GlobalSection(ExtensibilityGlobals) = postSolution
		SolutionGuid = {FB75ED34-07D7-40FC-90CD-DAD7A2A0B6DB}
	EndGlobalSection
EndGlobal
