
Microsoft Visual Studio Solution File, Format Version 12.00
# Visual Studio Version 16
VisualStudioVersion = 16.0.28803.202
MinimumVisualStudioVersion = 10.0.40219.1
Project("{9A19103F-16F7-4668-BE54-9A1E7A4F7556}") = "ElectrumXClient", "ElectrumXClient\ElectrumXClient.csproj", "{BF9000A7-3DDC-4A64-9A41-D49508C9D989}"
EndProject
Project("{9A19103F-16F7-4668-BE54-9A1E7A4F7556}") = "ElectrumXClient.Tests", "ElectrumXClient.Tests\ElectrumXClient.Tests.csproj", "{810333FA-E622-4E2E-AE6D-3C1C7ACC7BA4}"
EndProject
Project("{2150E333-8FDC-42A3-9474-1A3956D46DE8}") = "Solution Items", "Solution Items", "{923F1CB8-FF50-4DFE-8358-43419BE7A207}"
	ProjectSection(SolutionItems) = preProject
		..\README.md = ..\README.md
	EndProjectSection
EndProject
Global
	GlobalSection(SolutionConfigurationPlatforms) = preSolution
		Debug|Any CPU = Debug|Any CPU
		Release|Any CPU = Release|Any CPU
	EndGlobalSection
	GlobalSection(ProjectConfigurationPlatforms) = postSolution
		{BF9000A7-3DDC-4A64-9A41-D49508C9D989}.Debug|Any CPU.ActiveCfg = Debug|Any CPU
		{BF9000A7-3DDC-4A64-9A41-D49508C9D989}.Debug|Any CPU.Build.0 = Debug|Any CPU
		{BF9000A7-3DDC-4A64-9A41-D49508C9D989}.Release|Any CPU.ActiveCfg = Release|Any CPU
		{BF9000A7-3DDC-4A64-9A41-D49508C9D989}.Release|Any CPU.Build.0 = Release|Any CPU
		{810333FA-E622-4E2E-AE6D-3C1C7ACC7BA4}.Debug|Any CPU.ActiveCfg = Debug|Any CPU
		{810333FA-E622-4E2E-AE6D-3C1C7ACC7BA4}.Debug|Any CPU.Build.0 = Debug|Any CPU
		{810333FA-E622-4E2E-AE6D-3C1C7ACC7BA4}.Release|Any CPU.ActiveCfg = Release|Any CPU
		{810333FA-E622-4E2E-AE6D-3C1C7ACC7BA4}.Release|Any CPU.Build.0 = Release|Any CPU
	EndGlobalSection
	GlobalSection(SolutionProperties) = preSolution
		HideSolutionNode = FALSE
	EndGlobalSection
	GlobalSection(ExtensibilityGlobals) = postSolution
		SolutionGuid = {0A576A64-D9C9-456D-8A32-E71EFA99CABE}
	EndGlobalSection
EndGlobal
