
Microsoft Visual Studio Solution File, Format Version 12.00
# Visual Studio Version 17
VisualStudioVersion = 17.0.31521.260
MinimumVisualStudioVersion = 10.0.40219.1
Project("{9A19103F-16F7-4668-BE54-9A1E7A4F7556}") = "CryptoWalletUI", "CryptoWalletUI.csproj", "{69B80578-4692-488E-A8AA-53B0A0ADE159}"
EndProject
Global
	GlobalSection(SolutionConfigurationPlatforms) = preSolution
		DEBUG_ALI|Any CPU = DEBUG_ALI|Any CPU
		DEBUG_AND|Any CPU = DEBUG_AND|Any CPU
		DEBUG_FAI|Any CPU = DEBUG_FAI|Any CPU
		DEBUG_MUS|Any CPU = DEBUG_MUS|Any CPU
		DEBUG_RAM|Any CPU = DEBUG_RAM|Any CPU
		DEBUG_ZUB|Any CPU = DEBUG_ZUB|Any CPU
		Debug|Any CPU = Debug|Any CPU
		Release|Any CPU = Release|Any CPU
	EndGlobalSection
	GlobalSection(ProjectConfigurationPlatforms) = postSolution
		{69B80578-4692-488E-A8AA-53B0A0ADE159}.DEBUG_ALI|Any CPU.ActiveCfg = DEBUG_ALI|Any CPU
		{69B80578-4692-488E-A8AA-53B0A0ADE159}.DEBUG_ALI|Any CPU.Build.0 = DEBUG_ALI|Any CPU
		{69B80578-4692-488E-A8AA-53B0A0ADE159}.DEBUG_AND|Any CPU.ActiveCfg = DEBUG_AND|Any CPU
		{69B80578-4692-488E-A8AA-53B0A0ADE159}.DEBUG_AND|Any CPU.Build.0 = DEBUG_AND|Any CPU
		{69B80578-4692-488E-A8AA-53B0A0ADE159}.DEBUG_FAI|Any CPU.ActiveCfg = DEBUG_FAI|Any CPU
		{69B80578-4692-488E-A8AA-53B0A0ADE159}.DEBUG_FAI|Any CPU.Build.0 = DEBUG_FAI|Any CPU
		{69B80578-4692-488E-A8AA-53B0A0ADE159}.DEBUG_MUS|Any CPU.ActiveCfg = DEBUG_MUS|Any CPU
		{69B80578-4692-488E-A8AA-53B0A0ADE159}.DEBUG_MUS|Any CPU.Build.0 = DEBUG_MUS|Any CPU
		{69B80578-4692-488E-A8AA-53B0A0ADE159}.DEBUG_RAM|Any CPU.ActiveCfg = DEBUG_RAM|Any CPU
		{69B80578-4692-488E-A8AA-53B0A0ADE159}.DEBUG_RAM|Any CPU.Build.0 = DEBUG_RAM|Any CPU
		{69B80578-4692-488E-A8AA-53B0A0ADE159}.DEBUG_ZUB|Any CPU.ActiveCfg = DEBUG_ZUB|Any CPU
		{69B80578-4692-488E-A8AA-53B0A0ADE159}.DEBUG_ZUB|Any CPU.Build.0 = DEBUG_ZUB|Any CPU
		{69B80578-4692-488E-A8AA-53B0A0ADE159}.Debug|Any CPU.ActiveCfg = Debug|Any CPU
		{69B80578-4692-488E-A8AA-53B0A0ADE159}.Debug|Any CPU.Build.0 = Debug|Any CPU
		{69B80578-4692-488E-A8AA-53B0A0ADE159}.Release|Any CPU.ActiveCfg = Release|Any CPU
		{69B80578-4692-488E-A8AA-53B0A0ADE159}.Release|Any CPU.Build.0 = Release|Any CPU
	EndGlobalSection
	GlobalSection(SolutionProperties) = preSolution
		HideSolutionNode = FALSE
	EndGlobalSection
	GlobalSection(ExtensibilityGlobals) = postSolution
		SolutionGuid = {EB12FA15-4121-480F-9948-EBE9B7C32F55}
	EndGlobalSection
EndGlobal
