Microsoft Visual Studio Solution File, Format Version 12.00
# Visual Studio Version 17
VisualStudioVersion = 17.8.34525.116
MinimumVisualStudioVersion = 10.0.40219.1
Project("{2150E333-8FDC-42A3-9474-1A3956D46DE8}") = "Solution Items", "Solution Items", "{5658DF85-2ED4-4ABE-9CBD-D15540718C47}"
	ProjectSection(SolutionItems) = preProject
		.editorconfig = .editorconfig
	EndProjectSection
EndProject
Project("{FAE04EC0-301F-11D3-BF4B-00C04F79EFBC}") = "Cryptogram.Android", "Cryptogram\Cryptogram.Android\Cryptogram.Android.csproj", "{8AD43BDB-90CE-41BF-AEE1-F821D6810220}"
EndProject
Project("{9A19103F-16F7-4668-BE54-9A1E7A4F7556}") = "Cryptogram", "Cryptogram\Cryptogram\Cryptogram.csproj", "{F4EBE979-42BE-488D-BB1E-D2CD7DDB6217}"
EndProject
Project("{FAE04EC0-301F-11D3-BF4B-00C04F79EFBC}") = "Cryptogram.iOS", "Cryptogram\Cryptogram.iOS\Cryptogram.iOS.csproj", "{46436CE2-0D26-44E9-8FFD-3F0A890014B7}"
EndProject
Project("{9A19103F-16F7-4668-BE54-9A1E7A4F7556}") = "SubAppInterface", "SubAppInterface\SubAppInterface.csproj", "{99A51F91-DD7E-4981-9EFA-CEED3BDCCA3D}"
EndProject
Project("{9A19103F-16F7-4668-BE54-9A1E7A4F7556}") = "VideoFileCryptographyLibrary", "VideoFileCryptographyLibrary\VideoFileCryptographyLibrary.csproj", "{1559A741-675F-4CC4-95D5-10C934747EF0}"
EndProject
Project("{9A19103F-16F7-4668-BE54-9A1E7A4F7556}") = "ChatComposer", "..\Shared\ChatComposer\ChatComposer.csproj", "{C255EB9A-6996-46AC-9CEF-E4DD2B35F927}"
EndProject
Project("{9A19103F-16F7-4668-BE54-9A1E7A4F7556}") = "CustomViewElements", "..\Shared\CustomViewElements\CustomViewElements.csproj", "{4260AFE6-94D0-4552-A0C3-E36FDC8E1617}"
EndProject
Project("{9A19103F-16F7-4668-BE54-9A1E7A4F7556}") = "MessageCompose", "..\Shared\MessageCompose\MessageCompose.csproj", "{26E771A1-6384-4252-8DEE-F2D8FD46F85A}"
EndProject
Project("{9A19103F-16F7-4668-BE54-9A1E7A4F7556}") = "NotificationService", "..\Shared\NotificationService\NotificationService.csproj", "{6A1DFA3D-4BB4-4C26-A2C1-0DB2A783B6AD}"
EndProject
Project("{9A19103F-16F7-4668-BE54-9A1E7A4F7556}") = "WhiteLabelDesignComponents", "..\Shared\WhiteLabelDesignComponents\WhiteLabelDesignComponents.csproj", "{5031B360-204A-4531-BFE3-B323A0D154F1}"
EndProject
Project("{9A19103F-16F7-4668-BE54-9A1E7A4F7556}") = "Localization", "..\Shared\Localization\Localization.csproj", "{CDBF013B-2F72-4967-B8ED-30BFCB6B623F}"
EndProject
Project("{9A19103F-16F7-4668-BE54-9A1E7A4F7556}") = "Utils", "..\Shared\Utils\Utils.csproj", "{77A894A3-A6AB-455D-A5E7-9847C19AE742}"
EndProject
Project("{9A19103F-16F7-4668-BE54-9A1E7A4F7556}") = "XamarinShared", "..\Shared\XamarinShared\XamarinShared.csproj", "{532B5872-6756-4D75-AF7D-5F7C1DCBC763}"
EndProject
Project("{9A19103F-16F7-4668-BE54-9A1E7A4F7556}") = "EncryptedMessaging", "..\..\..\EncryptedMessaging\EncryptedMessaging\EncryptedMessaging.csproj", "{CB2D3818-17E4-4926-A377-92871E08CF12}"
EndProject
Project("{9A19103F-16F7-4668-BE54-9A1E7A4F7556}") = "CommunicationChannel", "..\..\..\EncryptedMessaging\CommunicationChannel\CommunicationChannel.csproj", "{BD3F66A7-18FA-4ABC-87DE-8979D5213870}"
EndProject
Project("{9A19103F-16F7-4668-BE54-9A1E7A4F7556}") = "SecureStorage", "..\..\..\SecureStorage\SecureStorage.csproj", "{F0894F68-E197-4DA0-AC31-9204BC278A5D}"
EndProject
Global
	GlobalSection(SolutionConfigurationPlatforms) = preSolution
		Debug|Any CPU = Debug|Any CPU
		Debug|ARM = Debug|ARM
		Debug|ARM64 = Debug|ARM64
		Debug|iPhone = Debug|iPhone
		Debug|iPhoneSimulator = Debug|iPhoneSimulator
		Debug|x64 = Debug|x64
		Debug|x86 = Debug|x86
		DebugNuget|Any CPU = DebugNuget|Any CPU
		DebugNuget|ARM = DebugNuget|ARM
		DebugNuget|ARM64 = DebugNuget|ARM64
		DebugNuget|iPhone = DebugNuget|iPhone
		DebugNuget|iPhoneSimulator = DebugNuget|iPhoneSimulator
		DebugNuget|x64 = DebugNuget|x64
		DebugNuget|x86 = DebugNuget|x86
		Release|Any CPU = Release|Any CPU
		Release|ARM = Release|ARM
		Release|ARM64 = Release|ARM64
		Release|iPhone = Release|iPhone
		Release|iPhoneSimulator = Release|iPhoneSimulator
		Release|x64 = Release|x64
		Release|x86 = Release|x86
		Test|Any CPU = Test|Any CPU
		Test|ARM = Test|ARM
		Test|ARM64 = Test|ARM64
		Test|iPhone = Test|iPhone
		Test|iPhoneSimulator = Test|iPhoneSimulator
		Test|x64 = Test|x64
		Test|x86 = Test|x86
	EndGlobalSection
	GlobalSection(ProjectConfigurationPlatforms) = postSolution
		{8AD43BDB-90CE-41BF-AEE1-F821D6810220}.Debug|Any CPU.ActiveCfg = Debug|Any CPU
		{8AD43BDB-90CE-41BF-AEE1-F821D6810220}.Debug|Any CPU.Build.0 = Debug|Any CPU
		{8AD43BDB-90CE-41BF-AEE1-F821D6810220}.Debug|Any CPU.Deploy.0 = Debug|Any CPU
		{8AD43BDB-90CE-41BF-AEE1-F821D6810220}.Debug|ARM.ActiveCfg = Debug|Any CPU
		{8AD43BDB-90CE-41BF-AEE1-F821D6810220}.Debug|ARM.Build.0 = Debug|Any CPU
		{8AD43BDB-90CE-41BF-AEE1-F821D6810220}.Debug|ARM.Deploy.0 = Debug|Any CPU
		{8AD43BDB-90CE-41BF-AEE1-F821D6810220}.Debug|ARM64.ActiveCfg = Debug|Any CPU
		{8AD43BDB-90CE-41BF-AEE1-F821D6810220}.Debug|ARM64.Build.0 = Debug|Any CPU
		{8AD43BDB-90CE-41BF-AEE1-F821D6810220}.Debug|ARM64.Deploy.0 = Debug|Any CPU
		{8AD43BDB-90CE-41BF-AEE1-F821D6810220}.Debug|iPhone.ActiveCfg = Debug|Any CPU
		{8AD43BDB-90CE-41BF-AEE1-F821D6810220}.Debug|iPhone.Build.0 = Debug|Any CPU
		{8AD43BDB-90CE-41BF-AEE1-F821D6810220}.Debug|iPhone.Deploy.0 = Debug|Any CPU
		{8AD43BDB-90CE-41BF-AEE1-F821D6810220}.Debug|iPhoneSimulator.ActiveCfg = Debug|Any CPU
		{8AD43BDB-90CE-41BF-AEE1-F821D6810220}.Debug|iPhoneSimulator.Build.0 = Debug|Any CPU
		{8AD43BDB-90CE-41BF-AEE1-F821D6810220}.Debug|iPhoneSimulator.Deploy.0 = Debug|Any CPU
		{8AD43BDB-90CE-41BF-AEE1-F821D6810220}.Debug|x64.ActiveCfg = Debug|Any CPU
		{8AD43BDB-90CE-41BF-AEE1-F821D6810220}.Debug|x64.Build.0 = Debug|Any CPU
		{8AD43BDB-90CE-41BF-AEE1-F821D6810220}.Debug|x64.Deploy.0 = Debug|Any CPU
		{8AD43BDB-90CE-41BF-AEE1-F821D6810220}.Debug|x86.ActiveCfg = Debug|Any CPU
		{8AD43BDB-90CE-41BF-AEE1-F821D6810220}.Debug|x86.Build.0 = Debug|Any CPU
		{8AD43BDB-90CE-41BF-AEE1-F821D6810220}.Debug|x86.Deploy.0 = Debug|Any CPU
		{8AD43BDB-90CE-41BF-AEE1-F821D6810220}.DebugNuget|Any CPU.ActiveCfg = DEBUG_RAM|Any CPU
		{8AD43BDB-90CE-41BF-AEE1-F821D6810220}.DebugNuget|Any CPU.Build.0 = DEBUG_RAM|Any CPU
		{8AD43BDB-90CE-41BF-AEE1-F821D6810220}.DebugNuget|Any CPU.Deploy.0 = DEBUG_RAM|Any CPU
		{8AD43BDB-90CE-41BF-AEE1-F821D6810220}.DebugNuget|ARM.ActiveCfg = DEBUG_RAM|Any CPU
		{8AD43BDB-90CE-41BF-AEE1-F821D6810220}.DebugNuget|ARM.Build.0 = DEBUG_RAM|Any CPU
		{8AD43BDB-90CE-41BF-AEE1-F821D6810220}.DebugNuget|ARM.Deploy.0 = DEBUG_RAM|Any CPU
		{8AD43BDB-90CE-41BF-AEE1-F821D6810220}.DebugNuget|ARM64.ActiveCfg = DEBUG_RAM|Any CPU
		{8AD43BDB-90CE-41BF-AEE1-F821D6810220}.DebugNuget|ARM64.Build.0 = DEBUG_RAM|Any CPU
		{8AD43BDB-90CE-41BF-AEE1-F821D6810220}.DebugNuget|ARM64.Deploy.0 = DEBUG_RAM|Any CPU
		{8AD43BDB-90CE-41BF-AEE1-F821D6810220}.DebugNuget|iPhone.ActiveCfg = DEBUG_RAM|Any CPU
		{8AD43BDB-90CE-41BF-AEE1-F821D6810220}.DebugNuget|iPhone.Build.0 = DEBUG_RAM|Any CPU
		{8AD43BDB-90CE-41BF-AEE1-F821D6810220}.DebugNuget|iPhone.Deploy.0 = DEBUG_RAM|Any CPU
		{8AD43BDB-90CE-41BF-AEE1-F821D6810220}.DebugNuget|iPhoneSimulator.ActiveCfg = DEBUG_RAM|Any CPU
		{8AD43BDB-90CE-41BF-AEE1-F821D6810220}.DebugNuget|iPhoneSimulator.Build.0 = DEBUG_RAM|Any CPU
		{8AD43BDB-90CE-41BF-AEE1-F821D6810220}.DebugNuget|iPhoneSimulator.Deploy.0 = DEBUG_RAM|Any CPU
		{8AD43BDB-90CE-41BF-AEE1-F821D6810220}.DebugNuget|x64.ActiveCfg = DEBUG_RAM|Any CPU
		{8AD43BDB-90CE-41BF-AEE1-F821D6810220}.DebugNuget|x64.Build.0 = DEBUG_RAM|Any CPU
		{8AD43BDB-90CE-41BF-AEE1-F821D6810220}.DebugNuget|x64.Deploy.0 = DEBUG_RAM|Any CPU
		{8AD43BDB-90CE-41BF-AEE1-F821D6810220}.DebugNuget|x86.ActiveCfg = DEBUG_RAM|Any CPU
		{8AD43BDB-90CE-41BF-AEE1-F821D6810220}.DebugNuget|x86.Build.0 = DEBUG_RAM|Any CPU
		{8AD43BDB-90CE-41BF-AEE1-F821D6810220}.DebugNuget|x86.Deploy.0 = DEBUG_RAM|Any CPU
		{8AD43BDB-90CE-41BF-AEE1-F821D6810220}.Release|Any CPU.ActiveCfg = Release|Any CPU
		{8AD43BDB-90CE-41BF-AEE1-F821D6810220}.Release|Any CPU.Build.0 = Release|Any CPU
		{8AD43BDB-90CE-41BF-AEE1-F821D6810220}.Release|Any CPU.Deploy.0 = Release|Any CPU
		{8AD43BDB-90CE-41BF-AEE1-F821D6810220}.Release|ARM.ActiveCfg = Release|Any CPU
		{8AD43BDB-90CE-41BF-AEE1-F821D6810220}.Release|ARM.Build.0 = Release|Any CPU
		{8AD43BDB-90CE-41BF-AEE1-F821D6810220}.Release|ARM.Deploy.0 = Release|Any CPU
		{8AD43BDB-90CE-41BF-AEE1-F821D6810220}.Release|ARM64.ActiveCfg = Release|Any CPU
		{8AD43BDB-90CE-41BF-AEE1-F821D6810220}.Release|ARM64.Build.0 = Release|Any CPU
		{8AD43BDB-90CE-41BF-AEE1-F821D6810220}.Release|ARM64.Deploy.0 = Release|Any CPU
		{8AD43BDB-90CE-41BF-AEE1-F821D6810220}.Release|iPhone.ActiveCfg = Release|Any CPU
		{8AD43BDB-90CE-41BF-AEE1-F821D6810220}.Release|iPhone.Build.0 = Release|Any CPU
		{8AD43BDB-90CE-41BF-AEE1-F821D6810220}.Release|iPhone.Deploy.0 = Release|Any CPU
		{8AD43BDB-90CE-41BF-AEE1-F821D6810220}.Release|iPhoneSimulator.ActiveCfg = Release|Any CPU
		{8AD43BDB-90CE-41BF-AEE1-F821D6810220}.Release|iPhoneSimulator.Build.0 = Release|Any CPU
		{8AD43BDB-90CE-41BF-AEE1-F821D6810220}.Release|iPhoneSimulator.Deploy.0 = Release|Any CPU
		{8AD43BDB-90CE-41BF-AEE1-F821D6810220}.Release|x64.ActiveCfg = Release|Any CPU
		{8AD43BDB-90CE-41BF-AEE1-F821D6810220}.Release|x64.Build.0 = Release|Any CPU
		{8AD43BDB-90CE-41BF-AEE1-F821D6810220}.Release|x64.Deploy.0 = Release|Any CPU
		{8AD43BDB-90CE-41BF-AEE1-F821D6810220}.Release|x86.ActiveCfg = Release|Any CPU
		{8AD43BDB-90CE-41BF-AEE1-F821D6810220}.Release|x86.Build.0 = Release|Any CPU
		{8AD43BDB-90CE-41BF-AEE1-F821D6810220}.Release|x86.Deploy.0 = Release|Any CPU
		{8AD43BDB-90CE-41BF-AEE1-F821D6810220}.Test|Any CPU.ActiveCfg = Release|Any CPU
		{8AD43BDB-90CE-41BF-AEE1-F821D6810220}.Test|ARM.ActiveCfg = Release|Any CPU
		{8AD43BDB-90CE-41BF-AEE1-F821D6810220}.Test|ARM64.ActiveCfg = Release|Any CPU
		{8AD43BDB-90CE-41BF-AEE1-F821D6810220}.Test|iPhone.ActiveCfg = Release|Any CPU
		{8AD43BDB-90CE-41BF-AEE1-F821D6810220}.Test|iPhoneSimulator.ActiveCfg = Release|Any CPU
		{8AD43BDB-90CE-41BF-AEE1-F821D6810220}.Test|x64.ActiveCfg = Release|Any CPU
		{8AD43BDB-90CE-41BF-AEE1-F821D6810220}.Test|x86.ActiveCfg = Release|Any CPU
		{F4EBE979-42BE-488D-BB1E-D2CD7DDB6217}.Debug|Any CPU.ActiveCfg = Debug|Any CPU
		{F4EBE979-42BE-488D-BB1E-D2CD7DDB6217}.Debug|Any CPU.Build.0 = Debug|Any CPU
		{F4EBE979-42BE-488D-BB1E-D2CD7DDB6217}.Debug|ARM.ActiveCfg = Debug|Any CPU
		{F4EBE979-42BE-488D-BB1E-D2CD7DDB6217}.Debug|ARM.Build.0 = Debug|Any CPU
		{F4EBE979-42BE-488D-BB1E-D2CD7DDB6217}.Debug|ARM64.ActiveCfg = Debug|Any CPU
		{F4EBE979-42BE-488D-BB1E-D2CD7DDB6217}.Debug|ARM64.Build.0 = Debug|Any CPU
		{F4EBE979-42BE-488D-BB1E-D2CD7DDB6217}.Debug|iPhone.ActiveCfg = Debug|Any CPU
		{F4EBE979-42BE-488D-BB1E-D2CD7DDB6217}.Debug|iPhone.Build.0 = Debug|Any CPU
		{F4EBE979-42BE-488D-BB1E-D2CD7DDB6217}.Debug|iPhoneSimulator.ActiveCfg = Debug|Any CPU
		{F4EBE979-42BE-488D-BB1E-D2CD7DDB6217}.Debug|iPhoneSimulator.Build.0 = Debug|Any CPU
		{F4EBE979-42BE-488D-BB1E-D2CD7DDB6217}.Debug|x64.ActiveCfg = Debug|Any CPU
		{F4EBE979-42BE-488D-BB1E-D2CD7DDB6217}.Debug|x64.Build.0 = Debug|Any CPU
		{F4EBE979-42BE-488D-BB1E-D2CD7DDB6217}.Debug|x86.ActiveCfg = Debug|Any CPU
		{F4EBE979-42BE-488D-BB1E-D2CD7DDB6217}.Debug|x86.Build.0 = Debug|Any CPU
		{F4EBE979-42BE-488D-BB1E-D2CD7DDB6217}.DebugNuget|Any CPU.ActiveCfg = DEBUG_ALI|Any CPU
		{F4EBE979-42BE-488D-BB1E-D2CD7DDB6217}.DebugNuget|Any CPU.Build.0 = DEBUG_ALI|Any CPU
		{F4EBE979-42BE-488D-BB1E-D2CD7DDB6217}.DebugNuget|ARM.ActiveCfg = DEBUG_ALI|Any CPU
		{F4EBE979-42BE-488D-BB1E-D2CD7DDB6217}.DebugNuget|ARM.Build.0 = DEBUG_ALI|Any CPU
		{F4EBE979-42BE-488D-BB1E-D2CD7DDB6217}.DebugNuget|ARM64.ActiveCfg = DEBUG_ALI|Any CPU
		{F4EBE979-42BE-488D-BB1E-D2CD7DDB6217}.DebugNuget|ARM64.Build.0 = DEBUG_ALI|Any CPU
		{F4EBE979-42BE-488D-BB1E-D2CD7DDB6217}.DebugNuget|iPhone.ActiveCfg = DEBUG_ALI|Any CPU
		{F4EBE979-42BE-488D-BB1E-D2CD7DDB6217}.DebugNuget|iPhone.Build.0 = DEBUG_ALI|Any CPU
		{F4EBE979-42BE-488D-BB1E-D2CD7DDB6217}.DebugNuget|iPhoneSimulator.ActiveCfg = DEBUG_ALI|Any CPU
		{F4EBE979-42BE-488D-BB1E-D2CD7DDB6217}.DebugNuget|iPhoneSimulator.Build.0 = DEBUG_ALI|Any CPU
		{F4EBE979-42BE-488D-BB1E-D2CD7DDB6217}.DebugNuget|x64.ActiveCfg = DEBUG_ALI|Any CPU
		{F4EBE979-42BE-488D-BB1E-D2CD7DDB6217}.DebugNuget|x64.Build.0 = DEBUG_ALI|Any CPU
		{F4EBE979-42BE-488D-BB1E-D2CD7DDB6217}.DebugNuget|x86.ActiveCfg = DEBUG_ALI|Any CPU
		{F4EBE979-42BE-488D-BB1E-D2CD7DDB6217}.DebugNuget|x86.Build.0 = DEBUG_ALI|Any CPU
		{F4EBE979-42BE-488D-BB1E-D2CD7DDB6217}.Release|Any CPU.ActiveCfg = Release|Any CPU
		{F4EBE979-42BE-488D-BB1E-D2CD7DDB6217}.Release|Any CPU.Build.0 = Release|Any CPU
		{F4EBE979-42BE-488D-BB1E-D2CD7DDB6217}.Release|ARM.ActiveCfg = Release|Any CPU
		{F4EBE979-42BE-488D-BB1E-D2CD7DDB6217}.Release|ARM.Build.0 = Release|Any CPU
		{F4EBE979-42BE-488D-BB1E-D2CD7DDB6217}.Release|ARM64.ActiveCfg = Release|Any CPU
		{F4EBE979-42BE-488D-BB1E-D2CD7DDB6217}.Release|ARM64.Build.0 = Release|Any CPU
		{F4EBE979-42BE-488D-BB1E-D2CD7DDB6217}.Release|iPhone.ActiveCfg = Release|Any CPU
		{F4EBE979-42BE-488D-BB1E-D2CD7DDB6217}.Release|iPhone.Build.0 = Release|Any CPU
		{F4EBE979-42BE-488D-BB1E-D2CD7DDB6217}.Release|iPhoneSimulator.ActiveCfg = Release|Any CPU
		{F4EBE979-42BE-488D-BB1E-D2CD7DDB6217}.Release|iPhoneSimulator.Build.0 = Release|Any CPU
		{F4EBE979-42BE-488D-BB1E-D2CD7DDB6217}.Release|x64.ActiveCfg = Release|Any CPU
		{F4EBE979-42BE-488D-BB1E-D2CD7DDB6217}.Release|x64.Build.0 = Release|Any CPU
		{F4EBE979-42BE-488D-BB1E-D2CD7DDB6217}.Release|x86.ActiveCfg = Release|Any CPU
		{F4EBE979-42BE-488D-BB1E-D2CD7DDB6217}.Release|x86.Build.0 = Release|Any CPU
		{F4EBE979-42BE-488D-BB1E-D2CD7DDB6217}.Test|Any CPU.ActiveCfg = Release|Any CPU
		{F4EBE979-42BE-488D-BB1E-D2CD7DDB6217}.Test|ARM.ActiveCfg = Release|Any CPU
		{F4EBE979-42BE-488D-BB1E-D2CD7DDB6217}.Test|ARM64.ActiveCfg = Release|Any CPU
		{F4EBE979-42BE-488D-BB1E-D2CD7DDB6217}.Test|iPhone.ActiveCfg = Release|Any CPU
		{F4EBE979-42BE-488D-BB1E-D2CD7DDB6217}.Test|iPhoneSimulator.ActiveCfg = Release|Any CPU
		{F4EBE979-42BE-488D-BB1E-D2CD7DDB6217}.Test|x64.ActiveCfg = Release|Any CPU
		{F4EBE979-42BE-488D-BB1E-D2CD7DDB6217}.Test|x86.ActiveCfg = Release|Any CPU
		{46436CE2-0D26-44E9-8FFD-3F0A890014B7}.Debug|Any CPU.ActiveCfg = Debug|iPhone
		{46436CE2-0D26-44E9-8FFD-3F0A890014B7}.Debug|Any CPU.Build.0 = Debug|iPhone
		{46436CE2-0D26-44E9-8FFD-3F0A890014B7}.Debug|Any CPU.Deploy.0 = Debug|iPhone
		{46436CE2-0D26-44E9-8FFD-3F0A890014B7}.Debug|ARM.ActiveCfg = Debug|iPhone
		{46436CE2-0D26-44E9-8FFD-3F0A890014B7}.Debug|ARM64.ActiveCfg = Debug|iPhone
		{46436CE2-0D26-44E9-8FFD-3F0A890014B7}.Debug|iPhone.ActiveCfg = Debug|iPhone
		{46436CE2-0D26-44E9-8FFD-3F0A890014B7}.Debug|iPhone.Build.0 = Debug|iPhone
		{46436CE2-0D26-44E9-8FFD-3F0A890014B7}.Debug|iPhone.Deploy.0 = Debug|iPhone
		{46436CE2-0D26-44E9-8FFD-3F0A890014B7}.Debug|iPhoneSimulator.ActiveCfg = Debug|iPhoneSimulator
		{46436CE2-0D26-44E9-8FFD-3F0A890014B7}.Debug|iPhoneSimulator.Build.0 = Debug|iPhoneSimulator
		{46436CE2-0D26-44E9-8FFD-3F0A890014B7}.Debug|x64.ActiveCfg = Debug|iPhone
		{46436CE2-0D26-44E9-8FFD-3F0A890014B7}.Debug|x86.ActiveCfg = Debug|iPhone
		{46436CE2-0D26-44E9-8FFD-3F0A890014B7}.DebugNuget|Any CPU.ActiveCfg = DEBUG_RAM|iPhoneSimulator
		{46436CE2-0D26-44E9-8FFD-3F0A890014B7}.DebugNuget|Any CPU.Build.0 = DEBUG_RAM|iPhoneSimulator
		{46436CE2-0D26-44E9-8FFD-3F0A890014B7}.DebugNuget|ARM.ActiveCfg = DEBUG_RAM|iPhoneSimulator
		{46436CE2-0D26-44E9-8FFD-3F0A890014B7}.DebugNuget|ARM.Build.0 = DEBUG_RAM|iPhoneSimulator
		{46436CE2-0D26-44E9-8FFD-3F0A890014B7}.DebugNuget|ARM64.ActiveCfg = DEBUG_RAM|iPhoneSimulator
		{46436CE2-0D26-44E9-8FFD-3F0A890014B7}.DebugNuget|ARM64.Build.0 = DEBUG_RAM|iPhoneSimulator
		{46436CE2-0D26-44E9-8FFD-3F0A890014B7}.DebugNuget|iPhone.ActiveCfg = DEBUG_RAM|iPhone
		{46436CE2-0D26-44E9-8FFD-3F0A890014B7}.DebugNuget|iPhone.Build.0 = DEBUG_RAM|iPhone
		{46436CE2-0D26-44E9-8FFD-3F0A890014B7}.DebugNuget|iPhoneSimulator.ActiveCfg = DEBUG_RAM|iPhoneSimulator
		{46436CE2-0D26-44E9-8FFD-3F0A890014B7}.DebugNuget|iPhoneSimulator.Build.0 = DEBUG_RAM|iPhoneSimulator
		{46436CE2-0D26-44E9-8FFD-3F0A890014B7}.DebugNuget|x64.ActiveCfg = DEBUG_RAM|iPhoneSimulator
		{46436CE2-0D26-44E9-8FFD-3F0A890014B7}.DebugNuget|x64.Build.0 = DEBUG_RAM|iPhoneSimulator
		{46436CE2-0D26-44E9-8FFD-3F0A890014B7}.DebugNuget|x86.ActiveCfg = DEBUG_RAM|iPhoneSimulator
		{46436CE2-0D26-44E9-8FFD-3F0A890014B7}.DebugNuget|x86.Build.0 = DEBUG_RAM|iPhoneSimulator
		{46436CE2-0D26-44E9-8FFD-3F0A890014B7}.Release|Any CPU.ActiveCfg = Release|iPhone
		{46436CE2-0D26-44E9-8FFD-3F0A890014B7}.Release|ARM.ActiveCfg = Release|iPhone
		{46436CE2-0D26-44E9-8FFD-3F0A890014B7}.Release|ARM64.ActiveCfg = Release|iPhone
		{46436CE2-0D26-44E9-8FFD-3F0A890014B7}.Release|iPhone.ActiveCfg = Release|iPhone
		{46436CE2-0D26-44E9-8FFD-3F0A890014B7}.Release|iPhone.Build.0 = Release|iPhone
		{46436CE2-0D26-44E9-8FFD-3F0A890014B7}.Release|iPhone.Deploy.0 = Release|iPhone
		{46436CE2-0D26-44E9-8FFD-3F0A890014B7}.Release|iPhoneSimulator.ActiveCfg = Release|iPhoneSimulator
		{46436CE2-0D26-44E9-8FFD-3F0A890014B7}.Release|iPhoneSimulator.Build.0 = Release|iPhoneSimulator
		{46436CE2-0D26-44E9-8FFD-3F0A890014B7}.Release|x64.ActiveCfg = Release|iPhone
		{46436CE2-0D26-44E9-8FFD-3F0A890014B7}.Release|x86.ActiveCfg = Release|iPhone
		{46436CE2-0D26-44E9-8FFD-3F0A890014B7}.Test|Any CPU.ActiveCfg = Release|iPhoneSimulator
		{46436CE2-0D26-44E9-8FFD-3F0A890014B7}.Test|ARM.ActiveCfg = Release|iPhoneSimulator
		{46436CE2-0D26-44E9-8FFD-3F0A890014B7}.Test|ARM64.ActiveCfg = Release|iPhoneSimulator
		{46436CE2-0D26-44E9-8FFD-3F0A890014B7}.Test|iPhone.ActiveCfg = Release|iPhone
		{46436CE2-0D26-44E9-8FFD-3F0A890014B7}.Test|iPhoneSimulator.ActiveCfg = Release|iPhoneSimulator
		{46436CE2-0D26-44E9-8FFD-3F0A890014B7}.Test|x64.ActiveCfg = Release|iPhoneSimulator
		{46436CE2-0D26-44E9-8FFD-3F0A890014B7}.Test|x86.ActiveCfg = Release|iPhoneSimulator
		{99A51F91-DD7E-4981-9EFA-CEED3BDCCA3D}.Debug|Any CPU.ActiveCfg = Debug|Any CPU
		{99A51F91-DD7E-4981-9EFA-CEED3BDCCA3D}.Debug|Any CPU.Build.0 = Debug|Any CPU
		{99A51F91-DD7E-4981-9EFA-CEED3BDCCA3D}.Debug|ARM.ActiveCfg = Debug|Any CPU
		{99A51F91-DD7E-4981-9EFA-CEED3BDCCA3D}.Debug|ARM.Build.0 = Debug|Any CPU
		{99A51F91-DD7E-4981-9EFA-CEED3BDCCA3D}.Debug|ARM64.ActiveCfg = Debug|Any CPU
		{99A51F91-DD7E-4981-9EFA-CEED3BDCCA3D}.Debug|ARM64.Build.0 = Debug|Any CPU
		{99A51F91-DD7E-4981-9EFA-CEED3BDCCA3D}.Debug|iPhone.ActiveCfg = Debug|Any CPU
		{99A51F91-DD7E-4981-9EFA-CEED3BDCCA3D}.Debug|iPhone.Build.0 = Debug|Any CPU
		{99A51F91-DD7E-4981-9EFA-CEED3BDCCA3D}.Debug|iPhoneSimulator.ActiveCfg = Debug|Any CPU
		{99A51F91-DD7E-4981-9EFA-CEED3BDCCA3D}.Debug|iPhoneSimulator.Build.0 = Debug|Any CPU
		{99A51F91-DD7E-4981-9EFA-CEED3BDCCA3D}.Debug|x64.ActiveCfg = Debug|Any CPU
		{99A51F91-DD7E-4981-9EFA-CEED3BDCCA3D}.Debug|x64.Build.0 = Debug|Any CPU
		{99A51F91-DD7E-4981-9EFA-CEED3BDCCA3D}.Debug|x86.ActiveCfg = Debug|Any CPU
		{99A51F91-DD7E-4981-9EFA-CEED3BDCCA3D}.Debug|x86.Build.0 = Debug|Any CPU
		{99A51F91-DD7E-4981-9EFA-CEED3BDCCA3D}.DebugNuget|Any CPU.ActiveCfg = DEBUG_ALI|Any CPU
		{99A51F91-DD7E-4981-9EFA-CEED3BDCCA3D}.DebugNuget|Any CPU.Build.0 = DEBUG_ALI|Any CPU
		{99A51F91-DD7E-4981-9EFA-CEED3BDCCA3D}.DebugNuget|ARM.ActiveCfg = DEBUG_ALI|Any CPU
		{99A51F91-DD7E-4981-9EFA-CEED3BDCCA3D}.DebugNuget|ARM.Build.0 = DEBUG_ALI|Any CPU
		{99A51F91-DD7E-4981-9EFA-CEED3BDCCA3D}.DebugNuget|ARM64.ActiveCfg = DEBUG_ALI|Any CPU
		{99A51F91-DD7E-4981-9EFA-CEED3BDCCA3D}.DebugNuget|ARM64.Build.0 = DEBUG_ALI|Any CPU
		{99A51F91-DD7E-4981-9EFA-CEED3BDCCA3D}.DebugNuget|iPhone.ActiveCfg = DEBUG_ALI|Any CPU
		{99A51F91-DD7E-4981-9EFA-CEED3BDCCA3D}.DebugNuget|iPhone.Build.0 = DEBUG_ALI|Any CPU
		{99A51F91-DD7E-4981-9EFA-CEED3BDCCA3D}.DebugNuget|iPhoneSimulator.ActiveCfg = DEBUG_ALI|Any CPU
		{99A51F91-DD7E-4981-9EFA-CEED3BDCCA3D}.DebugNuget|iPhoneSimulator.Build.0 = DEBUG_ALI|Any CPU
		{99A51F91-DD7E-4981-9EFA-CEED3BDCCA3D}.DebugNuget|x64.ActiveCfg = DEBUG_ALI|Any CPU
		{99A51F91-DD7E-4981-9EFA-CEED3BDCCA3D}.DebugNuget|x64.Build.0 = DEBUG_ALI|Any CPU
		{99A51F91-DD7E-4981-9EFA-CEED3BDCCA3D}.DebugNuget|x86.ActiveCfg = DEBUG_ALI|Any CPU
		{99A51F91-DD7E-4981-9EFA-CEED3BDCCA3D}.DebugNuget|x86.Build.0 = DEBUG_ALI|Any CPU
		{99A51F91-DD7E-4981-9EFA-CEED3BDCCA3D}.Release|Any CPU.ActiveCfg = Release|Any CPU
		{99A51F91-DD7E-4981-9EFA-CEED3BDCCA3D}.Release|Any CPU.Build.0 = Release|Any CPU
		{99A51F91-DD7E-4981-9EFA-CEED3BDCCA3D}.Release|ARM.ActiveCfg = Release|Any CPU
		{99A51F91-DD7E-4981-9EFA-CEED3BDCCA3D}.Release|ARM.Build.0 = Release|Any CPU
		{99A51F91-DD7E-4981-9EFA-CEED3BDCCA3D}.Release|ARM64.ActiveCfg = Release|Any CPU
		{99A51F91-DD7E-4981-9EFA-CEED3BDCCA3D}.Release|ARM64.Build.0 = Release|Any CPU
		{99A51F91-DD7E-4981-9EFA-CEED3BDCCA3D}.Release|iPhone.ActiveCfg = Release|Any CPU
		{99A51F91-DD7E-4981-9EFA-CEED3BDCCA3D}.Release|iPhone.Build.0 = Release|Any CPU
		{99A51F91-DD7E-4981-9EFA-CEED3BDCCA3D}.Release|iPhoneSimulator.ActiveCfg = Release|Any CPU
		{99A51F91-DD7E-4981-9EFA-CEED3BDCCA3D}.Release|iPhoneSimulator.Build.0 = Release|Any CPU
		{99A51F91-DD7E-4981-9EFA-CEED3BDCCA3D}.Release|x64.ActiveCfg = Release|Any CPU
		{99A51F91-DD7E-4981-9EFA-CEED3BDCCA3D}.Release|x64.Build.0 = Release|Any CPU
		{99A51F91-DD7E-4981-9EFA-CEED3BDCCA3D}.Release|x86.ActiveCfg = Release|Any CPU
		{99A51F91-DD7E-4981-9EFA-CEED3BDCCA3D}.Release|x86.Build.0 = Release|Any CPU
		{99A51F91-DD7E-4981-9EFA-CEED3BDCCA3D}.Test|Any CPU.ActiveCfg = DEBUG_ALI|Any CPU
		{99A51F91-DD7E-4981-9EFA-CEED3BDCCA3D}.Test|Any CPU.Build.0 = DEBUG_ALI|Any CPU
		{99A51F91-DD7E-4981-9EFA-CEED3BDCCA3D}.Test|ARM.ActiveCfg = DEBUG_ALI|Any CPU
		{99A51F91-DD7E-4981-9EFA-CEED3BDCCA3D}.Test|ARM.Build.0 = DEBUG_ALI|Any CPU
		{99A51F91-DD7E-4981-9EFA-CEED3BDCCA3D}.Test|ARM64.ActiveCfg = DEBUG_ALI|Any CPU
		{99A51F91-DD7E-4981-9EFA-CEED3BDCCA3D}.Test|ARM64.Build.0 = DEBUG_ALI|Any CPU
		{99A51F91-DD7E-4981-9EFA-CEED3BDCCA3D}.Test|iPhone.ActiveCfg = DEBUG_ALI|Any CPU
		{99A51F91-DD7E-4981-9EFA-CEED3BDCCA3D}.Test|iPhone.Build.0 = DEBUG_ALI|Any CPU
		{99A51F91-DD7E-4981-9EFA-CEED3BDCCA3D}.Test|iPhoneSimulator.ActiveCfg = DEBUG_ALI|Any CPU
		{99A51F91-DD7E-4981-9EFA-CEED3BDCCA3D}.Test|iPhoneSimulator.Build.0 = DEBUG_ALI|Any CPU
		{99A51F91-DD7E-4981-9EFA-CEED3BDCCA3D}.Test|x64.ActiveCfg = DEBUG_ALI|Any CPU
		{99A51F91-DD7E-4981-9EFA-CEED3BDCCA3D}.Test|x64.Build.0 = DEBUG_ALI|Any CPU
		{99A51F91-DD7E-4981-9EFA-CEED3BDCCA3D}.Test|x86.ActiveCfg = DEBUG_ALI|Any CPU
		{99A51F91-DD7E-4981-9EFA-CEED3BDCCA3D}.Test|x86.Build.0 = DEBUG_ALI|Any CPU
		{1559A741-675F-4CC4-95D5-10C934747EF0}.Debug|Any CPU.ActiveCfg = Debug|Any CPU
		{1559A741-675F-4CC4-95D5-10C934747EF0}.Debug|Any CPU.Build.0 = Debug|Any CPU
		{1559A741-675F-4CC4-95D5-10C934747EF0}.Debug|ARM.ActiveCfg = Debug|Any CPU
		{1559A741-675F-4CC4-95D5-10C934747EF0}.Debug|ARM.Build.0 = Debug|Any CPU
		{1559A741-675F-4CC4-95D5-10C934747EF0}.Debug|ARM64.ActiveCfg = Debug|Any CPU
		{1559A741-675F-4CC4-95D5-10C934747EF0}.Debug|ARM64.Build.0 = Debug|Any CPU
		{1559A741-675F-4CC4-95D5-10C934747EF0}.Debug|iPhone.ActiveCfg = Debug|Any CPU
		{1559A741-675F-4CC4-95D5-10C934747EF0}.Debug|iPhone.Build.0 = Debug|Any CPU
		{1559A741-675F-4CC4-95D5-10C934747EF0}.Debug|iPhoneSimulator.ActiveCfg = Debug|Any CPU
		{1559A741-675F-4CC4-95D5-10C934747EF0}.Debug|iPhoneSimulator.Build.0 = Debug|Any CPU
		{1559A741-675F-4CC4-95D5-10C934747EF0}.Debug|x64.ActiveCfg = Debug|Any CPU
		{1559A741-675F-4CC4-95D5-10C934747EF0}.Debug|x64.Build.0 = Debug|Any CPU
		{1559A741-675F-4CC4-95D5-10C934747EF0}.Debug|x86.ActiveCfg = Debug|Any CPU
		{1559A741-675F-4CC4-95D5-10C934747EF0}.Debug|x86.Build.0 = Debug|Any CPU
		{1559A741-675F-4CC4-95D5-10C934747EF0}.DebugNuget|Any CPU.ActiveCfg = Debug|Any CPU
		{1559A741-675F-4CC4-95D5-10C934747EF0}.DebugNuget|Any CPU.Build.0 = Debug|Any CPU
		{1559A741-675F-4CC4-95D5-10C934747EF0}.DebugNuget|ARM.ActiveCfg = Debug|Any CPU
		{1559A741-675F-4CC4-95D5-10C934747EF0}.DebugNuget|ARM.Build.0 = Debug|Any CPU
		{1559A741-675F-4CC4-95D5-10C934747EF0}.DebugNuget|ARM64.ActiveCfg = Debug|Any CPU
		{1559A741-675F-4CC4-95D5-10C934747EF0}.DebugNuget|ARM64.Build.0 = Debug|Any CPU
		{1559A741-675F-4CC4-95D5-10C934747EF0}.DebugNuget|iPhone.ActiveCfg = Debug|Any CPU
		{1559A741-675F-4CC4-95D5-10C934747EF0}.DebugNuget|iPhone.Build.0 = Debug|Any CPU
		{1559A741-675F-4CC4-95D5-10C934747EF0}.DebugNuget|iPhoneSimulator.ActiveCfg = Debug|Any CPU
		{1559A741-675F-4CC4-95D5-10C934747EF0}.DebugNuget|iPhoneSimulator.Build.0 = Debug|Any CPU
		{1559A741-675F-4CC4-95D5-10C934747EF0}.DebugNuget|x64.ActiveCfg = Debug|Any CPU
		{1559A741-675F-4CC4-95D5-10C934747EF0}.DebugNuget|x64.Build.0 = Debug|Any CPU
		{1559A741-675F-4CC4-95D5-10C934747EF0}.DebugNuget|x86.ActiveCfg = Debug|Any CPU
		{1559A741-675F-4CC4-95D5-10C934747EF0}.DebugNuget|x86.Build.0 = Debug|Any CPU
		{1559A741-675F-4CC4-95D5-10C934747EF0}.Release|Any CPU.ActiveCfg = Release|Any CPU
		{1559A741-675F-4CC4-95D5-10C934747EF0}.Release|Any CPU.Build.0 = Release|Any CPU
		{1559A741-675F-4CC4-95D5-10C934747EF0}.Release|ARM.ActiveCfg = Release|Any CPU
		{1559A741-675F-4CC4-95D5-10C934747EF0}.Release|ARM.Build.0 = Release|Any CPU
		{1559A741-675F-4CC4-95D5-10C934747EF0}.Release|ARM64.ActiveCfg = Release|Any CPU
		{1559A741-675F-4CC4-95D5-10C934747EF0}.Release|ARM64.Build.0 = Release|Any CPU
		{1559A741-675F-4CC4-95D5-10C934747EF0}.Release|iPhone.ActiveCfg = Release|Any CPU
		{1559A741-675F-4CC4-95D5-10C934747EF0}.Release|iPhone.Build.0 = Release|Any CPU
		{1559A741-675F-4CC4-95D5-10C934747EF0}.Release|iPhoneSimulator.ActiveCfg = Release|Any CPU
		{1559A741-675F-4CC4-95D5-10C934747EF0}.Release|iPhoneSimulator.Build.0 = Release|Any CPU
		{1559A741-675F-4CC4-95D5-10C934747EF0}.Release|x64.ActiveCfg = Release|Any CPU
		{1559A741-675F-4CC4-95D5-10C934747EF0}.Release|x64.Build.0 = Release|Any CPU
		{1559A741-675F-4CC4-95D5-10C934747EF0}.Release|x86.ActiveCfg = Release|Any CPU
		{1559A741-675F-4CC4-95D5-10C934747EF0}.Release|x86.Build.0 = Release|Any CPU
		{1559A741-675F-4CC4-95D5-10C934747EF0}.Test|Any CPU.ActiveCfg = Release|Any CPU
		{1559A741-675F-4CC4-95D5-10C934747EF0}.Test|Any CPU.Build.0 = Release|Any CPU
		{1559A741-675F-4CC4-95D5-10C934747EF0}.Test|ARM.ActiveCfg = Release|Any CPU
		{1559A741-675F-4CC4-95D5-10C934747EF0}.Test|ARM.Build.0 = Release|Any CPU
		{1559A741-675F-4CC4-95D5-10C934747EF0}.Test|ARM64.ActiveCfg = Release|Any CPU
		{1559A741-675F-4CC4-95D5-10C934747EF0}.Test|ARM64.Build.0 = Release|Any CPU
		{1559A741-675F-4CC4-95D5-10C934747EF0}.Test|iPhone.ActiveCfg = Release|Any CPU
		{1559A741-675F-4CC4-95D5-10C934747EF0}.Test|iPhone.Build.0 = Release|Any CPU
		{1559A741-675F-4CC4-95D5-10C934747EF0}.Test|iPhoneSimulator.ActiveCfg = Release|Any CPU
		{1559A741-675F-4CC4-95D5-10C934747EF0}.Test|iPhoneSimulator.Build.0 = Release|Any CPU
		{1559A741-675F-4CC4-95D5-10C934747EF0}.Test|x64.ActiveCfg = Release|Any CPU
		{1559A741-675F-4CC4-95D5-10C934747EF0}.Test|x64.Build.0 = Release|Any CPU
		{1559A741-675F-4CC4-95D5-10C934747EF0}.Test|x86.ActiveCfg = Release|Any CPU
		{1559A741-675F-4CC4-95D5-10C934747EF0}.Test|x86.Build.0 = Release|Any CPU
		{C255EB9A-6996-46AC-9CEF-E4DD2B35F927}.Debug|Any CPU.ActiveCfg = Debug|Any CPU
		{C255EB9A-6996-46AC-9CEF-E4DD2B35F927}.Debug|Any CPU.Build.0 = Debug|Any CPU
		{C255EB9A-6996-46AC-9CEF-E4DD2B35F927}.Debug|ARM.ActiveCfg = Debug|Any CPU
		{C255EB9A-6996-46AC-9CEF-E4DD2B35F927}.Debug|ARM.Build.0 = Debug|Any CPU
		{C255EB9A-6996-46AC-9CEF-E4DD2B35F927}.Debug|ARM64.ActiveCfg = Debug|Any CPU
		{C255EB9A-6996-46AC-9CEF-E4DD2B35F927}.Debug|ARM64.Build.0 = Debug|Any CPU
		{C255EB9A-6996-46AC-9CEF-E4DD2B35F927}.Debug|iPhone.ActiveCfg = Debug|Any CPU
		{C255EB9A-6996-46AC-9CEF-E4DD2B35F927}.Debug|iPhone.Build.0 = Debug|Any CPU
		{C255EB9A-6996-46AC-9CEF-E4DD2B35F927}.Debug|iPhoneSimulator.ActiveCfg = Debug|Any CPU
		{C255EB9A-6996-46AC-9CEF-E4DD2B35F927}.Debug|iPhoneSimulator.Build.0 = Debug|Any CPU
		{C255EB9A-6996-46AC-9CEF-E4DD2B35F927}.Debug|x64.ActiveCfg = Debug|Any CPU
		{C255EB9A-6996-46AC-9CEF-E4DD2B35F927}.Debug|x64.Build.0 = Debug|Any CPU
		{C255EB9A-6996-46AC-9CEF-E4DD2B35F927}.Debug|x86.ActiveCfg = Debug|Any CPU
		{C255EB9A-6996-46AC-9CEF-E4DD2B35F927}.Debug|x86.Build.0 = Debug|Any CPU
		{C255EB9A-6996-46AC-9CEF-E4DD2B35F927}.DebugNuget|Any CPU.ActiveCfg = DebugNuget|Any CPU
		{C255EB9A-6996-46AC-9CEF-E4DD2B35F927}.DebugNuget|Any CPU.Build.0 = DebugNuget|Any CPU
		{C255EB9A-6996-46AC-9CEF-E4DD2B35F927}.DebugNuget|ARM.ActiveCfg = DebugNuget|Any CPU
		{C255EB9A-6996-46AC-9CEF-E4DD2B35F927}.DebugNuget|ARM.Build.0 = DebugNuget|Any CPU
		{C255EB9A-6996-46AC-9CEF-E4DD2B35F927}.DebugNuget|ARM64.ActiveCfg = DebugNuget|Any CPU
		{C255EB9A-6996-46AC-9CEF-E4DD2B35F927}.DebugNuget|ARM64.Build.0 = DebugNuget|Any CPU
		{C255EB9A-6996-46AC-9CEF-E4DD2B35F927}.DebugNuget|iPhone.ActiveCfg = DebugNuget|Any CPU
		{C255EB9A-6996-46AC-9CEF-E4DD2B35F927}.DebugNuget|iPhone.Build.0 = DebugNuget|Any CPU
		{C255EB9A-6996-46AC-9CEF-E4DD2B35F927}.DebugNuget|iPhoneSimulator.ActiveCfg = DebugNuget|Any CPU
		{C255EB9A-6996-46AC-9CEF-E4DD2B35F927}.DebugNuget|iPhoneSimulator.Build.0 = DebugNuget|Any CPU
		{C255EB9A-6996-46AC-9CEF-E4DD2B35F927}.DebugNuget|x64.ActiveCfg = DebugNuget|Any CPU
		{C255EB9A-6996-46AC-9CEF-E4DD2B35F927}.DebugNuget|x64.Build.0 = DebugNuget|Any CPU
		{C255EB9A-6996-46AC-9CEF-E4DD2B35F927}.DebugNuget|x86.ActiveCfg = DebugNuget|Any CPU
		{C255EB9A-6996-46AC-9CEF-E4DD2B35F927}.DebugNuget|x86.Build.0 = DebugNuget|Any CPU
		{C255EB9A-6996-46AC-9CEF-E4DD2B35F927}.Release|Any CPU.ActiveCfg = Release|Any CPU
		{C255EB9A-6996-46AC-9CEF-E4DD2B35F927}.Release|Any CPU.Build.0 = Release|Any CPU
		{C255EB9A-6996-46AC-9CEF-E4DD2B35F927}.Release|ARM.ActiveCfg = Release|Any CPU
		{C255EB9A-6996-46AC-9CEF-E4DD2B35F927}.Release|ARM.Build.0 = Release|Any CPU
		{C255EB9A-6996-46AC-9CEF-E4DD2B35F927}.Release|ARM64.ActiveCfg = Release|Any CPU
		{C255EB9A-6996-46AC-9CEF-E4DD2B35F927}.Release|ARM64.Build.0 = Release|Any CPU
		{C255EB9A-6996-46AC-9CEF-E4DD2B35F927}.Release|iPhone.ActiveCfg = Release|Any CPU
		{C255EB9A-6996-46AC-9CEF-E4DD2B35F927}.Release|iPhone.Build.0 = Release|Any CPU
		{C255EB9A-6996-46AC-9CEF-E4DD2B35F927}.Release|iPhoneSimulator.ActiveCfg = Release|Any CPU
		{C255EB9A-6996-46AC-9CEF-E4DD2B35F927}.Release|iPhoneSimulator.Build.0 = Release|Any CPU
		{C255EB9A-6996-46AC-9CEF-E4DD2B35F927}.Release|x64.ActiveCfg = Release|Any CPU
		{C255EB9A-6996-46AC-9CEF-E4DD2B35F927}.Release|x64.Build.0 = Release|Any CPU
		{C255EB9A-6996-46AC-9CEF-E4DD2B35F927}.Release|x86.ActiveCfg = Release|Any CPU
		{C255EB9A-6996-46AC-9CEF-E4DD2B35F927}.Release|x86.Build.0 = Release|Any CPU
		{C255EB9A-6996-46AC-9CEF-E4DD2B35F927}.Test|Any CPU.ActiveCfg = Debug|Any CPU
		{C255EB9A-6996-46AC-9CEF-E4DD2B35F927}.Test|Any CPU.Build.0 = Debug|Any CPU
		{C255EB9A-6996-46AC-9CEF-E4DD2B35F927}.Test|ARM.ActiveCfg = Debug|Any CPU
		{C255EB9A-6996-46AC-9CEF-E4DD2B35F927}.Test|ARM.Build.0 = Debug|Any CPU
		{C255EB9A-6996-46AC-9CEF-E4DD2B35F927}.Test|ARM64.ActiveCfg = Debug|Any CPU
		{C255EB9A-6996-46AC-9CEF-E4DD2B35F927}.Test|ARM64.Build.0 = Debug|Any CPU
		{C255EB9A-6996-46AC-9CEF-E4DD2B35F927}.Test|iPhone.ActiveCfg = Debug|Any CPU
		{C255EB9A-6996-46AC-9CEF-E4DD2B35F927}.Test|iPhone.Build.0 = Debug|Any CPU
		{C255EB9A-6996-46AC-9CEF-E4DD2B35F927}.Test|iPhoneSimulator.ActiveCfg = Debug|Any CPU
		{C255EB9A-6996-46AC-9CEF-E4DD2B35F927}.Test|iPhoneSimulator.Build.0 = Debug|Any CPU
		{C255EB9A-6996-46AC-9CEF-E4DD2B35F927}.Test|x64.ActiveCfg = Debug|Any CPU
		{C255EB9A-6996-46AC-9CEF-E4DD2B35F927}.Test|x64.Build.0 = Debug|Any CPU
		{C255EB9A-6996-46AC-9CEF-E4DD2B35F927}.Test|x86.ActiveCfg = Debug|Any CPU
		{C255EB9A-6996-46AC-9CEF-E4DD2B35F927}.Test|x86.Build.0 = Debug|Any CPU
		{4260AFE6-94D0-4552-A0C3-E36FDC8E1617}.Debug|Any CPU.ActiveCfg = Debug|Any CPU
		{4260AFE6-94D0-4552-A0C3-E36FDC8E1617}.Debug|Any CPU.Build.0 = Debug|Any CPU
		{4260AFE6-94D0-4552-A0C3-E36FDC8E1617}.Debug|ARM.ActiveCfg = Debug|Any CPU
		{4260AFE6-94D0-4552-A0C3-E36FDC8E1617}.Debug|ARM.Build.0 = Debug|Any CPU
		{4260AFE6-94D0-4552-A0C3-E36FDC8E1617}.Debug|ARM64.ActiveCfg = Debug|Any CPU
		{4260AFE6-94D0-4552-A0C3-E36FDC8E1617}.Debug|ARM64.Build.0 = Debug|Any CPU
		{4260AFE6-94D0-4552-A0C3-E36FDC8E1617}.Debug|iPhone.ActiveCfg = Debug|Any CPU
		{4260AFE6-94D0-4552-A0C3-E36FDC8E1617}.Debug|iPhone.Build.0 = Debug|Any CPU
		{4260AFE6-94D0-4552-A0C3-E36FDC8E1617}.Debug|iPhoneSimulator.ActiveCfg = Debug|Any CPU
		{4260AFE6-94D0-4552-A0C3-E36FDC8E1617}.Debug|iPhoneSimulator.Build.0 = Debug|Any CPU
		{4260AFE6-94D0-4552-A0C3-E36FDC8E1617}.Debug|x64.ActiveCfg = Debug|Any CPU
		{4260AFE6-94D0-4552-A0C3-E36FDC8E1617}.Debug|x64.Build.0 = Debug|Any CPU
		{4260AFE6-94D0-4552-A0C3-E36FDC8E1617}.Debug|x86.ActiveCfg = Debug|Any CPU
		{4260AFE6-94D0-4552-A0C3-E36FDC8E1617}.Debug|x86.Build.0 = Debug|Any CPU
		{4260AFE6-94D0-4552-A0C3-E36FDC8E1617}.DebugNuget|Any CPU.ActiveCfg = DebugNuget|Any CPU
		{4260AFE6-94D0-4552-A0C3-E36FDC8E1617}.DebugNuget|Any CPU.Build.0 = DebugNuget|Any CPU
		{4260AFE6-94D0-4552-A0C3-E36FDC8E1617}.DebugNuget|ARM.ActiveCfg = DebugNuget|Any CPU
		{4260AFE6-94D0-4552-A0C3-E36FDC8E1617}.DebugNuget|ARM.Build.0 = DebugNuget|Any CPU
		{4260AFE6-94D0-4552-A0C3-E36FDC8E1617}.DebugNuget|ARM64.ActiveCfg = DebugNuget|Any CPU
		{4260AFE6-94D0-4552-A0C3-E36FDC8E1617}.DebugNuget|ARM64.Build.0 = DebugNuget|Any CPU
		{4260AFE6-94D0-4552-A0C3-E36FDC8E1617}.DebugNuget|iPhone.ActiveCfg = DebugNuget|Any CPU
		{4260AFE6-94D0-4552-A0C3-E36FDC8E1617}.DebugNuget|iPhone.Build.0 = DebugNuget|Any CPU
		{4260AFE6-94D0-4552-A0C3-E36FDC8E1617}.DebugNuget|iPhoneSimulator.ActiveCfg = DebugNuget|Any CPU
		{4260AFE6-94D0-4552-A0C3-E36FDC8E1617}.DebugNuget|iPhoneSimulator.Build.0 = DebugNuget|Any CPU
		{4260AFE6-94D0-4552-A0C3-E36FDC8E1617}.DebugNuget|x64.ActiveCfg = DebugNuget|Any CPU
		{4260AFE6-94D0-4552-A0C3-E36FDC8E1617}.DebugNuget|x64.Build.0 = DebugNuget|Any CPU
		{4260AFE6-94D0-4552-A0C3-E36FDC8E1617}.DebugNuget|x86.ActiveCfg = DebugNuget|Any CPU
		{4260AFE6-94D0-4552-A0C3-E36FDC8E1617}.DebugNuget|x86.Build.0 = DebugNuget|Any CPU
		{4260AFE6-94D0-4552-A0C3-E36FDC8E1617}.Release|Any CPU.ActiveCfg = Release|Any CPU
		{4260AFE6-94D0-4552-A0C3-E36FDC8E1617}.Release|Any CPU.Build.0 = Release|Any CPU
		{4260AFE6-94D0-4552-A0C3-E36FDC8E1617}.Release|ARM.ActiveCfg = Release|Any CPU
		{4260AFE6-94D0-4552-A0C3-E36FDC8E1617}.Release|ARM.Build.0 = Release|Any CPU
		{4260AFE6-94D0-4552-A0C3-E36FDC8E1617}.Release|ARM64.ActiveCfg = Release|Any CPU
		{4260AFE6-94D0-4552-A0C3-E36FDC8E1617}.Release|ARM64.Build.0 = Release|Any CPU
		{4260AFE6-94D0-4552-A0C3-E36FDC8E1617}.Release|iPhone.ActiveCfg = Release|Any CPU
		{4260AFE6-94D0-4552-A0C3-E36FDC8E1617}.Release|iPhone.Build.0 = Release|Any CPU
		{4260AFE6-94D0-4552-A0C3-E36FDC8E1617}.Release|iPhoneSimulator.ActiveCfg = Release|Any CPU
		{4260AFE6-94D0-4552-A0C3-E36FDC8E1617}.Release|iPhoneSimulator.Build.0 = Release|Any CPU
		{4260AFE6-94D0-4552-A0C3-E36FDC8E1617}.Release|x64.ActiveCfg = Release|Any CPU
		{4260AFE6-94D0-4552-A0C3-E36FDC8E1617}.Release|x64.Build.0 = Release|Any CPU
		{4260AFE6-94D0-4552-A0C3-E36FDC8E1617}.Release|x86.ActiveCfg = Release|Any CPU
		{4260AFE6-94D0-4552-A0C3-E36FDC8E1617}.Release|x86.Build.0 = Release|Any CPU
		{4260AFE6-94D0-4552-A0C3-E36FDC8E1617}.Test|Any CPU.ActiveCfg = Debug|Any CPU
		{4260AFE6-94D0-4552-A0C3-E36FDC8E1617}.Test|Any CPU.Build.0 = Debug|Any CPU
		{4260AFE6-94D0-4552-A0C3-E36FDC8E1617}.Test|ARM.ActiveCfg = Debug|Any CPU
		{4260AFE6-94D0-4552-A0C3-E36FDC8E1617}.Test|ARM.Build.0 = Debug|Any CPU
		{4260AFE6-94D0-4552-A0C3-E36FDC8E1617}.Test|ARM64.ActiveCfg = Debug|Any CPU
		{4260AFE6-94D0-4552-A0C3-E36FDC8E1617}.Test|ARM64.Build.0 = Debug|Any CPU
		{4260AFE6-94D0-4552-A0C3-E36FDC8E1617}.Test|iPhone.ActiveCfg = Debug|Any CPU
		{4260AFE6-94D0-4552-A0C3-E36FDC8E1617}.Test|iPhone.Build.0 = Debug|Any CPU
		{4260AFE6-94D0-4552-A0C3-E36FDC8E1617}.Test|iPhoneSimulator.ActiveCfg = Debug|Any CPU
		{4260AFE6-94D0-4552-A0C3-E36FDC8E1617}.Test|iPhoneSimulator.Build.0 = Debug|Any CPU
		{4260AFE6-94D0-4552-A0C3-E36FDC8E1617}.Test|x64.ActiveCfg = Debug|Any CPU
		{4260AFE6-94D0-4552-A0C3-E36FDC8E1617}.Test|x64.Build.0 = Debug|Any CPU
		{4260AFE6-94D0-4552-A0C3-E36FDC8E1617}.Test|x86.ActiveCfg = Debug|Any CPU
		{4260AFE6-94D0-4552-A0C3-E36FDC8E1617}.Test|x86.Build.0 = Debug|Any CPU
		{26E771A1-6384-4252-8DEE-F2D8FD46F85A}.Debug|Any CPU.ActiveCfg = Debug|Any CPU
		{26E771A1-6384-4252-8DEE-F2D8FD46F85A}.Debug|Any CPU.Build.0 = Debug|Any CPU
		{26E771A1-6384-4252-8DEE-F2D8FD46F85A}.Debug|ARM.ActiveCfg = Debug|Any CPU
		{26E771A1-6384-4252-8DEE-F2D8FD46F85A}.Debug|ARM.Build.0 = Debug|Any CPU
		{26E771A1-6384-4252-8DEE-F2D8FD46F85A}.Debug|ARM64.ActiveCfg = Debug|Any CPU
		{26E771A1-6384-4252-8DEE-F2D8FD46F85A}.Debug|ARM64.Build.0 = Debug|Any CPU
		{26E771A1-6384-4252-8DEE-F2D8FD46F85A}.Debug|iPhone.ActiveCfg = Debug|Any CPU
		{26E771A1-6384-4252-8DEE-F2D8FD46F85A}.Debug|iPhone.Build.0 = Debug|Any CPU
		{26E771A1-6384-4252-8DEE-F2D8FD46F85A}.Debug|iPhoneSimulator.ActiveCfg = Debug|Any CPU
		{26E771A1-6384-4252-8DEE-F2D8FD46F85A}.Debug|iPhoneSimulator.Build.0 = Debug|Any CPU
		{26E771A1-6384-4252-8DEE-F2D8FD46F85A}.Debug|x64.ActiveCfg = Debug|Any CPU
		{26E771A1-6384-4252-8DEE-F2D8FD46F85A}.Debug|x64.Build.0 = Debug|Any CPU
		{26E771A1-6384-4252-8DEE-F2D8FD46F85A}.Debug|x86.ActiveCfg = Debug|Any CPU
		{26E771A1-6384-4252-8DEE-F2D8FD46F85A}.Debug|x86.Build.0 = Debug|Any CPU
		{26E771A1-6384-4252-8DEE-F2D8FD46F85A}.DebugNuget|Any CPU.ActiveCfg = Debug|Any CPU
		{26E771A1-6384-4252-8DEE-F2D8FD46F85A}.DebugNuget|Any CPU.Build.0 = Debug|Any CPU
		{26E771A1-6384-4252-8DEE-F2D8FD46F85A}.DebugNuget|ARM.ActiveCfg = Debug|Any CPU
		{26E771A1-6384-4252-8DEE-F2D8FD46F85A}.DebugNuget|ARM.Build.0 = Debug|Any CPU
		{26E771A1-6384-4252-8DEE-F2D8FD46F85A}.DebugNuget|ARM64.ActiveCfg = Debug|Any CPU
		{26E771A1-6384-4252-8DEE-F2D8FD46F85A}.DebugNuget|ARM64.Build.0 = Debug|Any CPU
		{26E771A1-6384-4252-8DEE-F2D8FD46F85A}.DebugNuget|iPhone.ActiveCfg = Debug|Any CPU
		{26E771A1-6384-4252-8DEE-F2D8FD46F85A}.DebugNuget|iPhone.Build.0 = Debug|Any CPU
		{26E771A1-6384-4252-8DEE-F2D8FD46F85A}.DebugNuget|iPhoneSimulator.ActiveCfg = Debug|Any CPU
		{26E771A1-6384-4252-8DEE-F2D8FD46F85A}.DebugNuget|iPhoneSimulator.Build.0 = Debug|Any CPU
		{26E771A1-6384-4252-8DEE-F2D8FD46F85A}.DebugNuget|x64.ActiveCfg = Debug|Any CPU
		{26E771A1-6384-4252-8DEE-F2D8FD46F85A}.DebugNuget|x64.Build.0 = Debug|Any CPU
		{26E771A1-6384-4252-8DEE-F2D8FD46F85A}.DebugNuget|x86.ActiveCfg = Debug|Any CPU
		{26E771A1-6384-4252-8DEE-F2D8FD46F85A}.DebugNuget|x86.Build.0 = Debug|Any CPU
		{26E771A1-6384-4252-8DEE-F2D8FD46F85A}.Release|Any CPU.ActiveCfg = Release|Any CPU
		{26E771A1-6384-4252-8DEE-F2D8FD46F85A}.Release|Any CPU.Build.0 = Release|Any CPU
		{26E771A1-6384-4252-8DEE-F2D8FD46F85A}.Release|ARM.ActiveCfg = Release|Any CPU
		{26E771A1-6384-4252-8DEE-F2D8FD46F85A}.Release|ARM.Build.0 = Release|Any CPU
		{26E771A1-6384-4252-8DEE-F2D8FD46F85A}.Release|ARM64.ActiveCfg = Release|Any CPU
		{26E771A1-6384-4252-8DEE-F2D8FD46F85A}.Release|ARM64.Build.0 = Release|Any CPU
		{26E771A1-6384-4252-8DEE-F2D8FD46F85A}.Release|iPhone.ActiveCfg = Release|Any CPU
		{26E771A1-6384-4252-8DEE-F2D8FD46F85A}.Release|iPhone.Build.0 = Release|Any CPU
		{26E771A1-6384-4252-8DEE-F2D8FD46F85A}.Release|iPhoneSimulator.ActiveCfg = Release|Any CPU
		{26E771A1-6384-4252-8DEE-F2D8FD46F85A}.Release|iPhoneSimulator.Build.0 = Release|Any CPU
		{26E771A1-6384-4252-8DEE-F2D8FD46F85A}.Release|x64.ActiveCfg = Release|Any CPU
		{26E771A1-6384-4252-8DEE-F2D8FD46F85A}.Release|x64.Build.0 = Release|Any CPU
		{26E771A1-6384-4252-8DEE-F2D8FD46F85A}.Release|x86.ActiveCfg = Release|Any CPU
		{26E771A1-6384-4252-8DEE-F2D8FD46F85A}.Release|x86.Build.0 = Release|Any CPU
		{26E771A1-6384-4252-8DEE-F2D8FD46F85A}.Test|Any CPU.ActiveCfg = Debug|Any CPU
		{26E771A1-6384-4252-8DEE-F2D8FD46F85A}.Test|Any CPU.Build.0 = Debug|Any CPU
		{26E771A1-6384-4252-8DEE-F2D8FD46F85A}.Test|ARM.ActiveCfg = Debug|Any CPU
		{26E771A1-6384-4252-8DEE-F2D8FD46F85A}.Test|ARM.Build.0 = Debug|Any CPU
		{26E771A1-6384-4252-8DEE-F2D8FD46F85A}.Test|ARM64.ActiveCfg = Debug|Any CPU
		{26E771A1-6384-4252-8DEE-F2D8FD46F85A}.Test|ARM64.Build.0 = Debug|Any CPU
		{26E771A1-6384-4252-8DEE-F2D8FD46F85A}.Test|iPhone.ActiveCfg = Debug|Any CPU
		{26E771A1-6384-4252-8DEE-F2D8FD46F85A}.Test|iPhone.Build.0 = Debug|Any CPU
		{26E771A1-6384-4252-8DEE-F2D8FD46F85A}.Test|iPhoneSimulator.ActiveCfg = Debug|Any CPU
		{26E771A1-6384-4252-8DEE-F2D8FD46F85A}.Test|iPhoneSimulator.Build.0 = Debug|Any CPU
		{26E771A1-6384-4252-8DEE-F2D8FD46F85A}.Test|x64.ActiveCfg = Debug|Any CPU
		{26E771A1-6384-4252-8DEE-F2D8FD46F85A}.Test|x64.Build.0 = Debug|Any CPU
		{26E771A1-6384-4252-8DEE-F2D8FD46F85A}.Test|x86.ActiveCfg = Debug|Any CPU
		{26E771A1-6384-4252-8DEE-F2D8FD46F85A}.Test|x86.Build.0 = Debug|Any CPU
		{6A1DFA3D-4BB4-4C26-A2C1-0DB2A783B6AD}.Debug|Any CPU.ActiveCfg = Debug|Any CPU
		{6A1DFA3D-4BB4-4C26-A2C1-0DB2A783B6AD}.Debug|Any CPU.Build.0 = Debug|Any CPU
		{6A1DFA3D-4BB4-4C26-A2C1-0DB2A783B6AD}.Debug|ARM.ActiveCfg = Debug|Any CPU
		{6A1DFA3D-4BB4-4C26-A2C1-0DB2A783B6AD}.Debug|ARM.Build.0 = Debug|Any CPU
		{6A1DFA3D-4BB4-4C26-A2C1-0DB2A783B6AD}.Debug|ARM64.ActiveCfg = Debug|Any CPU
		{6A1DFA3D-4BB4-4C26-A2C1-0DB2A783B6AD}.Debug|ARM64.Build.0 = Debug|Any CPU
		{6A1DFA3D-4BB4-4C26-A2C1-0DB2A783B6AD}.Debug|iPhone.ActiveCfg = Debug|Any CPU
		{6A1DFA3D-4BB4-4C26-A2C1-0DB2A783B6AD}.Debug|iPhone.Build.0 = Debug|Any CPU
		{6A1DFA3D-4BB4-4C26-A2C1-0DB2A783B6AD}.Debug|iPhoneSimulator.ActiveCfg = Debug|Any CPU
		{6A1DFA3D-4BB4-4C26-A2C1-0DB2A783B6AD}.Debug|iPhoneSimulator.Build.0 = Debug|Any CPU
		{6A1DFA3D-4BB4-4C26-A2C1-0DB2A783B6AD}.Debug|x64.ActiveCfg = Debug|Any CPU
		{6A1DFA3D-4BB4-4C26-A2C1-0DB2A783B6AD}.Debug|x64.Build.0 = Debug|Any CPU
		{6A1DFA3D-4BB4-4C26-A2C1-0DB2A783B6AD}.Debug|x86.ActiveCfg = Debug|Any CPU
		{6A1DFA3D-4BB4-4C26-A2C1-0DB2A783B6AD}.Debug|x86.Build.0 = Debug|Any CPU
		{6A1DFA3D-4BB4-4C26-A2C1-0DB2A783B6AD}.DebugNuget|Any CPU.ActiveCfg = Debug|Any CPU
		{6A1DFA3D-4BB4-4C26-A2C1-0DB2A783B6AD}.DebugNuget|Any CPU.Build.0 = Debug|Any CPU
		{6A1DFA3D-4BB4-4C26-A2C1-0DB2A783B6AD}.DebugNuget|ARM.ActiveCfg = Debug|Any CPU
		{6A1DFA3D-4BB4-4C26-A2C1-0DB2A783B6AD}.DebugNuget|ARM.Build.0 = Debug|Any CPU
		{6A1DFA3D-4BB4-4C26-A2C1-0DB2A783B6AD}.DebugNuget|ARM64.ActiveCfg = Debug|Any CPU
		{6A1DFA3D-4BB4-4C26-A2C1-0DB2A783B6AD}.DebugNuget|ARM64.Build.0 = Debug|Any CPU
		{6A1DFA3D-4BB4-4C26-A2C1-0DB2A783B6AD}.DebugNuget|iPhone.ActiveCfg = Debug|Any CPU
		{6A1DFA3D-4BB4-4C26-A2C1-0DB2A783B6AD}.DebugNuget|iPhone.Build.0 = Debug|Any CPU
		{6A1DFA3D-4BB4-4C26-A2C1-0DB2A783B6AD}.DebugNuget|iPhoneSimulator.ActiveCfg = Debug|Any CPU
		{6A1DFA3D-4BB4-4C26-A2C1-0DB2A783B6AD}.DebugNuget|iPhoneSimulator.Build.0 = Debug|Any CPU
		{6A1DFA3D-4BB4-4C26-A2C1-0DB2A783B6AD}.DebugNuget|x64.ActiveCfg = Debug|Any CPU
		{6A1DFA3D-4BB4-4C26-A2C1-0DB2A783B6AD}.DebugNuget|x64.Build.0 = Debug|Any CPU
		{6A1DFA3D-4BB4-4C26-A2C1-0DB2A783B6AD}.DebugNuget|x86.ActiveCfg = Debug|Any CPU
		{6A1DFA3D-4BB4-4C26-A2C1-0DB2A783B6AD}.DebugNuget|x86.Build.0 = Debug|Any CPU
		{6A1DFA3D-4BB4-4C26-A2C1-0DB2A783B6AD}.Release|Any CPU.ActiveCfg = Release|Any CPU
		{6A1DFA3D-4BB4-4C26-A2C1-0DB2A783B6AD}.Release|Any CPU.Build.0 = Release|Any CPU
		{6A1DFA3D-4BB4-4C26-A2C1-0DB2A783B6AD}.Release|ARM.ActiveCfg = Release|Any CPU
		{6A1DFA3D-4BB4-4C26-A2C1-0DB2A783B6AD}.Release|ARM.Build.0 = Release|Any CPU
		{6A1DFA3D-4BB4-4C26-A2C1-0DB2A783B6AD}.Release|ARM64.ActiveCfg = Release|Any CPU
		{6A1DFA3D-4BB4-4C26-A2C1-0DB2A783B6AD}.Release|ARM64.Build.0 = Release|Any CPU
		{6A1DFA3D-4BB4-4C26-A2C1-0DB2A783B6AD}.Release|iPhone.ActiveCfg = Release|Any CPU
		{6A1DFA3D-4BB4-4C26-A2C1-0DB2A783B6AD}.Release|iPhone.Build.0 = Release|Any CPU
		{6A1DFA3D-4BB4-4C26-A2C1-0DB2A783B6AD}.Release|iPhoneSimulator.ActiveCfg = Release|Any CPU
		{6A1DFA3D-4BB4-4C26-A2C1-0DB2A783B6AD}.Release|iPhoneSimulator.Build.0 = Release|Any CPU
		{6A1DFA3D-4BB4-4C26-A2C1-0DB2A783B6AD}.Release|x64.ActiveCfg = Release|Any CPU
		{6A1DFA3D-4BB4-4C26-A2C1-0DB2A783B6AD}.Release|x64.Build.0 = Release|Any CPU
		{6A1DFA3D-4BB4-4C26-A2C1-0DB2A783B6AD}.Release|x86.ActiveCfg = Release|Any CPU
		{6A1DFA3D-4BB4-4C26-A2C1-0DB2A783B6AD}.Release|x86.Build.0 = Release|Any CPU
		{6A1DFA3D-4BB4-4C26-A2C1-0DB2A783B6AD}.Test|Any CPU.ActiveCfg = Debug|Any CPU
		{6A1DFA3D-4BB4-4C26-A2C1-0DB2A783B6AD}.Test|Any CPU.Build.0 = Debug|Any CPU
		{6A1DFA3D-4BB4-4C26-A2C1-0DB2A783B6AD}.Test|ARM.ActiveCfg = Debug|Any CPU
		{6A1DFA3D-4BB4-4C26-A2C1-0DB2A783B6AD}.Test|ARM.Build.0 = Debug|Any CPU
		{6A1DFA3D-4BB4-4C26-A2C1-0DB2A783B6AD}.Test|ARM64.ActiveCfg = Debug|Any CPU
		{6A1DFA3D-4BB4-4C26-A2C1-0DB2A783B6AD}.Test|ARM64.Build.0 = Debug|Any CPU
		{6A1DFA3D-4BB4-4C26-A2C1-0DB2A783B6AD}.Test|iPhone.ActiveCfg = Debug|Any CPU
		{6A1DFA3D-4BB4-4C26-A2C1-0DB2A783B6AD}.Test|iPhone.Build.0 = Debug|Any CPU
		{6A1DFA3D-4BB4-4C26-A2C1-0DB2A783B6AD}.Test|iPhoneSimulator.ActiveCfg = Debug|Any CPU
		{6A1DFA3D-4BB4-4C26-A2C1-0DB2A783B6AD}.Test|iPhoneSimulator.Build.0 = Debug|Any CPU
		{6A1DFA3D-4BB4-4C26-A2C1-0DB2A783B6AD}.Test|x64.ActiveCfg = Debug|Any CPU
		{6A1DFA3D-4BB4-4C26-A2C1-0DB2A783B6AD}.Test|x64.Build.0 = Debug|Any CPU
		{6A1DFA3D-4BB4-4C26-A2C1-0DB2A783B6AD}.Test|x86.ActiveCfg = Debug|Any CPU
		{6A1DFA3D-4BB4-4C26-A2C1-0DB2A783B6AD}.Test|x86.Build.0 = Debug|Any CPU
		{5031B360-204A-4531-BFE3-B323A0D154F1}.Debug|Any CPU.ActiveCfg = Debug|Any CPU
		{5031B360-204A-4531-BFE3-B323A0D154F1}.Debug|Any CPU.Build.0 = Debug|Any CPU
		{5031B360-204A-4531-BFE3-B323A0D154F1}.Debug|ARM.ActiveCfg = Debug|Any CPU
		{5031B360-204A-4531-BFE3-B323A0D154F1}.Debug|ARM.Build.0 = Debug|Any CPU
		{5031B360-204A-4531-BFE3-B323A0D154F1}.Debug|ARM64.ActiveCfg = Debug|Any CPU
		{5031B360-204A-4531-BFE3-B323A0D154F1}.Debug|ARM64.Build.0 = Debug|Any CPU
		{5031B360-204A-4531-BFE3-B323A0D154F1}.Debug|iPhone.ActiveCfg = Debug|Any CPU
		{5031B360-204A-4531-BFE3-B323A0D154F1}.Debug|iPhone.Build.0 = Debug|Any CPU
		{5031B360-204A-4531-BFE3-B323A0D154F1}.Debug|iPhoneSimulator.ActiveCfg = Debug|Any CPU
		{5031B360-204A-4531-BFE3-B323A0D154F1}.Debug|iPhoneSimulator.Build.0 = Debug|Any CPU
		{5031B360-204A-4531-BFE3-B323A0D154F1}.Debug|x64.ActiveCfg = Debug|Any CPU
		{5031B360-204A-4531-BFE3-B323A0D154F1}.Debug|x64.Build.0 = Debug|Any CPU
		{5031B360-204A-4531-BFE3-B323A0D154F1}.Debug|x86.ActiveCfg = Debug|Any CPU
		{5031B360-204A-4531-BFE3-B323A0D154F1}.Debug|x86.Build.0 = Debug|Any CPU
		{5031B360-204A-4531-BFE3-B323A0D154F1}.DebugNuget|Any CPU.ActiveCfg = Debug|Any CPU
		{5031B360-204A-4531-BFE3-B323A0D154F1}.DebugNuget|Any CPU.Build.0 = Debug|Any CPU
		{5031B360-204A-4531-BFE3-B323A0D154F1}.DebugNuget|ARM.ActiveCfg = Debug|Any CPU
		{5031B360-204A-4531-BFE3-B323A0D154F1}.DebugNuget|ARM.Build.0 = Debug|Any CPU
		{5031B360-204A-4531-BFE3-B323A0D154F1}.DebugNuget|ARM64.ActiveCfg = Debug|Any CPU
		{5031B360-204A-4531-BFE3-B323A0D154F1}.DebugNuget|ARM64.Build.0 = Debug|Any CPU
		{5031B360-204A-4531-BFE3-B323A0D154F1}.DebugNuget|iPhone.ActiveCfg = Debug|Any CPU
		{5031B360-204A-4531-BFE3-B323A0D154F1}.DebugNuget|iPhone.Build.0 = Debug|Any CPU
		{5031B360-204A-4531-BFE3-B323A0D154F1}.DebugNuget|iPhoneSimulator.ActiveCfg = Debug|Any CPU
		{5031B360-204A-4531-BFE3-B323A0D154F1}.DebugNuget|iPhoneSimulator.Build.0 = Debug|Any CPU
		{5031B360-204A-4531-BFE3-B323A0D154F1}.DebugNuget|x64.ActiveCfg = Debug|Any CPU
		{5031B360-204A-4531-BFE3-B323A0D154F1}.DebugNuget|x64.Build.0 = Debug|Any CPU
		{5031B360-204A-4531-BFE3-B323A0D154F1}.DebugNuget|x86.ActiveCfg = Debug|Any CPU
		{5031B360-204A-4531-BFE3-B323A0D154F1}.DebugNuget|x86.Build.0 = Debug|Any CPU
		{5031B360-204A-4531-BFE3-B323A0D154F1}.Release|Any CPU.ActiveCfg = Release|Any CPU
		{5031B360-204A-4531-BFE3-B323A0D154F1}.Release|Any CPU.Build.0 = Release|Any CPU
		{5031B360-204A-4531-BFE3-B323A0D154F1}.Release|ARM.ActiveCfg = Release|Any CPU
		{5031B360-204A-4531-BFE3-B323A0D154F1}.Release|ARM.Build.0 = Release|Any CPU
		{5031B360-204A-4531-BFE3-B323A0D154F1}.Release|ARM64.ActiveCfg = Release|Any CPU
		{5031B360-204A-4531-BFE3-B323A0D154F1}.Release|ARM64.Build.0 = Release|Any CPU
		{5031B360-204A-4531-BFE3-B323A0D154F1}.Release|iPhone.ActiveCfg = Release|Any CPU
		{5031B360-204A-4531-BFE3-B323A0D154F1}.Release|iPhone.Build.0 = Release|Any CPU
		{5031B360-204A-4531-BFE3-B323A0D154F1}.Release|iPhoneSimulator.ActiveCfg = Release|Any CPU
		{5031B360-204A-4531-BFE3-B323A0D154F1}.Release|iPhoneSimulator.Build.0 = Release|Any CPU
		{5031B360-204A-4531-BFE3-B323A0D154F1}.Release|x64.ActiveCfg = Release|Any CPU
		{5031B360-204A-4531-BFE3-B323A0D154F1}.Release|x64.Build.0 = Release|Any CPU
		{5031B360-204A-4531-BFE3-B323A0D154F1}.Release|x86.ActiveCfg = Release|Any CPU
		{5031B360-204A-4531-BFE3-B323A0D154F1}.Release|x86.Build.0 = Release|Any CPU
		{5031B360-204A-4531-BFE3-B323A0D154F1}.Test|Any CPU.ActiveCfg = Debug|Any CPU
		{5031B360-204A-4531-BFE3-B323A0D154F1}.Test|Any CPU.Build.0 = Debug|Any CPU
		{5031B360-204A-4531-BFE3-B323A0D154F1}.Test|ARM.ActiveCfg = Debug|Any CPU
		{5031B360-204A-4531-BFE3-B323A0D154F1}.Test|ARM.Build.0 = Debug|Any CPU
		{5031B360-204A-4531-BFE3-B323A0D154F1}.Test|ARM64.ActiveCfg = Debug|Any CPU
		{5031B360-204A-4531-BFE3-B323A0D154F1}.Test|ARM64.Build.0 = Debug|Any CPU
		{5031B360-204A-4531-BFE3-B323A0D154F1}.Test|iPhone.ActiveCfg = Debug|Any CPU
		{5031B360-204A-4531-BFE3-B323A0D154F1}.Test|iPhone.Build.0 = Debug|Any CPU
		{5031B360-204A-4531-BFE3-B323A0D154F1}.Test|iPhoneSimulator.ActiveCfg = Debug|Any CPU
		{5031B360-204A-4531-BFE3-B323A0D154F1}.Test|iPhoneSimulator.Build.0 = Debug|Any CPU
		{5031B360-204A-4531-BFE3-B323A0D154F1}.Test|x64.ActiveCfg = Debug|Any CPU
		{5031B360-204A-4531-BFE3-B323A0D154F1}.Test|x64.Build.0 = Debug|Any CPU
		{5031B360-204A-4531-BFE3-B323A0D154F1}.Test|x86.ActiveCfg = Debug|Any CPU
		{5031B360-204A-4531-BFE3-B323A0D154F1}.Test|x86.Build.0 = Debug|Any CPU
		{CDBF013B-2F72-4967-B8ED-30BFCB6B623F}.Debug|Any CPU.ActiveCfg = Debug|Any CPU
		{CDBF013B-2F72-4967-B8ED-30BFCB6B623F}.Debug|Any CPU.Build.0 = Debug|Any CPU
		{CDBF013B-2F72-4967-B8ED-30BFCB6B623F}.Debug|ARM.ActiveCfg = Debug|Any CPU
		{CDBF013B-2F72-4967-B8ED-30BFCB6B623F}.Debug|ARM.Build.0 = Debug|Any CPU
		{CDBF013B-2F72-4967-B8ED-30BFCB6B623F}.Debug|ARM64.ActiveCfg = Debug|Any CPU
		{CDBF013B-2F72-4967-B8ED-30BFCB6B623F}.Debug|ARM64.Build.0 = Debug|Any CPU
		{CDBF013B-2F72-4967-B8ED-30BFCB6B623F}.Debug|iPhone.ActiveCfg = Debug|Any CPU
		{CDBF013B-2F72-4967-B8ED-30BFCB6B623F}.Debug|iPhone.Build.0 = Debug|Any CPU
		{CDBF013B-2F72-4967-B8ED-30BFCB6B623F}.Debug|iPhoneSimulator.ActiveCfg = Debug|Any CPU
		{CDBF013B-2F72-4967-B8ED-30BFCB6B623F}.Debug|iPhoneSimulator.Build.0 = Debug|Any CPU
		{CDBF013B-2F72-4967-B8ED-30BFCB6B623F}.Debug|x64.ActiveCfg = Debug|Any CPU
		{CDBF013B-2F72-4967-B8ED-30BFCB6B623F}.Debug|x64.Build.0 = Debug|Any CPU
		{CDBF013B-2F72-4967-B8ED-30BFCB6B623F}.Debug|x86.ActiveCfg = Debug|Any CPU
		{CDBF013B-2F72-4967-B8ED-30BFCB6B623F}.Debug|x86.Build.0 = Debug|Any CPU
		{CDBF013B-2F72-4967-B8ED-30BFCB6B623F}.DebugNuget|Any CPU.ActiveCfg = Debug|Any CPU
		{CDBF013B-2F72-4967-B8ED-30BFCB6B623F}.DebugNuget|Any CPU.Build.0 = Debug|Any CPU
		{CDBF013B-2F72-4967-B8ED-30BFCB6B623F}.DebugNuget|ARM.ActiveCfg = Debug|Any CPU
		{CDBF013B-2F72-4967-B8ED-30BFCB6B623F}.DebugNuget|ARM.Build.0 = Debug|Any CPU
		{CDBF013B-2F72-4967-B8ED-30BFCB6B623F}.DebugNuget|ARM64.ActiveCfg = Debug|Any CPU
		{CDBF013B-2F72-4967-B8ED-30BFCB6B623F}.DebugNuget|ARM64.Build.0 = Debug|Any CPU
		{CDBF013B-2F72-4967-B8ED-30BFCB6B623F}.DebugNuget|iPhone.ActiveCfg = Debug|Any CPU
		{CDBF013B-2F72-4967-B8ED-30BFCB6B623F}.DebugNuget|iPhone.Build.0 = Debug|Any CPU
		{CDBF013B-2F72-4967-B8ED-30BFCB6B623F}.DebugNuget|iPhoneSimulator.ActiveCfg = Debug|Any CPU
		{CDBF013B-2F72-4967-B8ED-30BFCB6B623F}.DebugNuget|iPhoneSimulator.Build.0 = Debug|Any CPU
		{CDBF013B-2F72-4967-B8ED-30BFCB6B623F}.DebugNuget|x64.ActiveCfg = Debug|Any CPU
		{CDBF013B-2F72-4967-B8ED-30BFCB6B623F}.DebugNuget|x64.Build.0 = Debug|Any CPU
		{CDBF013B-2F72-4967-B8ED-30BFCB6B623F}.DebugNuget|x86.ActiveCfg = Debug|Any CPU
		{CDBF013B-2F72-4967-B8ED-30BFCB6B623F}.DebugNuget|x86.Build.0 = Debug|Any CPU
		{CDBF013B-2F72-4967-B8ED-30BFCB6B623F}.Release|Any CPU.ActiveCfg = Release|Any CPU
		{CDBF013B-2F72-4967-B8ED-30BFCB6B623F}.Release|Any CPU.Build.0 = Release|Any CPU
		{CDBF013B-2F72-4967-B8ED-30BFCB6B623F}.Release|ARM.ActiveCfg = Release|Any CPU
		{CDBF013B-2F72-4967-B8ED-30BFCB6B623F}.Release|ARM.Build.0 = Release|Any CPU
		{CDBF013B-2F72-4967-B8ED-30BFCB6B623F}.Release|ARM64.ActiveCfg = Release|Any CPU
		{CDBF013B-2F72-4967-B8ED-30BFCB6B623F}.Release|ARM64.Build.0 = Release|Any CPU
		{CDBF013B-2F72-4967-B8ED-30BFCB6B623F}.Release|iPhone.ActiveCfg = Release|Any CPU
		{CDBF013B-2F72-4967-B8ED-30BFCB6B623F}.Release|iPhone.Build.0 = Release|Any CPU
		{CDBF013B-2F72-4967-B8ED-30BFCB6B623F}.Release|iPhoneSimulator.ActiveCfg = Release|Any CPU
		{CDBF013B-2F72-4967-B8ED-30BFCB6B623F}.Release|iPhoneSimulator.Build.0 = Release|Any CPU
		{CDBF013B-2F72-4967-B8ED-30BFCB6B623F}.Release|x64.ActiveCfg = Release|Any CPU
		{CDBF013B-2F72-4967-B8ED-30BFCB6B623F}.Release|x64.Build.0 = Release|Any CPU
		{CDBF013B-2F72-4967-B8ED-30BFCB6B623F}.Release|x86.ActiveCfg = Release|Any CPU
		{CDBF013B-2F72-4967-B8ED-30BFCB6B623F}.Release|x86.Build.0 = Release|Any CPU
		{CDBF013B-2F72-4967-B8ED-30BFCB6B623F}.Test|Any CPU.ActiveCfg = Debug|Any CPU
		{CDBF013B-2F72-4967-B8ED-30BFCB6B623F}.Test|Any CPU.Build.0 = Debug|Any CPU
		{CDBF013B-2F72-4967-B8ED-30BFCB6B623F}.Test|ARM.ActiveCfg = Debug|Any CPU
		{CDBF013B-2F72-4967-B8ED-30BFCB6B623F}.Test|ARM.Build.0 = Debug|Any CPU
		{CDBF013B-2F72-4967-B8ED-30BFCB6B623F}.Test|ARM64.ActiveCfg = Debug|Any CPU
		{CDBF013B-2F72-4967-B8ED-30BFCB6B623F}.Test|ARM64.Build.0 = Debug|Any CPU
		{CDBF013B-2F72-4967-B8ED-30BFCB6B623F}.Test|iPhone.ActiveCfg = Debug|Any CPU
		{CDBF013B-2F72-4967-B8ED-30BFCB6B623F}.Test|iPhone.Build.0 = Debug|Any CPU
		{CDBF013B-2F72-4967-B8ED-30BFCB6B623F}.Test|iPhoneSimulator.ActiveCfg = Debug|Any CPU
		{CDBF013B-2F72-4967-B8ED-30BFCB6B623F}.Test|iPhoneSimulator.Build.0 = Debug|Any CPU
		{CDBF013B-2F72-4967-B8ED-30BFCB6B623F}.Test|x64.ActiveCfg = Debug|Any CPU
		{CDBF013B-2F72-4967-B8ED-30BFCB6B623F}.Test|x64.Build.0 = Debug|Any CPU
		{CDBF013B-2F72-4967-B8ED-30BFCB6B623F}.Test|x86.ActiveCfg = Debug|Any CPU
		{CDBF013B-2F72-4967-B8ED-30BFCB6B623F}.Test|x86.Build.0 = Debug|Any CPU
		{77A894A3-A6AB-455D-A5E7-9847C19AE742}.Debug|Any CPU.ActiveCfg = Debug|Any CPU
		{77A894A3-A6AB-455D-A5E7-9847C19AE742}.Debug|Any CPU.Build.0 = Debug|Any CPU
		{77A894A3-A6AB-455D-A5E7-9847C19AE742}.Debug|ARM.ActiveCfg = Debug|Any CPU
		{77A894A3-A6AB-455D-A5E7-9847C19AE742}.Debug|ARM.Build.0 = Debug|Any CPU
		{77A894A3-A6AB-455D-A5E7-9847C19AE742}.Debug|ARM64.ActiveCfg = Debug|Any CPU
		{77A894A3-A6AB-455D-A5E7-9847C19AE742}.Debug|ARM64.Build.0 = Debug|Any CPU
		{77A894A3-A6AB-455D-A5E7-9847C19AE742}.Debug|iPhone.ActiveCfg = Debug|Any CPU
		{77A894A3-A6AB-455D-A5E7-9847C19AE742}.Debug|iPhone.Build.0 = Debug|Any CPU
		{77A894A3-A6AB-455D-A5E7-9847C19AE742}.Debug|iPhoneSimulator.ActiveCfg = Debug|Any CPU
		{77A894A3-A6AB-455D-A5E7-9847C19AE742}.Debug|iPhoneSimulator.Build.0 = Debug|Any CPU
		{77A894A3-A6AB-455D-A5E7-9847C19AE742}.Debug|x64.ActiveCfg = Debug|Any CPU
		{77A894A3-A6AB-455D-A5E7-9847C19AE742}.Debug|x64.Build.0 = Debug|Any CPU
		{77A894A3-A6AB-455D-A5E7-9847C19AE742}.Debug|x86.ActiveCfg = Debug|Any CPU
		{77A894A3-A6AB-455D-A5E7-9847C19AE742}.Debug|x86.Build.0 = Debug|Any CPU
		{77A894A3-A6AB-455D-A5E7-9847C19AE742}.DebugNuget|Any CPU.ActiveCfg = Debug|Any CPU
		{77A894A3-A6AB-455D-A5E7-9847C19AE742}.DebugNuget|Any CPU.Build.0 = Debug|Any CPU
		{77A894A3-A6AB-455D-A5E7-9847C19AE742}.DebugNuget|ARM.ActiveCfg = Debug|Any CPU
		{77A894A3-A6AB-455D-A5E7-9847C19AE742}.DebugNuget|ARM.Build.0 = Debug|Any CPU
		{77A894A3-A6AB-455D-A5E7-9847C19AE742}.DebugNuget|ARM64.ActiveCfg = Debug|Any CPU
		{77A894A3-A6AB-455D-A5E7-9847C19AE742}.DebugNuget|ARM64.Build.0 = Debug|Any CPU
		{77A894A3-A6AB-455D-A5E7-9847C19AE742}.DebugNuget|iPhone.ActiveCfg = Debug|Any CPU
		{77A894A3-A6AB-455D-A5E7-9847C19AE742}.DebugNuget|iPhone.Build.0 = Debug|Any CPU
		{77A894A3-A6AB-455D-A5E7-9847C19AE742}.DebugNuget|iPhoneSimulator.ActiveCfg = Debug|Any CPU
		{77A894A3-A6AB-455D-A5E7-9847C19AE742}.DebugNuget|iPhoneSimulator.Build.0 = Debug|Any CPU
		{77A894A3-A6AB-455D-A5E7-9847C19AE742}.DebugNuget|x64.ActiveCfg = Debug|Any CPU
		{77A894A3-A6AB-455D-A5E7-9847C19AE742}.DebugNuget|x64.Build.0 = Debug|Any CPU
		{77A894A3-A6AB-455D-A5E7-9847C19AE742}.DebugNuget|x86.ActiveCfg = Debug|Any CPU
		{77A894A3-A6AB-455D-A5E7-9847C19AE742}.DebugNuget|x86.Build.0 = Debug|Any CPU
		{77A894A3-A6AB-455D-A5E7-9847C19AE742}.Release|Any CPU.ActiveCfg = Release|Any CPU
		{77A894A3-A6AB-455D-A5E7-9847C19AE742}.Release|Any CPU.Build.0 = Release|Any CPU
		{77A894A3-A6AB-455D-A5E7-9847C19AE742}.Release|ARM.ActiveCfg = Release|Any CPU
		{77A894A3-A6AB-455D-A5E7-9847C19AE742}.Release|ARM.Build.0 = Release|Any CPU
		{77A894A3-A6AB-455D-A5E7-9847C19AE742}.Release|ARM64.ActiveCfg = Release|Any CPU
		{77A894A3-A6AB-455D-A5E7-9847C19AE742}.Release|ARM64.Build.0 = Release|Any CPU
		{77A894A3-A6AB-455D-A5E7-9847C19AE742}.Release|iPhone.ActiveCfg = Release|Any CPU
		{77A894A3-A6AB-455D-A5E7-9847C19AE742}.Release|iPhone.Build.0 = Release|Any CPU
		{77A894A3-A6AB-455D-A5E7-9847C19AE742}.Release|iPhoneSimulator.ActiveCfg = Release|Any CPU
		{77A894A3-A6AB-455D-A5E7-9847C19AE742}.Release|iPhoneSimulator.Build.0 = Release|Any CPU
		{77A894A3-A6AB-455D-A5E7-9847C19AE742}.Release|x64.ActiveCfg = Release|Any CPU
		{77A894A3-A6AB-455D-A5E7-9847C19AE742}.Release|x64.Build.0 = Release|Any CPU
		{77A894A3-A6AB-455D-A5E7-9847C19AE742}.Release|x86.ActiveCfg = Release|Any CPU
		{77A894A3-A6AB-455D-A5E7-9847C19AE742}.Release|x86.Build.0 = Release|Any CPU
		{77A894A3-A6AB-455D-A5E7-9847C19AE742}.Test|Any CPU.ActiveCfg = Debug|Any CPU
		{77A894A3-A6AB-455D-A5E7-9847C19AE742}.Test|Any CPU.Build.0 = Debug|Any CPU
		{77A894A3-A6AB-455D-A5E7-9847C19AE742}.Test|ARM.ActiveCfg = Debug|Any CPU
		{77A894A3-A6AB-455D-A5E7-9847C19AE742}.Test|ARM.Build.0 = Debug|Any CPU
		{77A894A3-A6AB-455D-A5E7-9847C19AE742}.Test|ARM64.ActiveCfg = Debug|Any CPU
		{77A894A3-A6AB-455D-A5E7-9847C19AE742}.Test|ARM64.Build.0 = Debug|Any CPU
		{77A894A3-A6AB-455D-A5E7-9847C19AE742}.Test|iPhone.ActiveCfg = Debug|Any CPU
		{77A894A3-A6AB-455D-A5E7-9847C19AE742}.Test|iPhone.Build.0 = Debug|Any CPU
		{77A894A3-A6AB-455D-A5E7-9847C19AE742}.Test|iPhoneSimulator.ActiveCfg = Debug|Any CPU
		{77A894A3-A6AB-455D-A5E7-9847C19AE742}.Test|iPhoneSimulator.Build.0 = Debug|Any CPU
		{77A894A3-A6AB-455D-A5E7-9847C19AE742}.Test|x64.ActiveCfg = Debug|Any CPU
		{77A894A3-A6AB-455D-A5E7-9847C19AE742}.Test|x64.Build.0 = Debug|Any CPU
		{77A894A3-A6AB-455D-A5E7-9847C19AE742}.Test|x86.ActiveCfg = Debug|Any CPU
		{77A894A3-A6AB-455D-A5E7-9847C19AE742}.Test|x86.Build.0 = Debug|Any CPU
		{532B5872-6756-4D75-AF7D-5F7C1DCBC763}.Debug|Any CPU.ActiveCfg = Debug|Any CPU
		{532B5872-6756-4D75-AF7D-5F7C1DCBC763}.Debug|Any CPU.Build.0 = Debug|Any CPU
		{532B5872-6756-4D75-AF7D-5F7C1DCBC763}.Debug|ARM.ActiveCfg = Debug|Any CPU
		{532B5872-6756-4D75-AF7D-5F7C1DCBC763}.Debug|ARM.Build.0 = Debug|Any CPU
		{532B5872-6756-4D75-AF7D-5F7C1DCBC763}.Debug|ARM64.ActiveCfg = Debug|Any CPU
		{532B5872-6756-4D75-AF7D-5F7C1DCBC763}.Debug|ARM64.Build.0 = Debug|Any CPU
		{532B5872-6756-4D75-AF7D-5F7C1DCBC763}.Debug|iPhone.ActiveCfg = Debug|Any CPU
		{532B5872-6756-4D75-AF7D-5F7C1DCBC763}.Debug|iPhone.Build.0 = Debug|Any CPU
		{532B5872-6756-4D75-AF7D-5F7C1DCBC763}.Debug|iPhoneSimulator.ActiveCfg = Debug|Any CPU
		{532B5872-6756-4D75-AF7D-5F7C1DCBC763}.Debug|iPhoneSimulator.Build.0 = Debug|Any CPU
		{532B5872-6756-4D75-AF7D-5F7C1DCBC763}.Debug|x64.ActiveCfg = Debug|Any CPU
		{532B5872-6756-4D75-AF7D-5F7C1DCBC763}.Debug|x64.Build.0 = Debug|Any CPU
		{532B5872-6756-4D75-AF7D-5F7C1DCBC763}.Debug|x86.ActiveCfg = Debug|Any CPU
		{532B5872-6756-4D75-AF7D-5F7C1DCBC763}.Debug|x86.Build.0 = Debug|Any CPU
		{532B5872-6756-4D75-AF7D-5F7C1DCBC763}.DebugNuget|Any CPU.ActiveCfg = DebugNuget|Any CPU
		{532B5872-6756-4D75-AF7D-5F7C1DCBC763}.DebugNuget|Any CPU.Build.0 = DebugNuget|Any CPU
		{532B5872-6756-4D75-AF7D-5F7C1DCBC763}.DebugNuget|ARM.ActiveCfg = DebugNuget|Any CPU
		{532B5872-6756-4D75-AF7D-5F7C1DCBC763}.DebugNuget|ARM.Build.0 = DebugNuget|Any CPU
		{532B5872-6756-4D75-AF7D-5F7C1DCBC763}.DebugNuget|ARM64.ActiveCfg = DebugNuget|Any CPU
		{532B5872-6756-4D75-AF7D-5F7C1DCBC763}.DebugNuget|ARM64.Build.0 = DebugNuget|Any CPU
		{532B5872-6756-4D75-AF7D-5F7C1DCBC763}.DebugNuget|iPhone.ActiveCfg = DebugNuget|Any CPU
		{532B5872-6756-4D75-AF7D-5F7C1DCBC763}.DebugNuget|iPhone.Build.0 = DebugNuget|Any CPU
		{532B5872-6756-4D75-AF7D-5F7C1DCBC763}.DebugNuget|iPhoneSimulator.ActiveCfg = DebugNuget|Any CPU
		{532B5872-6756-4D75-AF7D-5F7C1DCBC763}.DebugNuget|iPhoneSimulator.Build.0 = DebugNuget|Any CPU
		{532B5872-6756-4D75-AF7D-5F7C1DCBC763}.DebugNuget|x64.ActiveCfg = DebugNuget|Any CPU
		{532B5872-6756-4D75-AF7D-5F7C1DCBC763}.DebugNuget|x64.Build.0 = DebugNuget|Any CPU
		{532B5872-6756-4D75-AF7D-5F7C1DCBC763}.DebugNuget|x86.ActiveCfg = DebugNuget|Any CPU
		{532B5872-6756-4D75-AF7D-5F7C1DCBC763}.DebugNuget|x86.Build.0 = DebugNuget|Any CPU
		{532B5872-6756-4D75-AF7D-5F7C1DCBC763}.Release|Any CPU.ActiveCfg = Release|Any CPU
		{532B5872-6756-4D75-AF7D-5F7C1DCBC763}.Release|Any CPU.Build.0 = Release|Any CPU
		{532B5872-6756-4D75-AF7D-5F7C1DCBC763}.Release|ARM.ActiveCfg = Release|Any CPU
		{532B5872-6756-4D75-AF7D-5F7C1DCBC763}.Release|ARM.Build.0 = Release|Any CPU
		{532B5872-6756-4D75-AF7D-5F7C1DCBC763}.Release|ARM64.ActiveCfg = Release|Any CPU
		{532B5872-6756-4D75-AF7D-5F7C1DCBC763}.Release|ARM64.Build.0 = Release|Any CPU
		{532B5872-6756-4D75-AF7D-5F7C1DCBC763}.Release|iPhone.ActiveCfg = Release|Any CPU
		{532B5872-6756-4D75-AF7D-5F7C1DCBC763}.Release|iPhone.Build.0 = Release|Any CPU
		{532B5872-6756-4D75-AF7D-5F7C1DCBC763}.Release|iPhoneSimulator.ActiveCfg = Release|Any CPU
		{532B5872-6756-4D75-AF7D-5F7C1DCBC763}.Release|iPhoneSimulator.Build.0 = Release|Any CPU
		{532B5872-6756-4D75-AF7D-5F7C1DCBC763}.Release|x64.ActiveCfg = Release|Any CPU
		{532B5872-6756-4D75-AF7D-5F7C1DCBC763}.Release|x64.Build.0 = Release|Any CPU
		{532B5872-6756-4D75-AF7D-5F7C1DCBC763}.Release|x86.ActiveCfg = Release|Any CPU
		{532B5872-6756-4D75-AF7D-5F7C1DCBC763}.Release|x86.Build.0 = Release|Any CPU
		{532B5872-6756-4D75-AF7D-5F7C1DCBC763}.Test|Any CPU.ActiveCfg = Debug|Any CPU
		{532B5872-6756-4D75-AF7D-5F7C1DCBC763}.Test|Any CPU.Build.0 = Debug|Any CPU
		{532B5872-6756-4D75-AF7D-5F7C1DCBC763}.Test|ARM.ActiveCfg = Debug|Any CPU
		{532B5872-6756-4D75-AF7D-5F7C1DCBC763}.Test|ARM.Build.0 = Debug|Any CPU
		{532B5872-6756-4D75-AF7D-5F7C1DCBC763}.Test|ARM64.ActiveCfg = Debug|Any CPU
		{532B5872-6756-4D75-AF7D-5F7C1DCBC763}.Test|ARM64.Build.0 = Debug|Any CPU
		{532B5872-6756-4D75-AF7D-5F7C1DCBC763}.Test|iPhone.ActiveCfg = Debug|Any CPU
		{532B5872-6756-4D75-AF7D-5F7C1DCBC763}.Test|iPhone.Build.0 = Debug|Any CPU
		{532B5872-6756-4D75-AF7D-5F7C1DCBC763}.Test|iPhoneSimulator.ActiveCfg = Debug|Any CPU
		{532B5872-6756-4D75-AF7D-5F7C1DCBC763}.Test|iPhoneSimulator.Build.0 = Debug|Any CPU
		{532B5872-6756-4D75-AF7D-5F7C1DCBC763}.Test|x64.ActiveCfg = Debug|Any CPU
		{532B5872-6756-4D75-AF7D-5F7C1DCBC763}.Test|x64.Build.0 = Debug|Any CPU
		{532B5872-6756-4D75-AF7D-5F7C1DCBC763}.Test|x86.ActiveCfg = Debug|Any CPU
		{532B5872-6756-4D75-AF7D-5F7C1DCBC763}.Test|x86.Build.0 = Debug|Any CPU
		{CB2D3818-17E4-4926-A377-92871E08CF12}.Debug|Any CPU.ActiveCfg = Debug|Any CPU
		{CB2D3818-17E4-4926-A377-92871E08CF12}.Debug|Any CPU.Build.0 = Debug|Any CPU
		{CB2D3818-17E4-4926-A377-92871E08CF12}.Debug|ARM.ActiveCfg = Debug|Any CPU
		{CB2D3818-17E4-4926-A377-92871E08CF12}.Debug|ARM.Build.0 = Debug|Any CPU
		{CB2D3818-17E4-4926-A377-92871E08CF12}.Debug|ARM64.ActiveCfg = Debug|Any CPU
		{CB2D3818-17E4-4926-A377-92871E08CF12}.Debug|ARM64.Build.0 = Debug|Any CPU
		{CB2D3818-17E4-4926-A377-92871E08CF12}.Debug|iPhone.ActiveCfg = Debug|Any CPU
		{CB2D3818-17E4-4926-A377-92871E08CF12}.Debug|iPhone.Build.0 = Debug|Any CPU
		{CB2D3818-17E4-4926-A377-92871E08CF12}.Debug|iPhoneSimulator.ActiveCfg = Debug|Any CPU
		{CB2D3818-17E4-4926-A377-92871E08CF12}.Debug|iPhoneSimulator.Build.0 = Debug|Any CPU
		{CB2D3818-17E4-4926-A377-92871E08CF12}.Debug|x64.ActiveCfg = Debug|Any CPU
		{CB2D3818-17E4-4926-A377-92871E08CF12}.Debug|x64.Build.0 = Debug|Any CPU
		{CB2D3818-17E4-4926-A377-92871E08CF12}.Debug|x86.ActiveCfg = Debug|Any CPU
		{CB2D3818-17E4-4926-A377-92871E08CF12}.Debug|x86.Build.0 = Debug|Any CPU
		{CB2D3818-17E4-4926-A377-92871E08CF12}.DebugNuget|Any CPU.ActiveCfg = Debug|Any CPU
		{CB2D3818-17E4-4926-A377-92871E08CF12}.DebugNuget|Any CPU.Build.0 = Debug|Any CPU
		{CB2D3818-17E4-4926-A377-92871E08CF12}.DebugNuget|ARM.ActiveCfg = Debug|Any CPU
		{CB2D3818-17E4-4926-A377-92871E08CF12}.DebugNuget|ARM.Build.0 = Debug|Any CPU
		{CB2D3818-17E4-4926-A377-92871E08CF12}.DebugNuget|ARM64.ActiveCfg = Debug|Any CPU
		{CB2D3818-17E4-4926-A377-92871E08CF12}.DebugNuget|ARM64.Build.0 = Debug|Any CPU
		{CB2D3818-17E4-4926-A377-92871E08CF12}.DebugNuget|iPhone.ActiveCfg = Debug|Any CPU
		{CB2D3818-17E4-4926-A377-92871E08CF12}.DebugNuget|iPhone.Build.0 = Debug|Any CPU
		{CB2D3818-17E4-4926-A377-92871E08CF12}.DebugNuget|iPhoneSimulator.ActiveCfg = Debug|Any CPU
		{CB2D3818-17E4-4926-A377-92871E08CF12}.DebugNuget|iPhoneSimulator.Build.0 = Debug|Any CPU
		{CB2D3818-17E4-4926-A377-92871E08CF12}.DebugNuget|x64.ActiveCfg = Debug|Any CPU
		{CB2D3818-17E4-4926-A377-92871E08CF12}.DebugNuget|x64.Build.0 = Debug|Any CPU
		{CB2D3818-17E4-4926-A377-92871E08CF12}.DebugNuget|x86.ActiveCfg = Debug|Any CPU
		{CB2D3818-17E4-4926-A377-92871E08CF12}.DebugNuget|x86.Build.0 = Debug|Any CPU
		{CB2D3818-17E4-4926-A377-92871E08CF12}.Release|Any CPU.ActiveCfg = Release|Any CPU
		{CB2D3818-17E4-4926-A377-92871E08CF12}.Release|Any CPU.Build.0 = Release|Any CPU
		{CB2D3818-17E4-4926-A377-92871E08CF12}.Release|ARM.ActiveCfg = Release|Any CPU
		{CB2D3818-17E4-4926-A377-92871E08CF12}.Release|ARM.Build.0 = Release|Any CPU
		{CB2D3818-17E4-4926-A377-92871E08CF12}.Release|ARM64.ActiveCfg = Release|Any CPU
		{CB2D3818-17E4-4926-A377-92871E08CF12}.Release|ARM64.Build.0 = Release|Any CPU
		{CB2D3818-17E4-4926-A377-92871E08CF12}.Release|iPhone.ActiveCfg = Release|Any CPU
		{CB2D3818-17E4-4926-A377-92871E08CF12}.Release|iPhone.Build.0 = Release|Any CPU
		{CB2D3818-17E4-4926-A377-92871E08CF12}.Release|iPhoneSimulator.ActiveCfg = Release|Any CPU
		{CB2D3818-17E4-4926-A377-92871E08CF12}.Release|iPhoneSimulator.Build.0 = Release|Any CPU
		{CB2D3818-17E4-4926-A377-92871E08CF12}.Release|x64.ActiveCfg = Release|Any CPU
		{CB2D3818-17E4-4926-A377-92871E08CF12}.Release|x64.Build.0 = Release|Any CPU
		{CB2D3818-17E4-4926-A377-92871E08CF12}.Release|x86.ActiveCfg = Release|Any CPU
		{CB2D3818-17E4-4926-A377-92871E08CF12}.Release|x86.Build.0 = Release|Any CPU
		{CB2D3818-17E4-4926-A377-92871E08CF12}.Test|Any CPU.ActiveCfg = Debug|Any CPU
		{CB2D3818-17E4-4926-A377-92871E08CF12}.Test|Any CPU.Build.0 = Debug|Any CPU
		{CB2D3818-17E4-4926-A377-92871E08CF12}.Test|ARM.ActiveCfg = Debug|Any CPU
		{CB2D3818-17E4-4926-A377-92871E08CF12}.Test|ARM.Build.0 = Debug|Any CPU
		{CB2D3818-17E4-4926-A377-92871E08CF12}.Test|ARM64.ActiveCfg = Debug|Any CPU
		{CB2D3818-17E4-4926-A377-92871E08CF12}.Test|ARM64.Build.0 = Debug|Any CPU
		{CB2D3818-17E4-4926-A377-92871E08CF12}.Test|iPhone.ActiveCfg = Debug|Any CPU
		{CB2D3818-17E4-4926-A377-92871E08CF12}.Test|iPhone.Build.0 = Debug|Any CPU
		{CB2D3818-17E4-4926-A377-92871E08CF12}.Test|iPhoneSimulator.ActiveCfg = Debug|Any CPU
		{CB2D3818-17E4-4926-A377-92871E08CF12}.Test|iPhoneSimulator.Build.0 = Debug|Any CPU
		{CB2D3818-17E4-4926-A377-92871E08CF12}.Test|x64.ActiveCfg = Debug|Any CPU
		{CB2D3818-17E4-4926-A377-92871E08CF12}.Test|x64.Build.0 = Debug|Any CPU
		{CB2D3818-17E4-4926-A377-92871E08CF12}.Test|x86.ActiveCfg = Debug|Any CPU
		{CB2D3818-17E4-4926-A377-92871E08CF12}.Test|x86.Build.0 = Debug|Any CPU
		{BD3F66A7-18FA-4ABC-87DE-8979D5213870}.Debug|Any CPU.ActiveCfg = Debug|Any CPU
		{BD3F66A7-18FA-4ABC-87DE-8979D5213870}.Debug|Any CPU.Build.0 = Debug|Any CPU
		{BD3F66A7-18FA-4ABC-87DE-8979D5213870}.Debug|ARM.ActiveCfg = Debug|Any CPU
		{BD3F66A7-18FA-4ABC-87DE-8979D5213870}.Debug|ARM.Build.0 = Debug|Any CPU
		{BD3F66A7-18FA-4ABC-87DE-8979D5213870}.Debug|ARM64.ActiveCfg = Debug|Any CPU
		{BD3F66A7-18FA-4ABC-87DE-8979D5213870}.Debug|ARM64.Build.0 = Debug|Any CPU
		{BD3F66A7-18FA-4ABC-87DE-8979D5213870}.Debug|iPhone.ActiveCfg = Debug|Any CPU
		{BD3F66A7-18FA-4ABC-87DE-8979D5213870}.Debug|iPhone.Build.0 = Debug|Any CPU
		{BD3F66A7-18FA-4ABC-87DE-8979D5213870}.Debug|iPhoneSimulator.ActiveCfg = Debug|Any CPU
		{BD3F66A7-18FA-4ABC-87DE-8979D5213870}.Debug|iPhoneSimulator.Build.0 = Debug|Any CPU
		{BD3F66A7-18FA-4ABC-87DE-8979D5213870}.Debug|x64.ActiveCfg = Debug|Any CPU
		{BD3F66A7-18FA-4ABC-87DE-8979D5213870}.Debug|x64.Build.0 = Debug|Any CPU
		{BD3F66A7-18FA-4ABC-87DE-8979D5213870}.Debug|x86.ActiveCfg = Debug|Any CPU
		{BD3F66A7-18FA-4ABC-87DE-8979D5213870}.Debug|x86.Build.0 = Debug|Any CPU
		{BD3F66A7-18FA-4ABC-87DE-8979D5213870}.DebugNuget|Any CPU.ActiveCfg = Debug|Any CPU
		{BD3F66A7-18FA-4ABC-87DE-8979D5213870}.DebugNuget|Any CPU.Build.0 = Debug|Any CPU
		{BD3F66A7-18FA-4ABC-87DE-8979D5213870}.DebugNuget|ARM.ActiveCfg = Debug|Any CPU
		{BD3F66A7-18FA-4ABC-87DE-8979D5213870}.DebugNuget|ARM.Build.0 = Debug|Any CPU
		{BD3F66A7-18FA-4ABC-87DE-8979D5213870}.DebugNuget|ARM64.ActiveCfg = Debug|Any CPU
		{BD3F66A7-18FA-4ABC-87DE-8979D5213870}.DebugNuget|ARM64.Build.0 = Debug|Any CPU
		{BD3F66A7-18FA-4ABC-87DE-8979D5213870}.DebugNuget|iPhone.ActiveCfg = Debug|Any CPU
		{BD3F66A7-18FA-4ABC-87DE-8979D5213870}.DebugNuget|iPhone.Build.0 = Debug|Any CPU
		{BD3F66A7-18FA-4ABC-87DE-8979D5213870}.DebugNuget|iPhoneSimulator.ActiveCfg = Debug|Any CPU
		{BD3F66A7-18FA-4ABC-87DE-8979D5213870}.DebugNuget|iPhoneSimulator.Build.0 = Debug|Any CPU
		{BD3F66A7-18FA-4ABC-87DE-8979D5213870}.DebugNuget|x64.ActiveCfg = Debug|Any CPU
		{BD3F66A7-18FA-4ABC-87DE-8979D5213870}.DebugNuget|x64.Build.0 = Debug|Any CPU
		{BD3F66A7-18FA-4ABC-87DE-8979D5213870}.DebugNuget|x86.ActiveCfg = Debug|Any CPU
		{BD3F66A7-18FA-4ABC-87DE-8979D5213870}.DebugNuget|x86.Build.0 = Debug|Any CPU
		{BD3F66A7-18FA-4ABC-87DE-8979D5213870}.Release|Any CPU.ActiveCfg = Release|Any CPU
		{BD3F66A7-18FA-4ABC-87DE-8979D5213870}.Release|Any CPU.Build.0 = Release|Any CPU
		{BD3F66A7-18FA-4ABC-87DE-8979D5213870}.Release|ARM.ActiveCfg = Release|Any CPU
		{BD3F66A7-18FA-4ABC-87DE-8979D5213870}.Release|ARM.Build.0 = Release|Any CPU
		{BD3F66A7-18FA-4ABC-87DE-8979D5213870}.Release|ARM64.ActiveCfg = Release|Any CPU
		{BD3F66A7-18FA-4ABC-87DE-8979D5213870}.Release|ARM64.Build.0 = Release|Any CPU
		{BD3F66A7-18FA-4ABC-87DE-8979D5213870}.Release|iPhone.ActiveCfg = Release|Any CPU
		{BD3F66A7-18FA-4ABC-87DE-8979D5213870}.Release|iPhone.Build.0 = Release|Any CPU
		{BD3F66A7-18FA-4ABC-87DE-8979D5213870}.Release|iPhoneSimulator.ActiveCfg = Release|Any CPU
		{BD3F66A7-18FA-4ABC-87DE-8979D5213870}.Release|iPhoneSimulator.Build.0 = Release|Any CPU
		{BD3F66A7-18FA-4ABC-87DE-8979D5213870}.Release|x64.ActiveCfg = Release|Any CPU
		{BD3F66A7-18FA-4ABC-87DE-8979D5213870}.Release|x64.Build.0 = Release|Any CPU
		{BD3F66A7-18FA-4ABC-87DE-8979D5213870}.Release|x86.ActiveCfg = Release|Any CPU
		{BD3F66A7-18FA-4ABC-87DE-8979D5213870}.Release|x86.Build.0 = Release|Any CPU
		{BD3F66A7-18FA-4ABC-87DE-8979D5213870}.Test|Any CPU.ActiveCfg = Test|Any CPU
		{BD3F66A7-18FA-4ABC-87DE-8979D5213870}.Test|Any CPU.Build.0 = Test|Any CPU
		{BD3F66A7-18FA-4ABC-87DE-8979D5213870}.Test|ARM.ActiveCfg = Test|Any CPU
		{BD3F66A7-18FA-4ABC-87DE-8979D5213870}.Test|ARM.Build.0 = Test|Any CPU
		{BD3F66A7-18FA-4ABC-87DE-8979D5213870}.Test|ARM64.ActiveCfg = Test|Any CPU
		{BD3F66A7-18FA-4ABC-87DE-8979D5213870}.Test|ARM64.Build.0 = Test|Any CPU
		{BD3F66A7-18FA-4ABC-87DE-8979D5213870}.Test|iPhone.ActiveCfg = Test|Any CPU
		{BD3F66A7-18FA-4ABC-87DE-8979D5213870}.Test|iPhone.Build.0 = Test|Any CPU
		{BD3F66A7-18FA-4ABC-87DE-8979D5213870}.Test|iPhoneSimulator.ActiveCfg = Test|Any CPU
		{BD3F66A7-18FA-4ABC-87DE-8979D5213870}.Test|iPhoneSimulator.Build.0 = Test|Any CPU
		{BD3F66A7-18FA-4ABC-87DE-8979D5213870}.Test|x64.ActiveCfg = Test|Any CPU
		{BD3F66A7-18FA-4ABC-87DE-8979D5213870}.Test|x64.Build.0 = Test|Any CPU
		{BD3F66A7-18FA-4ABC-87DE-8979D5213870}.Test|x86.ActiveCfg = Test|Any CPU
		{BD3F66A7-18FA-4ABC-87DE-8979D5213870}.Test|x86.Build.0 = Test|Any CPU
		{F0894F68-E197-4DA0-AC31-9204BC278A5D}.Debug|Any CPU.ActiveCfg = Debug|Any CPU
		{F0894F68-E197-4DA0-AC31-9204BC278A5D}.Debug|Any CPU.Build.0 = Debug|Any CPU
		{F0894F68-E197-4DA0-AC31-9204BC278A5D}.Debug|ARM.ActiveCfg = Debug|Any CPU
		{F0894F68-E197-4DA0-AC31-9204BC278A5D}.Debug|ARM.Build.0 = Debug|Any CPU
		{F0894F68-E197-4DA0-AC31-9204BC278A5D}.Debug|ARM64.ActiveCfg = Debug|Any CPU
		{F0894F68-E197-4DA0-AC31-9204BC278A5D}.Debug|ARM64.Build.0 = Debug|Any CPU
		{F0894F68-E197-4DA0-AC31-9204BC278A5D}.Debug|iPhone.ActiveCfg = Debug|Any CPU
		{F0894F68-E197-4DA0-AC31-9204BC278A5D}.Debug|iPhone.Build.0 = Debug|Any CPU
		{F0894F68-E197-4DA0-AC31-9204BC278A5D}.Debug|iPhoneSimulator.ActiveCfg = Debug|Any CPU
		{F0894F68-E197-4DA0-AC31-9204BC278A5D}.Debug|iPhoneSimulator.Build.0 = Debug|Any CPU
		{F0894F68-E197-4DA0-AC31-9204BC278A5D}.Debug|x64.ActiveCfg = Debug|Any CPU
		{F0894F68-E197-4DA0-AC31-9204BC278A5D}.Debug|x64.Build.0 = Debug|Any CPU
		{F0894F68-E197-4DA0-AC31-9204BC278A5D}.Debug|x86.ActiveCfg = Debug|Any CPU
		{F0894F68-E197-4DA0-AC31-9204BC278A5D}.Debug|x86.Build.0 = Debug|Any CPU
		{F0894F68-E197-4DA0-AC31-9204BC278A5D}.DebugNuget|Any CPU.ActiveCfg = Debug|Any CPU
		{F0894F68-E197-4DA0-AC31-9204BC278A5D}.DebugNuget|Any CPU.Build.0 = Debug|Any CPU
		{F0894F68-E197-4DA0-AC31-9204BC278A5D}.DebugNuget|ARM.ActiveCfg = Debug|Any CPU
		{F0894F68-E197-4DA0-AC31-9204BC278A5D}.DebugNuget|ARM.Build.0 = Debug|Any CPU
		{F0894F68-E197-4DA0-AC31-9204BC278A5D}.DebugNuget|ARM64.ActiveCfg = Debug|Any CPU
		{F0894F68-E197-4DA0-AC31-9204BC278A5D}.DebugNuget|ARM64.Build.0 = Debug|Any CPU
		{F0894F68-E197-4DA0-AC31-9204BC278A5D}.DebugNuget|iPhone.ActiveCfg = Debug|Any CPU
		{F0894F68-E197-4DA0-AC31-9204BC278A5D}.DebugNuget|iPhone.Build.0 = Debug|Any CPU
		{F0894F68-E197-4DA0-AC31-9204BC278A5D}.DebugNuget|iPhoneSimulator.ActiveCfg = Debug|Any CPU
		{F0894F68-E197-4DA0-AC31-9204BC278A5D}.DebugNuget|iPhoneSimulator.Build.0 = Debug|Any CPU
		{F0894F68-E197-4DA0-AC31-9204BC278A5D}.DebugNuget|x64.ActiveCfg = Debug|Any CPU
		{F0894F68-E197-4DA0-AC31-9204BC278A5D}.DebugNuget|x64.Build.0 = Debug|Any CPU
		{F0894F68-E197-4DA0-AC31-9204BC278A5D}.DebugNuget|x86.ActiveCfg = Debug|Any CPU
		{F0894F68-E197-4DA0-AC31-9204BC278A5D}.DebugNuget|x86.Build.0 = Debug|Any CPU
		{F0894F68-E197-4DA0-AC31-9204BC278A5D}.Release|Any CPU.ActiveCfg = Release|Any CPU
		{F0894F68-E197-4DA0-AC31-9204BC278A5D}.Release|Any CPU.Build.0 = Release|Any CPU
		{F0894F68-E197-4DA0-AC31-9204BC278A5D}.Release|ARM.ActiveCfg = Release|Any CPU
		{F0894F68-E197-4DA0-AC31-9204BC278A5D}.Release|ARM.Build.0 = Release|Any CPU
		{F0894F68-E197-4DA0-AC31-9204BC278A5D}.Release|ARM64.ActiveCfg = Release|Any CPU
		{F0894F68-E197-4DA0-AC31-9204BC278A5D}.Release|ARM64.Build.0 = Release|Any CPU
		{F0894F68-E197-4DA0-AC31-9204BC278A5D}.Release|iPhone.ActiveCfg = Release|Any CPU
		{F0894F68-E197-4DA0-AC31-9204BC278A5D}.Release|iPhone.Build.0 = Release|Any CPU
		{F0894F68-E197-4DA0-AC31-9204BC278A5D}.Release|iPhoneSimulator.ActiveCfg = Release|Any CPU
		{F0894F68-E197-4DA0-AC31-9204BC278A5D}.Release|iPhoneSimulator.Build.0 = Release|Any CPU
		{F0894F68-E197-4DA0-AC31-9204BC278A5D}.Release|x64.ActiveCfg = Release|Any CPU
		{F0894F68-E197-4DA0-AC31-9204BC278A5D}.Release|x64.Build.0 = Release|Any CPU
		{F0894F68-E197-4DA0-AC31-9204BC278A5D}.Release|x86.ActiveCfg = Release|Any CPU
		{F0894F68-E197-4DA0-AC31-9204BC278A5D}.Release|x86.Build.0 = Release|Any CPU
		{F0894F68-E197-4DA0-AC31-9204BC278A5D}.Test|Any CPU.ActiveCfg = Debug|Any CPU
		{F0894F68-E197-4DA0-AC31-9204BC278A5D}.Test|Any CPU.Build.0 = Debug|Any CPU
		{F0894F68-E197-4DA0-AC31-9204BC278A5D}.Test|ARM.ActiveCfg = Debug|Any CPU
		{F0894F68-E197-4DA0-AC31-9204BC278A5D}.Test|ARM.Build.0 = Debug|Any CPU
		{F0894F68-E197-4DA0-AC31-9204BC278A5D}.Test|ARM64.ActiveCfg = Debug|Any CPU
		{F0894F68-E197-4DA0-AC31-9204BC278A5D}.Test|ARM64.Build.0 = Debug|Any CPU
		{F0894F68-E197-4DA0-AC31-9204BC278A5D}.Test|iPhone.ActiveCfg = Debug|Any CPU
		{F0894F68-E197-4DA0-AC31-9204BC278A5D}.Test|iPhone.Build.0 = Debug|Any CPU
		{F0894F68-E197-4DA0-AC31-9204BC278A5D}.Test|iPhoneSimulator.ActiveCfg = Debug|Any CPU
		{F0894F68-E197-4DA0-AC31-9204BC278A5D}.Test|iPhoneSimulator.Build.0 = Debug|Any CPU
		{F0894F68-E197-4DA0-AC31-9204BC278A5D}.Test|x64.ActiveCfg = Debug|Any CPU
		{F0894F68-E197-4DA0-AC31-9204BC278A5D}.Test|x64.Build.0 = Debug|Any CPU
		{F0894F68-E197-4DA0-AC31-9204BC278A5D}.Test|x86.ActiveCfg = Debug|Any CPU
		{F0894F68-E197-4DA0-AC31-9204BC278A5D}.Test|x86.Build.0 = Debug|Any CPU
	EndGlobalSection
	GlobalSection(SolutionProperties) = preSolution
		HideSolutionNode = FALSE
	EndGlobalSection
	GlobalSection(ExtensibilityGlobals) = postSolution
		SolutionGuid = {FB75ED34-07D7-40FC-90CD-DAD7A2A0B6DB}
	EndGlobalSection
EndGlobal
